<?xml version="1.0" encoding="UTF-8"?>
<CONFIG>
  <ProjectOptions>
    <Version Value="9"/>
    <PathDelim Value="\"/>
    <General>
      <Flags>
        <SaveClosedFiles Value="False"/>
      </Flags>
      <MainUnit Value="0"/>
      <UseAppBundle Value="False"/>
      <ActiveWindowIndexAtStart Value="0"/>
    </General>
    <VersionInfo>
      <MinorVersionNr Value="8"/>
      <BuildNr Value="1255"/>
      <Language Value="0809"/>
      <StringTable ProductVersion=""/>
    </VersionInfo>
    <BuildModes Count="2" Active="Release">
      <Item1 Name="Release" Default="True"/>
      <Item2 Name="Debug">
        <CompilerOptions>
          <Version Value="11"/>
          <Target>
            <Filename Value="../release/bx"/>
          </Target>
          <SearchPaths>
            <IncludeFiles Value="$(ProjOutDir)"/>
            <UnitOutputDirectory Value="../.temp"/>
          </SearchPaths>
          <Parsing>
            <SyntaxOptions>
              <SyntaxMode Value="Delphi"/>
              <CStyleOperator Value="False"/>
              <IncludeAssertionCode Value="True"/>
              <AllowLabel Value="False"/>
              <CPPInline Value="False"/>
            </SyntaxOptions>
          </Parsing>
          <CodeGeneration>
            <Checks>
              <IOChecks Value="True"/>
              <RangeChecks Value="True"/>
              <OverflowChecks Value="True"/>
              <StackChecks Value="True"/>
            </Checks>
            <Optimizations>
              <OptimizationLevel Value="0"/>
            </Optimizations>
          </CodeGeneration>
          <Linking>
            <Debugging>
              <UseValgrind Value="True"/>
            </Debugging>
          </Linking>
          <Other>
            <Verbosity>
              <ShowGenInfo Value="False"/>
            </Verbosity>
            <WriteFPCLogo Value="False"/>
            <CompilerMessages>
              <UseMsgFile Value="True"/>
            </CompilerMessages>
            <CompilerPath Value="$(CompPath)"/>
            <ExecuteAfter>
              <CompileReasons Compile="False" Build="False" Run="False"/>
            </ExecuteAfter>
          </Other>
        </CompilerOptions>
      </Item2>
    </BuildModes>
    <PublishOptions>
      <Version Value="2"/>
      <IgnoreBinaries Value="False"/>
      <IncludeFileFilter Value="*.(pas|pp|inc|lfm|lpr|lrs|lpi|lpk|sh|xml)"/>
      <ExcludeFileFilter Value="*.(bak|ppu|ppw|o|so);*~;backup"/>
    </PublishOptions>
    <RunParams>
      <local>
        <FormatVersion Value="1"/>
        <CommandLineParams Value="a -cp:ppmd a enwik8"/>
        <LaunchingApplication PathPlusParams="\usr\X11R6\bin\xterm -T 'Lazarus Run Output' -e $(LazarusDir)\tools\runwait.sh $(TargetCmdLine)"/>
        <WorkingDirectory Value="C:\Documents and Settings\Quacquero\Desktop"/>
      </local>
    </RunParams>
    <Units Count="15">
      <Unit0>
        <Filename Value="bx.lpr"/>
        <IsPartOfProject Value="True"/>
        <UnitName Value="BX"/>
        <EditorIndex Value="0"/>
        <WindowIndex Value="0"/>
        <TopLine Value="13"/>
        <CursorPos X="45" Y="2"/>
        <UsageCount Value="200"/>
        <Loaded Value="True"/>
        <DefaultSyntaxHighlighter Value="Delphi"/>
      </Unit0>
      <Unit1>
        <Filename Value="bx-src\bx_filestream.pas"/>
        <UnitName Value="bx_FileStream"/>
        <EditorIndex Value="1"/>
        <WindowIndex Value="0"/>
        <TopLine Value="269"/>
        <CursorPos X="5" Y="270"/>
        <UsageCount Value="20"/>
        <Loaded Value="True"/>
        <DefaultSyntaxHighlighter Value="Delphi"/>
      </Unit1>
      <Unit2>
        <Filename Value="bx-src\bx_common.pas"/>
        <UnitName Value="bx_Common"/>
        <EditorIndex Value="6"/>
        <WindowIndex Value="0"/>
        <TopLine Value="481"/>
        <CursorPos X="6" Y="498"/>
        <UsageCount Value="20"/>
        <Loaded Value="True"/>
        <DefaultSyntaxHighlighter Value="Delphi"/>
      </Unit2>
      <Unit3>
        <Filename Value="bx-src\bx_filescanner.pas"/>
        <IsPartOfProject Value="True"/>
        <UnitName Value="bx_FileScanner"/>
        <EditorIndex Value="8"/>
        <WindowIndex Value="0"/>
        <TopLine Value="185"/>
        <CursorPos X="49" Y="214"/>
        <UsageCount Value="44"/>
        <Loaded Value="True"/>
        <DefaultSyntaxHighlighter Value="Delphi"/>
      </Unit3>
      <Unit4>
        <Filename Value="bx-src\bx_archiver.pas"/>
        <UnitName Value="bx_Archiver"/>
        <EditorIndex Value="9"/>
        <WindowIndex Value="0"/>
        <TopLine Value="1457"/>
        <CursorPos X="33" Y="1485"/>
        <UsageCount Value="20"/>
        <Loaded Value="True"/>
        <DefaultSyntaxHighlighter Value="Delphi"/>
      </Unit4>
      <Unit5>
        <Filename Value="bx-src\bx_application.pas"/>
        <UnitName Value="bx_Application"/>
        <EditorIndex Value="13"/>
        <WindowIndex Value="0"/>
        <TopLine Value="80"/>
        <CursorPos X="35" Y="100"/>
        <UsageCount Value="20"/>
        <Loaded Value="True"/>
        <DefaultSyntaxHighlighter Value="Delphi"/>
      </Unit5>
      <Unit6>
        <Filename Value="bx-src\bx_stream.pas"/>
        <UnitName Value="bx_Stream"/>
        <IsVisibleTab Value="True"/>
        <EditorIndex Value="14"/>
        <WindowIndex Value="0"/>
        <TopLine Value="119"/>
        <CursorPos X="1" Y="136"/>
        <UsageCount Value="14"/>
        <Loaded Value="True"/>
        <DefaultSyntaxHighlighter Value="Delphi"/>
      </Unit6>
      <Unit7>
        <Filename Value="bx-src\bx_cipher.pas"/>
        <UnitName Value="bx_Cipher"/>
        <EditorIndex Value="10"/>
        <WindowIndex Value="0"/>
        <TopLine Value="33"/>
        <CursorPos X="18" Y="50"/>
        <UsageCount Value="14"/>
        <Loaded Value="True"/>
        <DefaultSyntaxHighlighter Value="Delphi"/>
      </Unit7>
      <Unit8>
        <Filename Value="bx-src\bx_coder.pas"/>
        <UnitName Value="bx_Coder"/>
        <EditorIndex Value="11"/>
        <WindowIndex Value="0"/>
        <TopLine Value="161"/>
        <CursorPos X="51" Y="202"/>
        <UsageCount Value="14"/>
        <Loaded Value="True"/>
        <DefaultSyntaxHighlighter Value="Delphi"/>
      </Unit8>
      <Unit9>
        <Filename Value="bx-src\bx_commandline.pas"/>
        <UnitName Value="bx_CommandLine"/>
        <EditorIndex Value="12"/>
        <WindowIndex Value="0"/>
        <TopLine Value="862"/>
        <CursorPos X="34" Y="878"/>
        <UsageCount Value="14"/>
        <Loaded Value="True"/>
        <DefaultSyntaxHighlighter Value="Delphi"/>
      </Unit9>
      <Unit10>
        <Filename Value="bx-src\bx_configuration.pas"/>
        <UnitName Value="bx_Configuration"/>
        <EditorIndex Value="7"/>
        <WindowIndex Value="0"/>
        <TopLine Value="1"/>
        <CursorPos X="45" Y="2"/>
        <UsageCount Value="14"/>
        <Loaded Value="True"/>
        <DefaultSyntaxHighlighter Value="Delphi"/>
      </Unit10>
      <Unit11>
        <Filename Value="bx-src\bx_hashgen.pas"/>
        <UnitName Value="bx_HashGen"/>
        <EditorIndex Value="3"/>
        <WindowIndex Value="0"/>
        <TopLine Value="73"/>
        <CursorPos X="12" Y="40"/>
        <UsageCount Value="14"/>
        <Loaded Value="True"/>
        <DefaultSyntaxHighlighter Value="Delphi"/>
      </Unit11>
      <Unit12>
        <Filename Value="bx-src\bx_liblink.pas"/>
        <UnitName Value="bx_LibLink"/>
        <EditorIndex Value="4"/>
        <WindowIndex Value="0"/>
        <TopLine Value="1"/>
        <CursorPos X="7" Y="22"/>
        <UsageCount Value="14"/>
        <Loaded Value="True"/>
        <DefaultSyntaxHighlighter Value="Delphi"/>
      </Unit12>
      <Unit13>
        <Filename Value="bx-src\bx_messages.pas"/>
        <UnitName Value="bx_Messages"/>
        <EditorIndex Value="5"/>
        <WindowIndex Value="0"/>
        <TopLine Value="1"/>
        <CursorPos X="45" Y="2"/>
        <UsageCount Value="14"/>
        <Loaded Value="True"/>
        <DefaultSyntaxHighlighter Value="Delphi"/>
      </Unit13>
      <Unit14>
        <Filename Value="bx-src\bx_compiler.inc"/>
        <EditorIndex Value="2"/>
        <WindowIndex Value="0"/>
        <TopLine Value="3"/>
        <CursorPos X="20" Y="33"/>
        <UsageCount Value="14"/>
        <Loaded Value="True"/>
        <DefaultSyntaxHighlighter Value="Delphi"/>
      </Unit14>
    </Units>
    <JumpHistory Count="29" HistoryIndex="28">
      <Position1>
        <Filename Value="bx-src\bx_archiver.pas"/>
        <Caret Line="983" Column="14" TopLine="957"/>
      </Position1>
      <Position2>
        <Filename Value="bx-src\bx_archiver.pas"/>
        <Caret Line="985" Column="8" TopLine="960"/>
      </Position2>
      <Position3>
        <Filename Value="bx-src\bx_archiver.pas"/>
        <Caret Line="986" Column="11" TopLine="960"/>
      </Position3>
      <Position4>
        <Filename Value="bx-src\bx_archiver.pas"/>
        <Caret Line="988" Column="36" TopLine="960"/>
      </Position4>
      <Position5>
        <Filename Value="bx-src\bx_archiver.pas"/>
        <Caret Line="989" Column="36" TopLine="961"/>
      </Position5>
      <Position6>
        <Filename Value="bx-src\bx_archiver.pas"/>
        <Caret Line="990" Column="31" TopLine="962"/>
      </Position6>
      <Position7>
        <Filename Value="bx-src\bx_archiver.pas"/>
        <Caret Line="1106" Column="9" TopLine="1093"/>
      </Position7>
      <Position8>
        <Filename Value="bx-src\bx_archiver.pas"/>
        <Caret Line="1185" Column="44" TopLine="1159"/>
      </Position8>
      <Position9>
        <Filename Value="bx-src\bx_archiver.pas"/>
        <Caret Line="1187" Column="35" TopLine="1159"/>
      </Position9>
      <Position10>
        <Filename Value="bx-src\bx_archiver.pas"/>
        <Caret Line="1208" Column="40" TopLine="1180"/>
      </Position10>
      <Position11>
        <Filename Value="bx-src\bx_archiver.pas"/>
        <Caret Line="1248" Column="26" TopLine="1220"/>
      </Position11>
      <Position12>
        <Filename Value="bx-src\bx_archiver.pas"/>
        <Caret Line="1270" Column="44" TopLine="1242"/>
      </Position12>
      <Position13>
        <Filename Value="bx-src\bx_archiver.pas"/>
        <Caret Line="1277" Column="44" TopLine="1249"/>
      </Position13>
      <Position14>
        <Filename Value="bx-src\bx_archiver.pas"/>
        <Caret Line="1362" Column="45" TopLine="1334"/>
      </Position14>
      <Position15>
        <Filename Value="bx-src\bx_archiver.pas"/>
        <Caret Line="1390" Column="45" TopLine="1362"/>
      </Position15>
      <Position16>
        <Filename Value="bx-src\bx_archiver.pas"/>
        <Caret Line="1403" Column="28" TopLine="1375"/>
      </Position16>
      <Position17>
        <Filename Value="bx-src\bx_archiver.pas"/>
        <Caret Line="1405" Column="36" TopLine="1377"/>
      </Position17>
      <Position18>
        <Filename Value="bx-src\bx_application.pas"/>
        <Caret Line="573" Column="56" TopLine="518"/>
      </Position18>
      <Position19>
        <Filename Value="bx-src\bx_application.pas"/>
        <Caret Line="97" Column="36" TopLine="80"/>
      </Position19>
      <Position20>
        <Filename Value="bx-src\bx_application.pas"/>
        <Caret Line="100" Column="36" TopLine="81"/>
      </Position20>
      <Position21>
        <Filename Value="bx-src\bx_application.pas"/>
        <Caret Line="590" Column="19" TopLine="573"/>
      </Position21>
      <Position22>
        <Filename Value="bx-src\bx_application.pas"/>
        <Caret Line="711" Column="24" TopLine="694"/>
      </Position22>
      <Position23>
        <Filename Value="bx-src\bx_application.pas"/>
        <Caret Line="718" Column="50" TopLine="695"/>
      </Position23>
      <Position24>
        <Filename Value="bx-src\bx_coder.pas"/>
        <Caret Line="195" Column="76" TopLine="86"/>
      </Position24>
      <Position25>
        <Filename Value="bx-src\bx_coder.pas"/>
        <Caret Line="202" Column="44" TopLine="185"/>
      </Position25>
      <Position26>
        <Filename Value="bx-src\bx_application.pas"/>
        <Caret Line="737" Column="70" TopLine="733"/>
      </Position26>
      <Position27>
        <Filename Value="bx-src\bx_stream.pas"/>
        <Caret Line="144" Column="113" TopLine="127"/>
      </Position27>
      <Position28>
        <Filename Value="bx-src\bx_filestream.pas"/>
        <Caret Line="133" Column="14" TopLine="116"/>
      </Position28>
      <Position29>
        <Filename Value="bx-src\bx_stream.pas"/>
        <Caret Line="145" Column="1" TopLine="128"/>
      </Position29>
    </JumpHistory>
  </ProjectOptions>
  <CompilerOptions>
    <Version Value="11"/>
    <Target>
      <Filename Value="../release/bx"/>
    </Target>
    <SearchPaths>
      <IncludeFiles Value="bx-src;$(ProjOutDir)"/>
      <Libraries Value="bx-src/libbx.c;C:/MinGW32/lib/"/>
      <OtherUnitFiles Value="bx-src"/>
      <UnitOutputDirectory Value="../temp"/>
    </SearchPaths>
    <Parsing>
      <SyntaxOptions>
        <SyntaxMode Value="Delphi"/>
        <CStyleOperator Value="False"/>
        <AllowLabel Value="False"/>
        <CPPInline Value="False"/>
      </SyntaxOptions>
    </Parsing>
    <CodeGeneration>
      <SmartLinkUnit Value="True"/>
      <Optimizations>
        <OptimizationLevel Value="3"/>
      </Optimizations>
    </CodeGeneration>
    <Linking>
      <Debugging>
        <GenerateDebugInfo Value="False"/>
        <UseLineInfoUnit Value="False"/>
        <StripSymbols Value="True"/>
      </Debugging>
      <LinkSmart Value="True"/>
    </Linking>
    <Other>
      <Verbosity>
        <ShowNotes Value="False"/>
        <ShowGenInfo Value="False"/>
        <ShowHintsForUnusedUnitsInMainSrc Value="True"/>
      </Verbosity>
      <CompilerMessages>
        <IgnoredMessages idx4046="True" idx5057="True" idx5062="True"/>
        <UseMsgFile Value="True"/>
      </CompilerMessages>
      <CompilerPath Value="$(CompPath)"/>
      <ExecuteAfter>
        <CompileReasons Compile="False" Build="False" Run="False"/>
      </ExecuteAfter>
    </Other>
  </CompilerOptions>
  <Debugging>
    <Watches Count="1">
      <Item1>
        <Expression Value="FDecoder"/>
      </Item1>
    </Watches>
    <Exceptions Count="2">
      <Item1>
        <Name Value="ECodetoolError"/>
      </Item1>
      <Item2>
        <Name Value="EFOpenError"/>
      </Item2>
    </Exceptions>
  </Debugging>
  <EditorMacros Count="0"/>
</CONFIG>
