<?xml version="1.0" encoding="UTF-8"?>
<CONFIG>
  <ProjectOptions>
    <Version Value="9"/>
    <General>
      <MainUnit Value="0"/>
      <Title Value="bxm"/>
      <UseAppBundle Value="False"/>
      <ResourceType Value="res"/>
      <UseXPManifest Value="True"/>
      <XPManifest>
        <DpiAware Value="True"/>
      </XPManifest>
      <ActiveWindowIndexAtStart Value="0"/>
    </General>
    <i18n>
      <EnableI18N Value="True"/>
    </i18n>
    <VersionInfo>
      <StringTable ProductVersion=""/>
    </VersionInfo>
    <BuildModes Count="1" Active="Default">
      <Item1 Name="Default" Default="True"/>
    </BuildModes>
    <PublishOptions>
      <Version Value="2"/>
    </PublishOptions>
    <RunParams>
      <local>
        <FormatVersion Value="1"/>
      </local>
    </RunParams>
    <RequiredPackages Count="4">
      <Item1>
        <PackageName Value="lclextensions_package"/>
      </Item1>
      <Item2>
        <PackageName Value="virtualtreeview_package"/>
      </Item2>
      <Item3>
        <PackageName Value="LazControls"/>
      </Item3>
      <Item4>
        <PackageName Value="LCL"/>
      </Item4>
    </RequiredPackages>
    <Units Count="75">
      <Unit0>
        <Filename Value="bxm.lpr"/>
        <IsPartOfProject Value="True"/>
        <UnitName Value="bxm"/>
        <EditorIndex Value="3"/>
        <WindowIndex Value="0"/>
        <TopLine Value="1"/>
        <CursorPos X="1" Y="22"/>
        <UsageCount Value="200"/>
        <Loaded Value="True"/>
        <DefaultSyntaxHighlighter Value="Delphi"/>
      </Unit0>
      <Unit1>
        <Filename Value="bxm_mainfrm.pas"/>
        <IsPartOfProject Value="True"/>
        <ComponentName Value="Form1"/>
        <HasResources Value="True"/>
        <ResourceBaseClass Value="Form"/>
        <UnitName Value="bxm_mainfrm"/>
        <TopLine Value="65"/>
        <CursorPos X="3" Y="100"/>
        <UsageCount Value="200"/>
      </Unit1>
      <Unit2>
        <Filename Value="test_main.pas"/>
        <UnitName Value="test_main"/>
        <WindowIndex Value="0"/>
        <TopLine Value="1"/>
        <CursorPos X="1" Y="1"/>
        <UsageCount Value="6"/>
      </Unit2>
      <Unit3>
        <Filename Value="bxm_src/bxm_aboutfrm.pas"/>
        <UnitName Value="bxm_AboutFrm"/>
        <WindowIndex Value="0"/>
        <TopLine Value="15"/>
        <CursorPos X="11" Y="35"/>
        <UsageCount Value="9"/>
      </Unit3>
      <Unit4>
        <Filename Value="../../lazarus/lcl/buttons.pp"/>
        <UnitName Value="Buttons"/>
        <WindowIndex Value="0"/>
        <TopLine Value="247"/>
        <CursorPos X="14" Y="342"/>
        <UsageCount Value="9"/>
      </Unit4>
      <Unit5>
        <Filename Value="../../lazarus/lcl/comctrls.pp"/>
        <UnitName Value="ComCtrls"/>
        <WindowIndex Value="0"/>
        <TopLine Value="1077"/>
        <CursorPos X="23" Y="1096"/>
        <UsageCount Value="8"/>
      </Unit5>
      <Unit6>
        <Filename Value="../../lazarus/lcl/include/toolbar.inc"/>
        <WindowIndex Value="0"/>
        <TopLine Value="293"/>
        <CursorPos X="3" Y="295"/>
        <UsageCount Value="7"/>
      </Unit6>
      <Unit7>
        <Filename Value="../../lazarus/lcl/controls.pp"/>
        <UnitName Value="Controls"/>
        <WindowIndex Value="0"/>
        <TopLine Value="161"/>
        <CursorPos X="25" Y="185"/>
        <UsageCount Value="2"/>
      </Unit7>
      <Unit8>
        <Filename Value="../../lazarus/lcl/include/wincontrol.inc"/>
        <WindowIndex Value="0"/>
        <TopLine Value="5973"/>
        <CursorPos X="3" Y="5978"/>
        <UsageCount Value="7"/>
      </Unit8>
      <Unit9>
        <Filename Value="../../lazarus/lcl/widgetset/wscontrols.pp"/>
        <UnitName Value="WSControls"/>
        <WindowIndex Value="0"/>
        <TopLine Value="316"/>
        <CursorPos X="1" Y="324"/>
        <UsageCount Value="7"/>
      </Unit9>
      <Unit10>
        <Filename Value="../../lazarus/lcl/include/lcl_defines.inc"/>
        <WindowIndex Value="0"/>
        <TopLine Value="1"/>
        <CursorPos X="1" Y="1"/>
        <UsageCount Value="7"/>
      </Unit10>
      <Unit11>
        <Filename Value="../lazarus/lcl/comctrls.pp"/>
        <UnitName Value="ComCtrls"/>
        <WindowIndex Value="0"/>
        <TopLine Value="1544"/>
        <CursorPos X="14" Y="1561"/>
        <UsageCount Value="4"/>
      </Unit11>
      <Unit12>
        <Filename Value="../lazarus/lcl/include/toolbar.inc"/>
        <WindowIndex Value="0"/>
        <TopLine Value="290"/>
        <CursorPos X="14" Y="300"/>
        <UsageCount Value="9"/>
      </Unit12>
      <Unit13>
        <Filename Value="../lazarus/lcl/controls.pp"/>
        <UnitName Value="Controls"/>
        <WindowIndex Value="0"/>
        <TopLine Value="2149"/>
        <CursorPos X="25" Y="2169"/>
        <UsageCount Value="9"/>
      </Unit13>
      <Unit14>
        <Filename Value="../lazarus/lcl/include/wincontrol.inc"/>
        <WindowIndex Value="0"/>
        <TopLine Value="5973"/>
        <CursorPos X="5" Y="5978"/>
        <UsageCount Value="9"/>
      </Unit14>
      <Unit15>
        <Filename Value="../lazarus/lcl/include/winapih.inc"/>
        <WindowIndex Value="0"/>
        <TopLine Value="151"/>
        <CursorPos X="10" Y="171"/>
        <UsageCount Value="8"/>
      </Unit15>
      <Unit16>
        <Filename Value="../lazarus/lcl/include/winapi.inc"/>
        <WindowIndex Value="0"/>
        <TopLine Value="1028"/>
        <CursorPos X="3" Y="1039"/>
        <UsageCount Value="7"/>
      </Unit16>
      <Unit17>
        <Filename Value="../lazarus/lcl/interfacebase.pp"/>
        <UnitName Value="InterfaceBase"/>
        <WindowIndex Value="0"/>
        <TopLine Value="213"/>
        <CursorPos X="60" Y="233"/>
        <UsageCount Value="7"/>
      </Unit17>
      <Unit18>
        <Filename Value="../lazarus/lcl/interfaces/gtk2/gtk2listviewtreemodel.pas"/>
        <UnitName Value="Gtk2ListViewTreeModel"/>
        <WindowIndex Value="0"/>
        <TopLine Value="19"/>
        <CursorPos X="1" Y="1"/>
        <UsageCount Value="7"/>
      </Unit18>
      <Unit19>
        <Filename Value="../lazarus/lcl/widgetset/wscontrols.pp"/>
        <UnitName Value="WSControls"/>
        <WindowIndex Value="0"/>
        <TopLine Value="306"/>
        <CursorPos X="49" Y="326"/>
        <UsageCount Value="9"/>
      </Unit19>
      <Unit20>
        <Filename Value="../lazarus/lcl/include/control.inc"/>
        <WindowIndex Value="0"/>
        <TopLine Value="3355"/>
        <CursorPos X="5" Y="3392"/>
        <UsageCount Value="9"/>
      </Unit20>
      <Unit21>
        <Filename Value="../lazarus/lcl/lclclasses.pp"/>
        <UnitName Value="LCLClasses"/>
        <WindowIndex Value="0"/>
        <TopLine Value="37"/>
        <CursorPos X="14" Y="57"/>
        <UsageCount Value="8"/>
      </Unit21>
      <Unit22>
        <Filename Value="../lazarus/lcl/widgetset/wslclclasses.pp"/>
        <UnitName Value="WSLCLClasses"/>
        <WindowIndex Value="0"/>
        <TopLine Value="52"/>
        <CursorPos X="3" Y="72"/>
        <UsageCount Value="8"/>
      </Unit22>
      <Unit23>
        <Filename Value="bxm-src/bxm_mainfrm.pas"/>
        <ComponentName Value="MainFrm"/>
        <HasResources Value="True"/>
        <ResourceBaseClass Value="Form"/>
        <UnitName Value="bxm_mainfrm"/>
        <IsVisibleTab Value="True"/>
        <EditorIndex Value="1"/>
        <WindowIndex Value="0"/>
        <TopLine Value="247"/>
        <CursorPos X="1" Y="272"/>
        <FoldState Value=" T3lg0831293U"/>
        <UsageCount Value="100"/>
        <Loaded Value="True"/>
        <LoadedDesigner Value="True"/>
        <DefaultSyntaxHighlighter Value="Delphi"/>
      </Unit23>
      <Unit24>
        <Filename Value="bxm-src/bxm_aboutfrm.pas"/>
        <ComponentName Value="AboutFrm"/>
        <HasResources Value="True"/>
        <ResourceBaseClass Value="Form"/>
        <UnitName Value="bxm_aboutfrm"/>
        <WindowIndex Value="0"/>
        <TopLine Value="17"/>
        <CursorPos X="16" Y="27"/>
        <UsageCount Value="70"/>
        <DefaultSyntaxHighlighter Value="Delphi"/>
      </Unit24>
      <Unit25>
        <Filename Value="bxm-src/bxm_addfrm.pas"/>
        <ComponentName Value="AddFrm"/>
        <HasResources Value="True"/>
        <ResourceBaseClass Value="Form"/>
        <UnitName Value="bxm_AddFrm"/>
        <WindowIndex Value="0"/>
        <TopLine Value="138"/>
        <CursorPos X="3" Y="138"/>
        <UsageCount Value="93"/>
        <DefaultSyntaxHighlighter Value="Delphi"/>
      </Unit25>
      <Unit26>
        <Filename Value="../../lazarus/lcl/menus.pp"/>
        <UnitName Value="Menus"/>
        <WindowIndex Value="0"/>
        <TopLine Value="378"/>
        <CursorPos X="15" Y="398"/>
        <UsageCount Value="7"/>
      </Unit26>
      <Unit27>
        <Filename Value="../../lazarus/lcl/forms.pp"/>
        <UnitName Value="Forms"/>
        <WindowIndex Value="0"/>
        <TopLine Value="686"/>
        <CursorPos X="44" Y="710"/>
        <UsageCount Value="1"/>
      </Unit27>
      <Unit28>
        <Filename Value="bxm-src/bxm_plugins.pas"/>
        <UnitName Value="bxm_plugins"/>
        <EditorIndex Value="2"/>
        <WindowIndex Value="0"/>
        <TopLine Value="190"/>
        <CursorPos X="13" Y="194"/>
        <UsageCount Value="100"/>
        <Loaded Value="True"/>
        <DefaultSyntaxHighlighter Value="Delphi"/>
      </Unit28>
      <Unit29>
        <Filename Value="bxm-src/bxm_tickfrm.pas"/>
        <ComponentName Value="TickFrm"/>
        <HasResources Value="True"/>
        <ResourceBaseClass Value="Form"/>
        <UnitName Value="bxm_TickFrm"/>
        <EditorIndex Value="0"/>
        <WindowIndex Value="0"/>
        <TopLine Value="77"/>
        <CursorPos X="1" Y="98"/>
        <UsageCount Value="95"/>
        <Loaded Value="True"/>
        <LoadedDesigner Value="True"/>
        <DefaultSyntaxHighlighter Value="Delphi"/>
      </Unit29>
      <Unit30>
        <Filename Value="/usr/share/fpcsrc/2.6.2/rtl/objpas/classes/classesh.inc"/>
        <WindowIndex Value="0"/>
        <TopLine Value="374"/>
        <CursorPos X="4" Y="398"/>
        <UsageCount Value="3"/>
      </Unit30>
      <Unit31>
        <Filename Value="/usr/share/fpcsrc/2.6.2/rtl/objpas/classes/stringl.inc"/>
        <WindowIndex Value="0"/>
        <TopLine Value="926"/>
        <CursorPos X="3" Y="932"/>
        <UsageCount Value="8"/>
      </Unit31>
      <Unit32>
        <Filename Value="bxm-src/bxm_mainfrm.lrs"/>
        <WindowIndex Value="0"/>
        <TopLine Value="1"/>
        <CursorPos X="17" Y="3"/>
        <UsageCount Value="8"/>
        <DefaultSyntaxHighlighter Value="Delphi"/>
      </Unit32>
      <Unit33>
        <Filename Value="bxm-src/bxm_renamefrm.pas"/>
        <ComponentName Value="RenameFrm"/>
        <HasResources Value="True"/>
        <ResourceBaseClass Value="Form"/>
        <UnitName Value="bxm_RenameFrm"/>
        <WindowIndex Value="0"/>
        <TopLine Value="1"/>
        <CursorPos X="22" Y="2"/>
        <UsageCount Value="87"/>
        <DefaultSyntaxHighlighter Value="Delphi"/>
      </Unit33>
      <Unit34>
        <Filename Value="/usr/share/fpcsrc/2.6.2/packages/fcl-process/src/process.pp"/>
        <UnitName Value="process"/>
        <WindowIndex Value="0"/>
        <TopLine Value="89"/>
        <CursorPos X="17" Y="113"/>
        <UsageCount Value="1"/>
      </Unit34>
      <Unit35>
        <Filename Value="bx-src/bx_filestream.pas"/>
        <UnitName Value="bx_filestream"/>
        <WindowIndex Value="0"/>
        <TopLine Value="1"/>
        <CursorPos X="1" Y="1"/>
        <UsageCount Value="31"/>
        <DefaultSyntaxHighlighter Value="Delphi"/>
      </Unit35>
      <Unit36>
        <Filename Value="/usr/share/fpcsrc/2.6.2/rtl/objpas/sysutils/filutilh.inc"/>
        <WindowIndex Value="0"/>
        <TopLine Value="32"/>
        <CursorPos X="28" Y="56"/>
        <UsageCount Value="9"/>
      </Unit36>
      <Unit37>
        <Filename Value="bx-src/bx_common.pas"/>
        <UnitName Value="bx_common"/>
        <WindowIndex Value="0"/>
        <TopLine Value="79"/>
        <CursorPos X="19" Y="116"/>
        <UsageCount Value="31"/>
        <DefaultSyntaxHighlighter Value="Delphi"/>
      </Unit37>
      <Unit38>
        <Filename Value="/usr/share/fpcsrc/2.6.2/rtl/linux/ptypes.inc"/>
        <WindowIndex Value="0"/>
        <TopLine Value="34"/>
        <CursorPos X="5" Y="57"/>
        <UsageCount Value="9"/>
      </Unit38>
      <Unit39>
        <Filename Value="bx-src/bx_hashgen.pas"/>
        <UnitName Value="bx_HashGen"/>
        <WindowIndex Value="0"/>
        <TopLine Value="31"/>
        <CursorPos X="69" Y="26"/>
        <UsageCount Value="9"/>
        <DefaultSyntaxHighlighter Value="Delphi"/>
      </Unit39>
      <Unit40>
        <Filename Value="../../lazarus/components/lazutils/fileutil.pas"/>
        <UnitName Value="FileUtil"/>
        <WindowIndex Value="0"/>
        <TopLine Value="165"/>
        <CursorPos X="14" Y="179"/>
        <UsageCount Value="9"/>
      </Unit40>
      <Unit41>
        <Filename Value="../../lazarus/components/lazutils/fileutil.inc"/>
        <WindowIndex Value="0"/>
        <TopLine Value="1071"/>
        <CursorPos X="13" Y="1076"/>
        <UsageCount Value="9"/>
      </Unit41>
      <Unit42>
        <Filename Value="bxm-src/bxm_addtreeviewmgr.pas"/>
        <UnitName Value="bxm_AddTreeViewMgr"/>
        <WindowIndex Value="0"/>
        <TopLine Value="1"/>
        <CursorPos X="1" Y="1"/>
        <UsageCount Value="2"/>
        <DefaultSyntaxHighlighter Value="Delphi"/>
      </Unit42>
      <Unit43>
        <Filename Value="bxm-src/bxm_archivelistviewmgr.pas"/>
        <UnitName Value="bxm_archivelistviewmgr"/>
        <WindowIndex Value="0"/>
        <TopLine Value="13"/>
        <CursorPos X="27" Y="30"/>
        <UsageCount Value="34"/>
        <DefaultSyntaxHighlighter Value="Delphi"/>
      </Unit43>
      <Unit44>
        <Filename Value="../branches/0.7.9.45/beegui4laz/source/packages/beegui_archivetreeview.pas"/>
        <UnitName Value="BeeGui_ArchiveTreeView"/>
        <WindowIndex Value="0"/>
        <TopLine Value="1"/>
        <CursorPos X="1" Y="1"/>
        <UsageCount Value="10"/>
        <DefaultSyntaxHighlighter Value="Delphi"/>
      </Unit44>
      <Unit45>
        <Filename Value="bxm-src/bxm_archivefolderbox.pas"/>
        <UnitName Value="bxm_ArchiveFolderBox"/>
        <WindowIndex Value="0"/>
        <TopLine Value="70"/>
        <CursorPos X="28" Y="74"/>
        <UsageCount Value="10"/>
        <DefaultSyntaxHighlighter Value="Delphi"/>
      </Unit45>
      <Unit46>
        <Filename Value="../../lazarus/lcl/graphics.pp"/>
        <UnitName Value="Graphics"/>
        <WindowIndex Value="0"/>
        <TopLine Value="1186"/>
        <CursorPos X="15" Y="1205"/>
        <UsageCount Value="10"/>
      </Unit46>
      <Unit47>
        <Filename Value="../../lazarus/lcl/grids.pas"/>
        <UnitName Value="Grids"/>
        <WindowIndex Value="0"/>
        <TopLine Value="107"/>
        <CursorPos X="22" Y="136"/>
        <UsageCount Value="3"/>
      </Unit47>
      <Unit48>
        <Filename Value="../../lazarus/lcl/imglist.pp"/>
        <UnitName Value="ImgList"/>
        <WindowIndex Value="0"/>
        <TopLine Value="162"/>
        <CursorPos X="15" Y="186"/>
        <UsageCount Value="10"/>
      </Unit48>
      <Unit49>
        <Filename Value="bxm-src/bxm_iconlist.pas"/>
        <UnitName Value="bxm_IconList"/>
        <WindowIndex Value="0"/>
        <TopLine Value="26"/>
        <CursorPos X="20" Y="26"/>
        <UsageCount Value="13"/>
        <DefaultSyntaxHighlighter Value="Delphi"/>
      </Unit49>
      <Unit50>
        <Filename Value="bx-src/bx_stream.pas"/>
        <UnitName Value="bx_stream"/>
        <WindowIndex Value="0"/>
        <TopLine Value="1"/>
        <CursorPos X="1" Y="1"/>
        <UsageCount Value="19"/>
        <DefaultSyntaxHighlighter Value="Delphi"/>
      </Unit50>
      <Unit51>
        <Filename Value="bx-src/bx_messages.pas"/>
        <UnitName Value="bx_Messages"/>
        <WindowIndex Value="0"/>
        <TopLine Value="106"/>
        <CursorPos X="1" Y="1"/>
        <UsageCount Value="1"/>
        <DefaultSyntaxHighlighter Value="Delphi"/>
      </Unit51>
      <Unit52>
        <Filename Value="bx-src/bx_cipher.pas"/>
        <UnitName Value="bx_Cipher"/>
        <WindowIndex Value="0"/>
        <TopLine Value="40"/>
        <CursorPos X="1" Y="1"/>
        <UsageCount Value="1"/>
        <DefaultSyntaxHighlighter Value="Delphi"/>
      </Unit52>
      <Unit53>
        <Filename Value="bx-src/bx_coder.pas"/>
        <UnitName Value="bx_Coder"/>
        <WindowIndex Value="0"/>
        <TopLine Value="124"/>
        <CursorPos X="1" Y="1"/>
        <UsageCount Value="1"/>
        <DefaultSyntaxHighlighter Value="Delphi"/>
      </Unit53>
      <Unit54>
        <Filename Value="bxm-src/bxm_compiler.inc"/>
        <WindowIndex Value="0"/>
        <TopLine Value="4"/>
        <CursorPos X="10" Y="40"/>
        <UsageCount Value="19"/>
        <DefaultSyntaxHighlighter Value="Delphi"/>
      </Unit54>
      <Unit55>
        <Filename Value="../lazarus/lcl/grids.pas"/>
        <UnitName Value="Grids"/>
        <WindowIndex Value="0"/>
        <TopLine Value="8530"/>
        <CursorPos X="91" Y="119"/>
        <UsageCount Value="6"/>
      </Unit55>
      <Unit56>
        <Filename Value="../lazarus/lcl/stdctrls.pp"/>
        <UnitName Value="StdCtrls"/>
        <WindowIndex Value="0"/>
        <TopLine Value="1428"/>
        <CursorPos X="14" Y="18"/>
        <UsageCount Value="3"/>
      </Unit56>
      <Unit57>
        <Filename Value="../../lazarus/lcl/include/customlistview.inc"/>
        <WindowIndex Value="0"/>
        <TopLine Value="913"/>
        <CursorPos X="3" Y="914"/>
        <UsageCount Value="2"/>
      </Unit57>
      <Unit58>
        <Filename Value="../lazarus/lcl/include/customlistview.inc"/>
        <WindowIndex Value="0"/>
        <TopLine Value="1572"/>
        <CursorPos X="29" Y="1578"/>
        <UsageCount Value="3"/>
      </Unit58>
      <Unit59>
        <Filename Value="../lazarus/lcl/lclproc.pas"/>
        <UnitName Value="LCLProc"/>
        <WindowIndex Value="0"/>
        <TopLine Value="1445"/>
        <CursorPos X="3" Y="1447"/>
        <UsageCount Value="2"/>
      </Unit59>
      <Unit60>
        <Filename Value="../../Programmi/FPC/2.6.0/source/rtl/objpas/classes/classesh.inc"/>
        <WindowIndex Value="0"/>
        <TopLine Value="202"/>
        <CursorPos X="14" Y="225"/>
        <UsageCount Value="3"/>
      </Unit60>
      <Unit61>
        <Filename Value="../../Programmi/FPC/2.6.0/source/rtl/objpas/classes/lists.inc"/>
        <WindowIndex Value="0"/>
        <TopLine Value="297"/>
        <CursorPos X="3" Y="306"/>
        <UsageCount Value="2"/>
      </Unit61>
      <Unit62>
        <Filename Value="../lazarus/lcl/include/listitems.inc"/>
        <WindowIndex Value="0"/>
        <TopLine Value="743"/>
        <CursorPos X="3" Y="745"/>
        <UsageCount Value="2"/>
      </Unit62>
      <Unit63>
        <Filename Value="bx-src/bx_dirscanner.pas"/>
        <UnitName Value="bx_dirscanner"/>
        <WindowIndex Value="0"/>
        <TopLine Value="36"/>
        <CursorPos X="14" Y="77"/>
        <UsageCount Value="2"/>
        <DefaultSyntaxHighlighter Value="Delphi"/>
      </Unit63>
      <Unit64>
        <Filename Value="bxm-src/bxm_archivetreeviewmgr.pas"/>
        <UnitName Value="bxm_archivetreeviewmgr"/>
        <WindowIndex Value="0"/>
        <TopLine Value="268"/>
        <CursorPos X="67" Y="284"/>
        <UsageCount Value="23"/>
        <DefaultSyntaxHighlighter Value="Delphi"/>
      </Unit64>
      <Unit65>
        <Filename Value="../branches/0.7.9.45/beegui4laz/source/forms/beegui_mainfrm.pas"/>
        <UnitName Value="BeeGui_MainFrm"/>
        <WindowIndex Value="0"/>
        <TopLine Value="239"/>
        <CursorPos X="1" Y="1523"/>
        <FoldState Value=" T3of2d5 pidkM244 pjRkO28[94Ak62C4]RbjQ2B6]I2jd2x[R44ke2J8[s5823G]9Zk0247]R3]ar3]9Cl627834z"/>
        <UsageCount Value="2"/>
        <DefaultSyntaxHighlighter Value="Delphi"/>
      </Unit65>
      <Unit66>
        <Filename Value="../../lazarus/components/lazcontrols/listfilteredit.pas"/>
        <UnitName Value="ListFilterEdit"/>
        <WindowIndex Value="0"/>
        <TopLine Value="245"/>
        <CursorPos X="1" Y="281"/>
        <UsageCount Value="5"/>
      </Unit66>
      <Unit67>
        <Filename Value="../../virtualtreeview/trunk/VirtualTrees.pas"/>
        <UnitName Value="VirtualTrees"/>
        <WindowIndex Value="0"/>
        <TopLine Value="866"/>
        <CursorPos X="3" Y="886"/>
        <UsageCount Value="10"/>
      </Unit67>
      <Unit68>
        <Filename Value="../../Applications/fpc/source/rtl/objpas/classes/classesh.inc"/>
        <WindowIndex Value="0"/>
        <TopLine Value="341"/>
        <CursorPos X="49" Y="362"/>
        <UsageCount Value="8"/>
      </Unit68>
      <Unit69>
        <Filename Value="../../Applications/fpc/source/rtl/objpas/classes/stringl.inc"/>
        <WindowIndex Value="0"/>
        <TopLine Value="1252"/>
        <CursorPos X="3" Y="1258"/>
        <UsageCount Value="8"/>
      </Unit69>
      <Unit70>
        <Filename Value="../../Applications/fpc/source/rtl/unix/sysunixh.inc"/>
        <WindowIndex Value="0"/>
        <TopLine Value="32"/>
        <CursorPos X="24" Y="51"/>
        <UsageCount Value="6"/>
      </Unit70>
      <Unit71>
        <Filename Value="../../lazarus/components/lazutils/masks.pas"/>
        <UnitName Value="Masks"/>
        <WindowIndex Value="0"/>
        <TopLine Value="68"/>
        <CursorPos X="10" Y="88"/>
        <UsageCount Value="7"/>
      </Unit71>
      <Unit72>
        <Filename Value="../../lazarus/lcl/include/listitems.inc"/>
        <WindowIndex Value="0"/>
        <TopLine Value="121"/>
        <CursorPos X="3" Y="33"/>
        <UsageCount Value="8"/>
      </Unit72>
      <Unit73>
        <Filename Value="../../Applications/fpc/source/rtl/inc/systemh.inc"/>
        <WindowIndex Value="0"/>
        <TopLine Value="578"/>
        <CursorPos X="10" Y="598"/>
        <UsageCount Value="9"/>
      </Unit73>
      <Unit74>
        <Filename Value="../virtualtreeview/trunk/VirtualTrees.pas"/>
        <UnitName Value="VirtualTrees"/>
        <WindowIndex Value="0"/>
        <TopLine Value="3110"/>
        <CursorPos X="14" Y="3127"/>
        <UsageCount Value="10"/>
      </Unit74>
    </Units>
    <JumpHistory Count="30" HistoryIndex="29">
      <Position1>
        <Filename Value="bxm-src/bxm_mainfrm.pas"/>
        <Caret Line="217" Column="17" TopLine="203"/>
      </Position1>
      <Position2>
        <Filename Value="bxm-src/bxm_mainfrm.pas"/>
        <Caret Line="213" Column="24" TopLine="198"/>
      </Position2>
      <Position3>
        <Filename Value="bxm-src/bxm_mainfrm.pas"/>
        <Caret Line="218" Column="6" TopLine="202"/>
      </Position3>
      <Position4>
        <Filename Value="bxm-src/bxm_mainfrm.pas"/>
        <Caret Line="399" Column="6" TopLine="342"/>
      </Position4>
      <Position5>
        <Filename Value="bxm-src/bxm_mainfrm.pas"/>
        <Caret Line="442" Column="17" TopLine="411"/>
      </Position5>
      <Position6>
        <Filename Value="bxm-src/bxm_mainfrm.pas"/>
        <Caret Line="394" Column="14" TopLine="285"/>
      </Position6>
      <Position7>
        <Filename Value="bxm-src/bxm_mainfrm.pas"/>
        <Caret Line="402" Column="34" TopLine="342"/>
      </Position7>
      <Position8>
        <Filename Value="bxm-src/bxm_mainfrm.pas"/>
        <Caret Line="418" Column="35" TopLine="406"/>
      </Position8>
      <Position9>
        <Filename Value="bxm-src/bxm_mainfrm.pas"/>
        <Caret Line="395" Column="20" TopLine="264"/>
      </Position9>
      <Position10>
        <Filename Value="bxm-src/bxm_mainfrm.pas"/>
        <Caret Line="466" Column="1" TopLine="452"/>
      </Position10>
      <Position11>
        <Filename Value="bxm-src/bxm_mainfrm.pas"/>
        <Caret Line="530" Column="5" TopLine="507"/>
      </Position11>
      <Position12>
        <Filename Value="bxm-src/bxm_mainfrm.pas"/>
        <Caret Line="593" Column="6" TopLine="566"/>
      </Position12>
      <Position13>
        <Filename Value="bxm-src/bxm_mainfrm.pas"/>
        <Caret Line="600" Column="15" TopLine="589"/>
      </Position13>
      <Position14>
        <Filename Value="bxm-src/bxm_mainfrm.pas"/>
        <Caret Line="705" Column="1" TopLine="690"/>
      </Position14>
      <Position15>
        <Filename Value="bxm-src/bxm_mainfrm.pas"/>
        <Caret Line="483" Column="1" TopLine="483"/>
      </Position15>
      <Position16>
        <Filename Value="bxm-src/bxm_mainfrm.pas"/>
        <Caret Line="473" Column="1" TopLine="321"/>
      </Position16>
      <Position17>
        <Filename Value="bxm-src/bxm_mainfrm.pas"/>
        <Caret Line="105" Column="5" TopLine="88"/>
      </Position17>
      <Position18>
        <Filename Value="bxm-src/bxm_mainfrm.pas"/>
        <Caret Line="272" Column="29" TopLine="244"/>
      </Position18>
      <Position19>
        <Filename Value="bxm-src/bxm_mainfrm.pas"/>
        <Caret Line="275" Column="3" TopLine="170"/>
      </Position19>
      <Position20>
        <Filename Value="bxm-src/bxm_mainfrm.pas"/>
        <Caret Line="270" Column="47" TopLine="257"/>
      </Position20>
      <Position21>
        <Filename Value="bxm-src/bxm_mainfrm.pas"/>
        <Caret Line="273" Column="5" TopLine="257"/>
      </Position21>
      <Position22>
        <Filename Value="bxm-src/bxm_mainfrm.pas"/>
        <Caret Line="272" Column="51" TopLine="252"/>
      </Position22>
      <Position23>
        <Filename Value="bxm-src/bxm_mainfrm.pas"/>
        <Caret Line="275" Column="1" TopLine="253"/>
      </Position23>
      <Position24>
        <Filename Value="bxm-src/bxm_mainfrm.pas"/>
        <Caret Line="289" Column="1" TopLine="256"/>
      </Position24>
      <Position25>
        <Filename Value="bxm-src/bxm_mainfrm.pas"/>
        <Caret Line="335" Column="46" TopLine="238"/>
      </Position25>
      <Position26>
        <Filename Value="bxm-src/bxm_mainfrm.pas"/>
        <Caret Line="176" Column="1" TopLine="161"/>
      </Position26>
      <Position27>
        <Filename Value="bxm-src/bxm_mainfrm.pas"/>
        <Caret Line="285" Column="44" TopLine="248"/>
      </Position27>
      <Position28>
        <Filename Value="bxm-src/bxm_mainfrm.pas"/>
        <Caret Line="414" Column="14" TopLine="406"/>
      </Position28>
      <Position29>
        <Filename Value="bxm-src/bxm_mainfrm.pas"/>
        <Caret Line="274" Column="8" TopLine="211"/>
      </Position29>
      <Position30>
        <Filename Value="bxm-src/bxm_mainfrm.pas"/>
        <Caret Line="131" Column="47" TopLine="113"/>
      </Position30>
    </JumpHistory>
  </ProjectOptions>
  <CompilerOptions>
    <Version Value="11"/>
    <Target>
      <Filename Value="../release/bxm"/>
    </Target>
    <SearchPaths>
      <IncludeFiles Value="bxm-src;$(ProjOutDir)"/>
      <OtherUnitFiles Value="bxm-src;bx-src"/>
      <UnitOutputDirectory Value="../temp"/>
    </SearchPaths>
    <Parsing>
      <SyntaxOptions>
        <SyntaxMode Value="Delphi"/>
        <CStyleOperator Value="False"/>
        <AllowLabel Value="False"/>
        <CPPInline Value="False"/>
      </SyntaxOptions>
    </Parsing>
    <CodeGeneration>
      <SmartLinkUnit Value="True"/>
      <Optimizations>
        <OptimizationLevel Value="3"/>
      </Optimizations>
    </CodeGeneration>
    <Linking>
      <Debugging>
        <GenerateDebugInfo Value="False"/>
        <UseLineInfoUnit Value="False"/>
        <StripSymbols Value="True"/>
      </Debugging>
      <LinkSmart Value="True"/>
      <Options>
        <Win32>
          <GraphicApplication Value="True"/>
        </Win32>
      </Options>
    </Linking>
    <Other>
      <CompilerMessages>
        <MsgFileName Value=""/>
      </CompilerMessages>
      <CompilerPath Value="$(CompPath)"/>
    </Other>
  </CompilerOptions>
  <Debugging>
    <Exceptions Count="4">
      <Item1>
        <Name Value="EAbort"/>
      </Item1>
      <Item2>
        <Name Value="ECodetoolError"/>
      </Item2>
      <Item3>
        <Name Value="EFOpenError"/>
      </Item3>
      <Item4>
        <Name Value="EListError"/>
      </Item4>
    </Exceptions>
  </Debugging>
  <EditorMacros Count="0"/>
</CONFIG>
