<?xml version="1.0" encoding="UTF-8"?>
<CONFIG>
  <ProjectOptions>
    <Version Value="9"/>
    <PathDelim Value="\"/>
    <General>
      <Flags>
        <SaveClosedFiles Value="False"/>
      </Flags>
      <MainUnit Value="0"/>
      <UseAppBundle Value="False"/>
      <ActiveWindowIndexAtStart Value="0"/>
    </General>
    <LazDoc Paths="bx-src"/>
    <VersionInfo>
      <MinorVersionNr Value="8"/>
      <BuildNr Value="1255"/>
      <Language Value="0809"/>
      <StringTable ProductVersion=""/>
    </VersionInfo>
    <BuildModes Count="2" Active="Release">
      <Item1 Name="Release" Default="True"/>
      <Item2 Name="Debug">
        <CompilerOptions>
          <Version Value="11"/>
          <Target>
            <Filename Value="../release/bx"/>
          </Target>
          <SearchPaths>
            <IncludeFiles Value="$(ProjOutDir)"/>
            <UnitOutputDirectory Value="../.temp"/>
          </SearchPaths>
          <Parsing>
            <SyntaxOptions>
              <SyntaxMode Value="Delphi"/>
              <CStyleOperator Value="False"/>
              <IncludeAssertionCode Value="True"/>
              <AllowLabel Value="False"/>
              <CPPInline Value="False"/>
            </SyntaxOptions>
          </Parsing>
          <CodeGeneration>
            <Checks>
              <IOChecks Value="True"/>
              <RangeChecks Value="True"/>
              <OverflowChecks Value="True"/>
              <StackChecks Value="True"/>
            </Checks>
            <Optimizations>
              <OptimizationLevel Value="0"/>
            </Optimizations>
          </CodeGeneration>
          <Linking>
            <Debugging>
              <UseValgrind Value="True"/>
            </Debugging>
          </Linking>
          <Other>
            <Verbosity>
              <ShowGenInfo Value="False"/>
            </Verbosity>
            <WriteFPCLogo Value="False"/>
            <CompilerMessages>
              <UseMsgFile Value="True"/>
            </CompilerMessages>
            <CompilerPath Value="$(CompPath)"/>
            <ExecuteAfter>
              <CompileReasons Compile="False" Build="False" Run="False"/>
            </ExecuteAfter>
          </Other>
        </CompilerOptions>
      </Item2>
    </BuildModes>
    <PublishOptions>
      <Version Value="2"/>
      <IgnoreBinaries Value="False"/>
      <IncludeFileFilter Value="*.(pas|pp|inc|lfm|lpr|lrs|lpi|lpk|sh|xml)"/>
      <ExcludeFileFilter Value="*.(bak|ppu|ppw|o|so);*~;backup"/>
    </PublishOptions>
    <RunParams>
      <local>
        <FormatVersion Value="1"/>
        <CommandLineParams Value="a -cp:ppmd a enwik8"/>
        <LaunchingApplication PathPlusParams="\usr\X11R6\bin\xterm -T 'Lazarus Run Output' -e $(LazarusDir)\tools\runwait.sh $(TargetCmdLine)"/>
        <WorkingDirectory Value="C:\Documents and Settings\Quacquero\Desktop"/>
      </local>
    </RunParams>
    <RequiredPackages Count="1">
      <Item1>
        <PackageName Value="LCL"/>
      </Item1>
    </RequiredPackages>
    <Units Count="10">
      <Unit0>
        <Filename Value="bx.lpr"/>
        <IsPartOfProject Value="True"/>
        <UnitName Value="BX"/>
        <EditorIndex Value="0"/>
        <WindowIndex Value="0"/>
        <TopLine Value="38"/>
        <CursorPos X="37" Y="36"/>
        <UsageCount Value="200"/>
        <Loaded Value="True"/>
        <DefaultSyntaxHighlighter Value="Delphi"/>
      </Unit0>
      <Unit1>
        <Filename Value="bx-src\bx_filescanner.pas"/>
        <IsPartOfProject Value="True"/>
        <UnitName Value="bx_FileScanner"/>
        <WindowIndex Value="0"/>
        <TopLine Value="18"/>
        <CursorPos X="24" Y="68"/>
        <FoldState Value=" T3ja061v"/>
        <UsageCount Value="163"/>
        <DefaultSyntaxHighlighter Value="Delphi"/>
      </Unit1>
      <Unit2>
        <Filename Value="bx-src\bx_archiver.pas"/>
        <UnitName Value="bx_archiver"/>
        <IsVisibleTab Value="True"/>
        <EditorIndex Value="5"/>
        <WindowIndex Value="0"/>
        <TopLine Value="1310"/>
        <CursorPos X="66" Y="1330"/>
        <FoldState Value=" T3q403914 piblZ037]9fjJ0O]9jIkH034]9Vk10-[940kX0U01213]eZnL0j12D]BalQ062A2\"/>
        <UsageCount Value="36"/>
        <Loaded Value="True"/>
        <DefaultSyntaxHighlighter Value="Delphi"/>
      </Unit2>
      <Unit3>
        <Filename Value="bx-src\bx_common.pas"/>
        <UnitName Value="bx_common"/>
        <EditorIndex Value="2"/>
        <WindowIndex Value="0"/>
        <TopLine Value="382"/>
        <CursorPos X="25" Y="421"/>
        <UsageCount Value="33"/>
        <Loaded Value="True"/>
        <DefaultSyntaxHighlighter Value="Delphi"/>
      </Unit3>
      <Unit4>
        <Filename Value="bx-src\bx_dirscanner.pas"/>
        <UnitName Value="bx_dirscanner"/>
        <EditorIndex Value="4"/>
        <WindowIndex Value="0"/>
        <TopLine Value="99"/>
        <CursorPos X="1" Y="123"/>
        <FoldState Value=" T3jC044 piYj50k1_"/>
        <UsageCount Value="29"/>
        <Loaded Value="True"/>
        <DefaultSyntaxHighlighter Value="Delphi"/>
      </Unit4>
      <Unit5>
        <Filename Value="bx-src\bx_coder.pas"/>
        <UnitName Value="bx_coder"/>
        <EditorIndex Value="1"/>
        <WindowIndex Value="0"/>
        <TopLine Value="26"/>
        <CursorPos X="45" Y="37"/>
        <UsageCount Value="27"/>
        <Loaded Value="True"/>
        <DefaultSyntaxHighlighter Value="Delphi"/>
      </Unit5>
      <Unit6>
        <Filename Value="bx-src\bx_application.pas"/>
        <UnitName Value="bx_application"/>
        <EditorIndex Value="3"/>
        <WindowIndex Value="0"/>
        <TopLine Value="567"/>
        <CursorPos X="1" Y="572"/>
        <UsageCount Value="26"/>
        <Loaded Value="True"/>
        <DefaultSyntaxHighlighter Value="Delphi"/>
      </Unit6>
      <Unit7>
        <Filename Value="bx-src\bx_cipher.pas"/>
        <UnitName Value="bx_cipher"/>
        <EditorIndex Value="8"/>
        <WindowIndex Value="0"/>
        <TopLine Value="32"/>
        <CursorPos X="55" Y="43"/>
        <UsageCount Value="14"/>
        <Loaded Value="True"/>
        <DefaultSyntaxHighlighter Value="Delphi"/>
      </Unit7>
      <Unit8>
        <Filename Value="bx-src\bx_messages.pas"/>
        <UnitName Value="bx_messages"/>
        <EditorIndex Value="7"/>
        <WindowIndex Value="0"/>
        <TopLine Value="52"/>
        <CursorPos X="29" Y="53"/>
        <UsageCount Value="14"/>
        <Loaded Value="True"/>
        <DefaultSyntaxHighlighter Value="Delphi"/>
      </Unit8>
      <Unit9>
        <Filename Value="..\..\..\Applications\fpc\source\rtl\unix\bunxovlh.inc"/>
        <EditorIndex Value="6"/>
        <WindowIndex Value="0"/>
        <TopLine Value="60"/>
        <CursorPos X="10" Y="99"/>
        <UsageCount Value="10"/>
        <Loaded Value="True"/>
      </Unit9>
    </Units>
    <JumpHistory Count="30" HistoryIndex="29">
      <Position1>
        <Filename Value="bx-src\bx_dirscanner.pas"/>
        <Caret Line="83" Column="13" TopLine="55"/>
      </Position1>
      <Position2>
        <Filename Value="bx-src\bx_archiver.pas"/>
        <Caret Line="2007" Column="68" TopLine="2004"/>
      </Position2>
      <Position3>
        <Filename Value="bx-src\bx_archiver.pas"/>
        <Caret Line="97" Column="25" TopLine="76"/>
      </Position3>
      <Position4>
        <Filename Value="bx-src\bx_archiver.pas"/>
        <Caret Line="529" Column="27" TopLine="457"/>
      </Position4>
      <Position5>
        <Filename Value="bx-src\bx_archiver.pas"/>
        <Caret Line="564" Column="25" TopLine="530"/>
      </Position5>
      <Position6>
        <Filename Value="bx-src\bx_archiver.pas"/>
        <Caret Line="625" Column="27" TopLine="571"/>
      </Position6>
      <Position7>
        <Filename Value="bx-src\bx_archiver.pas"/>
        <Caret Line="791" Column="215" TopLine="742"/>
      </Position7>
      <Position8>
        <Filename Value="bx-src\bx_archiver.pas"/>
        <Caret Line="830" Column="34" TopLine="796"/>
      </Position8>
      <Position9>
        <Filename Value="bx-src\bx_archiver.pas"/>
        <Caret Line="1978" Column="68" TopLine="1944"/>
      </Position9>
      <Position10>
        <Filename Value="bx-src\bx_archiver.pas"/>
        <Caret Line="544" Column="33" TopLine="497"/>
      </Position10>
      <Position11>
        <Filename Value="bx-src\bx_archiver.pas"/>
        <Caret Line="771" Column="53" TopLine="570"/>
      </Position11>
      <Position12>
        <Filename Value="bx-src\bx_archiver.pas"/>
        <Caret Line="156" Column="24" TopLine="137"/>
      </Position12>
      <Position13>
        <Filename Value="bx-src\bx_archiver.pas"/>
        <Caret Line="544" Column="33" TopLine="475"/>
      </Position13>
      <Position14>
        <Filename Value="bx-src\bx_archiver.pas"/>
        <Caret Line="769" Column="38" TopLine="636"/>
      </Position14>
      <Position15>
        <Filename Value="bx-src\bx_archiver.pas"/>
        <Caret Line="156" Column="24" TopLine="137"/>
      </Position15>
      <Position16>
        <Filename Value="bx-src\bx_archiver.pas"/>
        <Caret Line="1207" Column="28" TopLine="1182"/>
      </Position16>
      <Position17>
        <Filename Value="bx-src\bx_archiver.pas"/>
        <Caret Line="1667" Column="1" TopLine="1650"/>
      </Position17>
      <Position18>
        <Filename Value="bx-src\bx_archiver.pas"/>
        <Caret Line="584" Column="40" TopLine="473"/>
      </Position18>
      <Position19>
        <Filename Value="bx-src\bx_archiver.pas"/>
        <Caret Line="587" Column="44" TopLine="580"/>
      </Position19>
      <Position20>
        <Filename Value="bx-src\bx_archiver.pas"/>
        <Caret Line="584" Column="40" TopLine="574"/>
      </Position20>
      <Position21>
        <Filename Value="bx-src\bx_archiver.pas"/>
        <Caret Line="1970" Column="3" TopLine="1968"/>
      </Position21>
      <Position22>
        <Filename Value="bx-src\bx_archiver.pas"/>
        <Caret Line="1192" Column="32" TopLine="1159"/>
      </Position22>
      <Position23>
        <Filename Value="bx-src\bx_archiver.pas"/>
        <Caret Line="475" Column="3" TopLine="473"/>
      </Position23>
      <Position24>
        <Filename Value="bx-src\bx_archiver.pas"/>
        <Caret Line="1986" Column="38" TopLine="1959"/>
      </Position24>
      <Position25>
        <Filename Value="bx-src\bx_archiver.pas"/>
        <Caret Line="475" Column="3" TopLine="473"/>
      </Position25>
      <Position26>
        <Filename Value="bx-src\bx_archiver.pas"/>
        <Caret Line="2025" Column="1" TopLine="1969"/>
      </Position26>
      <Position27>
        <Filename Value="bx-src\bx_archiver.pas"/>
        <Caret Line="811" Column="1" TopLine="466"/>
      </Position27>
      <Position28>
        <Filename Value="bx-src\bx_archiver.pas"/>
        <Caret Line="1213" Column="57" TopLine="1184"/>
      </Position28>
      <Position29>
        <Filename Value="bx-src\bx_archiver.pas"/>
        <Caret Line="1330" Column="51" TopLine="1184"/>
      </Position29>
      <Position30>
        <Filename Value="bx-src\bx_archiver.pas"/>
        <Caret Line="1329" Column="34" TopLine="1306"/>
      </Position30>
    </JumpHistory>
  </ProjectOptions>
  <CompilerOptions>
    <Version Value="11"/>
    <Target>
      <Filename Value="../release/bx"/>
    </Target>
    <SearchPaths>
      <IncludeFiles Value="bx-src;$(ProjOutDir)"/>
      <Libraries Value="C:/TDM-GCC-32/lib"/>
      <OtherUnitFiles Value="bx-src;bx-src/libbx.pas"/>
      <UnitOutputDirectory Value="../temp"/>
    </SearchPaths>
    <Parsing>
      <SyntaxOptions>
        <SyntaxMode Value="Delphi"/>
        <CStyleOperator Value="False"/>
        <AllowLabel Value="False"/>
        <CPPInline Value="False"/>
      </SyntaxOptions>
    </Parsing>
    <CodeGeneration>
      <SmartLinkUnit Value="True"/>
      <Optimizations>
        <OptimizationLevel Value="3"/>
      </Optimizations>
    </CodeGeneration>
    <Linking>
      <Debugging>
        <GenerateDebugInfo Value="False"/>
      </Debugging>
      <LinkSmart Value="True"/>
    </Linking>
    <Other>
      <Verbosity>
        <ShowNotes Value="False"/>
        <ShowGenInfo Value="False"/>
        <ShowHintsForUnusedUnitsInMainSrc Value="True"/>
      </Verbosity>
      <WriteFPCLogo Value="False"/>
      <CompilerMessages>
        <IgnoredMessages idx4046="True" idx5057="True" idx5062="True"/>
        <UseMsgFile Value="True"/>
      </CompilerMessages>
      <CompilerPath Value="$(CompPath)"/>
      <ExecuteAfter>
        <CompileReasons Compile="False" Build="False" Run="False"/>
      </ExecuteAfter>
    </Other>
  </CompilerOptions>
  <Debugging>
    <Watches Count="1">
      <Item1>
        <Expression Value="FDecoder"/>
      </Item1>
    </Watches>
    <Exceptions Count="2">
      <Item1>
        <Name Value="ECodetoolError"/>
      </Item1>
      <Item2>
        <Name Value="EFOpenError"/>
      </Item2>
    </Exceptions>
  </Debugging>
  <EditorMacros Count="0"/>
</CONFIG>