<?xml version="1.0"?>
<CONFIG>
  <ProjectOptions>
    <PathDelim Value="/"/>
    <Version Value="6"/>
    <General>
      <Flags>
        <SaveClosedFiles Value="False"/>
      </Flags>
      <MainUnit Value="0"/>
      <IconPath Value="./"/>
      <TargetFileExt Value=".exe"/>
      <UseAppBundle Value="False"/>
      <ActiveEditorIndexAtStart Value="3"/>
    </General>
    <PublishOptions>
      <Version Value="2"/>
      <IgnoreBinaries Value="False"/>
      <IncludeFileFilter Value="*.(pas|pp|inc|lfm|lpr|lrs|lpi|lpk|sh|xml)"/>
      <ExcludeFileFilter Value="*.(bak|ppu|ppw|o|so);*~;backup"/>
    </PublishOptions>
    <RunParams>
      <local>
        <FormatVersion Value="1"/>
        <LaunchingApplication PathPlusParams="/usr/X11R6/bin/xterm -T 'Lazarus Run Output' -e $(LazarusDir)/tools/runwait.sh $(TargetCmdLine)"/>
      </local>
    </RunParams>
    <Units Count="4">
      <Unit0>
        <Filename Value="bee.dpr"/>
        <IsPartOfProject Value="True"/>
        <UnitName Value="Bee"/>
        <CursorPos X="35" Y="37"/>
        <TopLine Value="81"/>
        <EditorIndex Value="0"/>
        <UsageCount Value="162"/>
        <Loaded Value="True"/>
        <SyntaxHighlighter Value="Delphi"/>
      </Unit0>
      <Unit1>
        <Filename Value="bee_app.pas"/>
        <UnitName Value="Bee_App"/>
        <CursorPos X="23" Y="299"/>
        <TopLine Value="297"/>
        <EditorIndex Value="1"/>
        <UsageCount Value="14"/>
        <Loaded Value="True"/>
        <SyntaxHighlighter Value="Delphi"/>
      </Unit1>
      <Unit2>
        <Filename Value="bee_blowfish.pas"/>
        <UnitName Value="Bee_BlowFish"/>
        <CursorPos X="3" Y="51"/>
        <TopLine Value="30"/>
        <EditorIndex Value="2"/>
        <UsageCount Value="10"/>
        <Loaded Value="True"/>
        <SyntaxHighlighter Value="Delphi"/>
      </Unit2>
      <Unit3>
        <Filename Value="bee_files.pas"/>
        <UnitName Value="Bee_Files"/>
        <CursorPos X="30" Y="48"/>
        <TopLine Value="27"/>
        <EditorIndex Value="3"/>
        <UsageCount Value="10"/>
        <Loaded Value="True"/>
        <SyntaxHighlighter Value="Delphi"/>
      </Unit3>
    </Units>
    <JumpHistory Count="9" HistoryIndex="8">
      <Position1>
        <Filename Value="bee_app.pas"/>
        <Caret Line="1383" Column="25" TopLine="1360"/>
      </Position1>
      <Position2>
        <Filename Value="bee_app.pas"/>
        <Caret Line="37" Column="12" TopLine="26"/>
      </Position2>
      <Position3>
        <Filename Value="bee_app.pas"/>
        <Caret Line="37" Column="12" TopLine="26"/>
      </Position3>
      <Position4>
        <Filename Value="bee_app.pas"/>
        <Caret Line="1385" Column="16" TopLine="1359"/>
      </Position4>
      <Position5>
        <Filename Value="bee_app.pas"/>
        <Caret Line="1385" Column="15" TopLine="1359"/>
      </Position5>
      <Position6>
        <Filename Value="bee_app.pas"/>
        <Caret Line="37" Column="11" TopLine="1"/>
      </Position6>
      <Position7>
        <Filename Value="bee_app.pas"/>
        <Caret Line="334" Column="23" TopLine="325"/>
      </Position7>
      <Position8>
        <Filename Value="bee_blowfish.pas"/>
        <Caret Line="1" Column="1" TopLine="1"/>
      </Position8>
      <Position9>
        <Filename Value="bee_files.pas"/>
        <Caret Line="1" Column="1" TopLine="1"/>
      </Position9>
    </JumpHistory>
  </ProjectOptions>
  <CompilerOptions>
    <Version Value="8"/>
    <SearchPaths>
      <IncludeFiles Value="bee.include/"/>
      <UnitOutputDirectory Value="../distribution"/>
    </SearchPaths>
    <Parsing>
      <SyntaxOptions>
        <SyntaxMode Value="Delphi"/>
        <CStyleOperator Value="False"/>
        <AllowLabel Value="False"/>
        <CPPInline Value="False"/>
        <UseAnsiStrings Value="True"/>
      </SyntaxOptions>
    </Parsing>
    <CodeGeneration>
      <SmartLinkUnit Value="True"/>
      <Optimizations>
        <VariablesInRegisters Value="True"/>
        <UncertainOptimizations Value="True"/>
        <OptimizationLevel Value="3"/>
      </Optimizations>
    </CodeGeneration>
    <Linking>
      <LinkSmart Value="True"/>
    </Linking>
    <Other>
      <Verbosity>
        <ShowGenInfo Value="False"/>
      </Verbosity>
      <WriteFPCLogo Value="False"/>
      <CustomOptions Value="
"/>
      <CompilerPath Value="$(CompPath)"/>
      <ExecuteAfter>
        <CompileReasons Compile="False" Build="False" Run="False"/>
      </ExecuteAfter>
    </Other>
  </CompilerOptions>
  <Debugging>
    <Exceptions Count="2">
      <Item1>
        <Name Value="ECodetoolError"/>
      </Item1>
      <Item2>
        <Name Value="EFOpenError"/>
      </Item2>
    </Exceptions>
  </Debugging>
</CONFIG>
