<?xml version="1.0"?>
<CONFIG>
  <ProjectOptions>
    <Version Value="9"/>
    <PathDelim Value="\"/>
    <General>
      <Flags>
        <SaveClosedFiles Value="False"/>
      </Flags>
      <MainUnit Value="0"/>
      <UseAppBundle Value="False"/>
      <ActiveWindowIndexAtStart Value="0"/>
    </General>
    <VersionInfo>
      <MinorVersionNr Value="8"/>
      <BuildNr Value="1255"/>
      <Language Value="0809"/>
      <StringTable ProductVersion=""/>
    </VersionInfo>
    <BuildModes Count="2" Active="Release">
      <Item1 Name="Release" Default="True"/>
      <Item2 Name="Debug">
        <CompilerOptions>
          <Version Value="11"/>
          <Target>
            <Filename Value="../distribution/beex"/>
          </Target>
          <SearchPaths>
            <IncludeFiles Value="bee.include;$(ProjOutDir)"/>
            <Libraries Value="C:/MinGW32/lib/;C:/MinGW32/lib/gcc/mingw32/4.6.1/;C:/Program Files/MinGW32/lib/;C:/Program Files/MinGW32/lib/gcc/mingw32/4.6.1/"/>
            <UnitOutputDirectory Value="../temp"/>
          </SearchPaths>
          <Parsing>
            <SyntaxOptions>
              <SyntaxMode Value="Delphi"/>
              <CStyleOperator Value="False"/>
              <AllowLabel Value="False"/>
              <CPPInline Value="False"/>
            </SyntaxOptions>
          </Parsing>
          <CodeGeneration>
            <Checks>
              <IOChecks Value="True"/>
              <RangeChecks Value="True"/>
              <OverflowChecks Value="True"/>
              <StackChecks Value="True"/>
            </Checks>
            <Optimizations>
              <OptimizationLevel Value="0"/>
            </Optimizations>
          </CodeGeneration>
          <Other>
            <Verbosity>
              <ShowGenInfo Value="False"/>
            </Verbosity>
            <WriteFPCLogo Value="False"/>
            <CompilerMessages>
              <UseMsgFile Value="True"/>
            </CompilerMessages>
            <CompilerPath Value="$(CompPath)"/>
            <ExecuteAfter>
              <CompileReasons Compile="False" Build="False" Run="False"/>
            </ExecuteAfter>
          </Other>
        </CompilerOptions>
      </Item2>
    </BuildModes>
    <PublishOptions>
      <Version Value="2"/>
      <IgnoreBinaries Value="False"/>
      <IncludeFileFilter Value="*.(pas|pp|inc|lfm|lpr|lrs|lpi|lpk|sh|xml)"/>
      <ExcludeFileFilter Value="*.(bak|ppu|ppw|o|so);*~;backup"/>
    </PublishOptions>
    <RunParams>
      <local>
        <FormatVersion Value="1"/>
        <CommandLineParams Value="a -i30000 popx.bee app*"/>
        <LaunchingApplication PathPlusParams="\usr\X11R6\bin\xterm -T 'Lazarus Run Output' -e $(LazarusDir)\tools\runwait.sh $(TargetCmdLine)"/>
        <WorkingDirectory Value="C:\Documents and Settings\Quacquero\Desktop"/>
      </local>
    </RunParams>
    <Units Count="10">
      <Unit0>
        <Filename Value="bee.lpr"/>
        <IsPartOfProject Value="True"/>
        <UnitName Value="Bee"/>
        <EditorIndex Value="0"/>
        <WindowIndex Value="0"/>
        <TopLine Value="44"/>
        <CursorPos X="18" Y="93"/>
        <UsageCount Value="200"/>
        <Loaded Value="True"/>
        <DefaultSyntaxHighlighter Value="Delphi"/>
      </Unit0>
      <Unit1>
        <Filename Value="bee_app.pas"/>
        <UnitName Value="Bee_App"/>
        <EditorIndex Value="5"/>
        <WindowIndex Value="0"/>
        <TopLine Value="515"/>
        <CursorPos X="43" Y="528"/>
        <UsageCount Value="100"/>
        <Loaded Value="True"/>
        <DefaultSyntaxHighlighter Value="Delphi"/>
      </Unit1>
      <Unit2>
        <Filename Value="beesdk_archive.pas"/>
        <UnitName Value="BeeSDK_Archive"/>
        <EditorIndex Value="7"/>
        <WindowIndex Value="0"/>
        <TopLine Value="857"/>
        <CursorPos X="1" Y="872"/>
        <UsageCount Value="100"/>
        <Loaded Value="True"/>
        <DefaultSyntaxHighlighter Value="Delphi"/>
      </Unit2>
      <Unit3>
        <Filename Value="bee_files.pas"/>
        <UnitName Value="Bee_Files"/>
        <IsVisibleTab Value="True"/>
        <EditorIndex Value="8"/>
        <WindowIndex Value="0"/>
        <TopLine Value="294"/>
        <CursorPos X="7" Y="329"/>
        <FoldState Value=" T3lZ0601312G"/>
        <UsageCount Value="100"/>
        <Loaded Value="True"/>
        <DefaultSyntaxHighlighter Value="Delphi"/>
      </Unit3>
      <Unit4>
        <Filename Value="bee_commandline.pas"/>
        <UnitName Value="Bee_CommandLine"/>
        <EditorIndex Value="6"/>
        <WindowIndex Value="0"/>
        <TopLine Value="586"/>
        <CursorPos X="33" Y="609"/>
        <UsageCount Value="100"/>
        <Loaded Value="True"/>
        <DefaultSyntaxHighlighter Value="Delphi"/>
      </Unit4>
      <Unit5>
        <Filename Value="bee_bufstream.pas"/>
        <UnitName Value="Bee_BufStream"/>
        <EditorIndex Value="9"/>
        <WindowIndex Value="0"/>
        <TopLine Value="96"/>
        <CursorPos X="78" Y="110"/>
        <FoldState Value=" T3j107311133"/>
        <UsageCount Value="36"/>
        <Loaded Value="True"/>
        <DefaultSyntaxHighlighter Value="Delphi"/>
      </Unit5>
      <Unit6>
        <Filename Value="bee_liblink.pas"/>
        <UnitName Value="Bee_LibLink"/>
        <EditorIndex Value="2"/>
        <WindowIndex Value="0"/>
        <TopLine Value="1"/>
        <CursorPos X="1" Y="1"/>
        <UsageCount Value="21"/>
        <Loaded Value="True"/>
        <DefaultSyntaxHighlighter Value="Delphi"/>
      </Unit6>
      <Unit7>
        <Filename Value="bee_mainpacker.pas"/>
        <UnitName Value="Bee_MainPacker"/>
        <EditorIndex Value="3"/>
        <WindowIndex Value="0"/>
        <TopLine Value="220"/>
        <CursorPos X="58" Y="154"/>
        <UsageCount Value="21"/>
        <Loaded Value="True"/>
        <DefaultSyntaxHighlighter Value="Delphi"/>
      </Unit7>
      <Unit8>
        <Filename Value="bee_modeller.pas"/>
        <UnitName Value="Bee_Modeller"/>
        <EditorIndex Value="4"/>
        <WindowIndex Value="0"/>
        <TopLine Value="1"/>
        <CursorPos X="1" Y="1"/>
        <UsageCount Value="21"/>
        <Loaded Value="True"/>
        <DefaultSyntaxHighlighter Value="Delphi"/>
      </Unit8>
      <Unit9>
        <Filename Value="bee_interface.pas"/>
        <UnitName Value="Bee_Interface"/>
        <EditorIndex Value="1"/>
        <WindowIndex Value="0"/>
        <TopLine Value="20"/>
        <CursorPos X="78" Y="24"/>
        <UsageCount Value="20"/>
        <Loaded Value="True"/>
        <DefaultSyntaxHighlighter Value="Delphi"/>
      </Unit9>
    </Units>
    <JumpHistory Count="30" HistoryIndex="29">
      <Position1>
        <Filename Value="beesdk_archive.pas"/>
        <Caret Line="2156" Column="26" TopLine="2135"/>
      </Position1>
      <Position2>
        <Filename Value="bee_app.pas"/>
        <Caret Line="69" Column="19" TopLine="48"/>
      </Position2>
      <Position3>
        <Filename Value="bee_app.pas"/>
        <Caret Line="120" Column="16" TopLine="99"/>
      </Position3>
      <Position4>
        <Filename Value="bee_app.pas"/>
        <Caret Line="150" Column="18" TopLine="129"/>
      </Position4>
      <Position5>
        <Filename Value="bee_app.pas"/>
        <Caret Line="164" Column="46" TopLine="144"/>
      </Position5>
      <Position6>
        <Filename Value="bee_app.pas"/>
        <Caret Line="167" Column="45" TopLine="148"/>
      </Position6>
      <Position7>
        <Filename Value="bee_app.pas"/>
        <Caret Line="161" Column="41" TopLine="151"/>
      </Position7>
      <Position8>
        <Filename Value="bee_app.pas"/>
        <Caret Line="396" Column="18" TopLine="375"/>
      </Position8>
      <Position9>
        <Filename Value="bee_app.pas"/>
        <Caret Line="429" Column="18" TopLine="408"/>
      </Position9>
      <Position10>
        <Filename Value="bee_app.pas"/>
        <Caret Line="467" Column="18" TopLine="446"/>
      </Position10>
      <Position11>
        <Filename Value="bee_app.pas"/>
        <Caret Line="502" Column="18" TopLine="481"/>
      </Position11>
      <Position12>
        <Filename Value="beesdk_archive.pas"/>
        <Caret Line="2158" Column="10" TopLine="1"/>
      </Position12>
      <Position13>
        <Filename Value="beesdk_archive.pas"/>
        <Caret Line="210" Column="38" TopLine="201"/>
      </Position13>
      <Position14>
        <Filename Value="beesdk_archive.pas"/>
        <Caret Line="247" Column="79" TopLine="227"/>
      </Position14>
      <Position15>
        <Filename Value="beesdk_archive.pas"/>
        <Caret Line="712" Column="27" TopLine="692"/>
      </Position15>
      <Position16>
        <Filename Value="beesdk_archive.pas"/>
        <Caret Line="1034" Column="38" TopLine="1015"/>
      </Position16>
      <Position17>
        <Filename Value="bee_app.pas"/>
        <Caret Line="377" Column="19" TopLine="358"/>
      </Position17>
      <Position18>
        <Filename Value="bee_app.pas"/>
        <Caret Line="376" Column="44" TopLine="356"/>
      </Position18>
      <Position19>
        <Filename Value="bee_app.pas"/>
        <Caret Line="419" Column="43" TopLine="399"/>
      </Position19>
      <Position20>
        <Filename Value="bee_app.pas"/>
        <Caret Line="454" Column="43" TopLine="434"/>
      </Position20>
      <Position21>
        <Filename Value="bee_app.pas"/>
        <Caret Line="488" Column="44" TopLine="468"/>
      </Position21>
      <Position22>
        <Filename Value="beesdk_archive.pas"/>
        <Caret Line="1283" Column="41" TopLine="1263"/>
      </Position22>
      <Position23>
        <Filename Value="beesdk_archive.pas"/>
        <Caret Line="971" Column="11" TopLine="959"/>
      </Position23>
      <Position24>
        <Filename Value="beesdk_archive.pas"/>
        <Caret Line="755" Column="68" TopLine="749"/>
      </Position24>
      <Position25>
        <Filename Value="beesdk_archive.pas"/>
        <Caret Line="1621" Column="86" TopLine="1653"/>
      </Position25>
      <Position26>
        <Filename Value="beesdk_archive.pas"/>
        <Caret Line="848" Column="11" TopLine="827"/>
      </Position26>
      <Position27>
        <Filename Value="beesdk_archive.pas"/>
        <Caret Line="882" Column="3" TopLine="854"/>
      </Position27>
      <Position28>
        <Filename Value="beesdk_archive.pas"/>
        <Caret Line="870" Column="78" TopLine="854"/>
      </Position28>
      <Position29>
        <Filename Value="beesdk_archive.pas"/>
        <Caret Line="885" Column="24" TopLine="857"/>
      </Position29>
      <Position30>
        <Filename Value="beesdk_archive.pas"/>
        <Caret Line="872" Column="1" TopLine="857"/>
      </Position30>
    </JumpHistory>
  </ProjectOptions>
  <CompilerOptions>
    <Version Value="11"/>
    <Target>
      <Filename Value="../distribution/beex"/>
    </Target>
    <SearchPaths>
      <IncludeFiles Value="bee.include;$(ProjOutDir)"/>
      <Libraries Value="C:/MinGW32/lib/;C:/MinGW32/lib/gcc/mingw32/4.6.1/;C:/Program Files/MinGW32/lib/;C:/Program Files/MinGW32/lib/gcc/mingw32/4.6.1/"/>
      <UnitOutputDirectory Value="../temp"/>
    </SearchPaths>
    <Parsing>
      <SyntaxOptions>
        <SyntaxMode Value="Delphi"/>
        <CStyleOperator Value="False"/>
        <AllowLabel Value="False"/>
        <CPPInline Value="False"/>
      </SyntaxOptions>
    </Parsing>
    <CodeGeneration>
      <SmartLinkUnit Value="True"/>
      <Optimizations>
        <OptimizationLevel Value="3"/>
      </Optimizations>
    </CodeGeneration>
    <Linking>
      <Debugging>
        <GenerateDebugInfo Value="False"/>
        <UseLineInfoUnit Value="False"/>
      </Debugging>
      <LinkSmart Value="True"/>
    </Linking>
    <Other>
      <Verbosity>
        <ShowGenInfo Value="False"/>
      </Verbosity>
      <WriteFPCLogo Value="False"/>
      <CompilerMessages>
        <UseMsgFile Value="True"/>
      </CompilerMessages>
      <CompilerPath Value="$(CompPath)"/>
      <ExecuteAfter>
        <CompileReasons Compile="False" Build="False" Run="False"/>
      </ExecuteAfter>
    </Other>
  </CompilerOptions>
  <Debugging>
    <Watches Count="1">
      <Item1>
        <Expression Value="FDecoder"/>
      </Item1>
    </Watches>
    <Exceptions Count="2">
      <Item1>
        <Name Value="ECodetoolError"/>
      </Item1>
      <Item2>
        <Name Value="EFOpenError"/>
      </Item2>
    </Exceptions>
  </Debugging>
  <EditorMacros Count="0"/>
</CONFIG>
