<?xml version="1.0"?>
<CONFIG>
  <ProjectOptions>
    <PathDelim Value="\"/>
    <Version Value="7"/>
    <General>
      <Flags>
        <SaveClosedFiles Value="False"/>
        <LRSInOutputDirectory Value="False"/>
      </Flags>
      <MainUnit Value="0"/>
      <TargetFileExt Value=".exe"/>
      <UseAppBundle Value="False"/>
      <ActiveEditorIndexAtStart Value="0"/>
    </General>
    <PublishOptions>
      <Version Value="2"/>
      <IgnoreBinaries Value="False"/>
      <IncludeFileFilter Value="*.(pas|pp|inc|lfm|lpr|lrs|lpi|lpk|sh|xml)"/>
      <ExcludeFileFilter Value="*.(bak|ppu|ppw|o|so);*~;backup"/>
    </PublishOptions>
    <RunParams>
      <local>
        <FormatVersion Value="1"/>
        <LaunchingApplication PathPlusParams="\usr\X11R6\bin\xterm -T 'Lazarus Run Output' -e $(LazarusDir)\tools\runwait.sh $(TargetCmdLine)"/>
      </local>
    </RunParams>
    <Units Count="6">
      <Unit0>
        <Filename Value="bee.dpr"/>
        <IsPartOfProject Value="True"/>
        <UnitName Value="Bee"/>
        <CursorPos X="7" Y="266"/>
        <TopLine Value="86"/>
        <EditorIndex Value="0"/>
        <UsageCount Value="200"/>
        <Loaded Value="True"/>
        <SyntaxHighlighter Value="Delphi"/>
        <FoldState Value=" T4j024912 PjQkB2G"/>
      </Unit0>
      <Unit1>
        <Filename Value="unit1.pas"/>
        <IsPartOfProject Value="True"/>
        <UnitName Value="Unit1"/>
        <CursorPos X="1" Y="1"/>
        <TopLine Value="1"/>
        <UsageCount Value="200"/>
        <SyntaxHighlighter Value="Delphi"/>
      </Unit1>
      <Unit2>
        <Filename Value="bee_app.pas"/>
        <UnitName Value="Bee_App"/>
        <CursorPos X="76" Y="73"/>
        <TopLine Value="1"/>
        <EditorIndex Value="1"/>
        <UsageCount Value="86"/>
        <Loaded Value="True"/>
        <SyntaxHighlighter Value="Delphi"/>
      </Unit2>
      <Unit3>
        <Filename Value="bee_consts.pas"/>
        <IsPartOfProject Value="True"/>
        <UnitName Value="Bee_Consts"/>
        <CursorPos X="5" Y="68"/>
        <TopLine Value="50"/>
        <UsageCount Value="107"/>
        <SyntaxHighlighter Value="Delphi"/>
      </Unit3>
      <Unit4>
        <Filename Value="bee_headers.pas"/>
        <UnitName Value="Bee_Headers"/>
        <CursorPos X="37" Y="41"/>
        <TopLine Value="1"/>
        <EditorIndex Value="2"/>
        <UsageCount Value="36"/>
        <Loaded Value="True"/>
        <SyntaxHighlighter Value="Delphi"/>
      </Unit4>
      <Unit5>
        <Filename Value="bee_io.pas"/>
        <IsPartOfProject Value="True"/>
        <UnitName Value="Bee_IO"/>
        <CursorPos X="12" Y="11"/>
        <TopLine Value="1"/>
        <UsageCount Value="61"/>
        <SyntaxHighlighter Value="Delphi"/>
      </Unit5>
    </Units>
    <JumpHistory Count="13" HistoryIndex="12">
      <Position1>
        <Filename Value="bee_app.pas"/>
        <Caret Line="343" Column="21" TopLine="328"/>
      </Position1>
      <Position2>
        <Filename Value="bee_app.pas"/>
        <Caret Line="378" Column="16" TopLine="334"/>
      </Position2>
      <Position3>
        <Filename Value="bee_app.pas"/>
        <Caret Line="378" Column="14" TopLine="334"/>
      </Position3>
      <Position4>
        <Filename Value="bee_app.pas"/>
        <Caret Line="369" Column="1" TopLine="334"/>
      </Position4>
      <Position5>
        <Filename Value="bee_app.pas"/>
        <Caret Line="812" Column="39" TopLine="787"/>
      </Position5>
      <Position6>
        <Filename Value="bee_app.pas"/>
        <Caret Line="813" Column="39" TopLine="795"/>
      </Position6>
      <Position7>
        <Filename Value="bee_app.pas"/>
        <Caret Line="816" Column="44" TopLine="76"/>
      </Position7>
      <Position8>
        <Filename Value="bee_app.pas"/>
        <Caret Line="813" Column="40" TopLine="790"/>
      </Position8>
      <Position9>
        <Filename Value="bee_app.pas"/>
        <Caret Line="779" Column="17" TopLine="772"/>
      </Position9>
      <Position10>
        <Filename Value="bee_app.pas"/>
        <Caret Line="335" Column="3" TopLine="328"/>
      </Position10>
      <Position11>
        <Filename Value="bee_app.pas"/>
        <Caret Line="779" Column="19" TopLine="745"/>
      </Position11>
      <Position12>
        <Filename Value="bee_headers.pas"/>
        <Caret Line="403" Column="23" TopLine="127"/>
      </Position12>
      <Position13>
        <Filename Value="bee_app.pas"/>
        <Caret Line="32" Column="57" TopLine="15"/>
      </Position13>
    </JumpHistory>
  </ProjectOptions>
  <CompilerOptions>
    <Version Value="8"/>
    <SearchPaths>
      <IncludeFiles Value="bee.include/"/>
      <UnitOutputDirectory Value="../distribution"/>
    </SearchPaths>
    <Parsing>
      <Style Value="1"/>
      <SyntaxOptions>
        <SyntaxMode Value="Delphi"/>
        <CStyleOperator Value="False"/>
        <AllowLabel Value="False"/>
        <CPPInline Value="False"/>
      </SyntaxOptions>
    </Parsing>
    <CodeGeneration>
      <SmartLinkUnit Value="True"/>
      <Optimizations>
        <VariablesInRegisters Value="True"/>
        <UncertainOptimizations Value="True"/>
        <OptimizationLevel Value="3"/>
      </Optimizations>
    </CodeGeneration>
    <Linking>
      <Debugging>
        <UseLineInfoUnit Value="False"/>
      </Debugging>
      <LinkSmart Value="True"/>
    </Linking>
    <Other>
      <Verbosity>
        <ShowGenInfo Value="False"/>
      </Verbosity>
      <WriteFPCLogo Value="False"/>
      <CompilerPath Value="$(CompPath)"/>
      <ExecuteAfter>
        <CompileReasons Compile="False" Build="False" Run="False"/>
      </ExecuteAfter>
    </Other>
  </CompilerOptions>
  <Debugging>
    <Exceptions Count="2">
      <Item1>
        <Name Value="ECodetoolError"/>
      </Item1>
      <Item2>
        <Name Value="EFOpenError"/>
      </Item2>
    </Exceptions>
  </Debugging>
</CONFIG>
