<?xml version="1.0"?>
<CONFIG>
  <ProjectOptions>
    <PathDelim Value="\"/>
    <Version Value="7"/>
    <General>
      <Flags>
        <SaveClosedFiles Value="False"/>
        <MainUnitHasUsesSectionForAllUnits Value="False"/>
        <LRSInOutputDirectory Value="False"/>
      </Flags>
      <MainUnit Value="0"/>
      <AutoCreateForms Value="False"/>
      <TargetFileExt Value=".exe"/>
      <Title Value="BeeGui"/>
      <UseAppBundle Value="False"/>
      <Icon Value="0"/>
      <ActiveEditorIndexAtStart Value="8"/>
    </General>
    <VersionInfo>
      <ProjectVersion Value=""/>
    </VersionInfo>
    <PublishOptions>
      <Version Value="2"/>
      <IgnoreBinaries Value="False"/>
      <IncludeFileFilter Value="*.(pas|pp|inc|lfm|lpr|lrs|lpi|lpk|sh|xml)"/>
      <ExcludeFileFilter Value="*.(bak|ppu|ppw|o|so);*~;backup"/>
    </PublishOptions>
    <RunParams>
      <local>
        <FormatVersion Value="1"/>
        <LaunchingApplication PathPlusParams="\usr\X11R6\bin\xterm -T 'Lazarus Run Output' -e $(LazarusDir)\tools\runwait.sh $(TargetCmdLine)"/>
      </local>
    </RunParams>
    <RequiredPackages Count="3">
      <Item1>
        <PackageName Value="FCL"/>
        <MinVersion Major="1" Valid="True"/>
      </Item1>
      <Item2>
        <PackageName Value="beegui_package"/>
      </Item2>
      <Item3>
        <PackageName Value="LCL"/>
      </Item3>
    </RequiredPackages>
    <Units Count="27">
      <Unit0>
        <Filename Value="beegui.lpr"/>
        <IsPartOfProject Value="True"/>
        <UnitName Value="beegui"/>
        <CursorPos X="26" Y="128"/>
        <TopLine Value="91"/>
        <EditorIndex Value="9"/>
        <UsageCount Value="200"/>
        <Loaded Value="True"/>
        <SyntaxHighlighter Value="Delphi"/>
      </Unit0>
      <Unit1>
        <Filename Value="forms\beegui_passwordfrm.pas"/>
        <IsPartOfProject Value="True"/>
        <ComponentName Value="PasswordFrm"/>
        <HasResources Value="True"/>
        <ResourceBaseClass Value="Form"/>
        <UnitName Value="BeeGui_PasswordFrm"/>
        <CursorPos X="32" Y="160"/>
        <TopLine Value="113"/>
        <UsageCount Value="200"/>
        <SyntaxHighlighter Value="Delphi"/>
      </Unit1>
      <Unit2>
        <Filename Value="forms\beegui_addfrm.pas"/>
        <IsPartOfProject Value="True"/>
        <ComponentName Value="AddFrm"/>
        <HasResources Value="True"/>
        <ResourceBaseClass Value="Form"/>
        <UnitName Value="BeeGui_AddFrm"/>
        <CursorPos X="3" Y="182"/>
        <TopLine Value="155"/>
        <UsageCount Value="200"/>
        <SyntaxHighlighter Value="Delphi"/>
      </Unit2>
      <Unit3>
        <Filename Value="forms\beegui_extractfrm.pas"/>
        <IsPartOfProject Value="True"/>
        <ComponentName Value="ExtractFrm"/>
        <HasResources Value="True"/>
        <ResourceBaseClass Value="Form"/>
        <UnitName Value="BeeGui_ExtractFrm"/>
        <CursorPos X="31" Y="41"/>
        <TopLine Value="1"/>
        <EditorIndex Value="8"/>
        <UsageCount Value="200"/>
        <Loaded Value="True"/>
        <SyntaxHighlighter Value="Delphi"/>
      </Unit3>
      <Unit4>
        <Filename Value="forms\beegui_overwritefrm.pas"/>
        <IsPartOfProject Value="True"/>
        <ComponentName Value="OverwriteFrm"/>
        <HasResources Value="True"/>
        <ResourceBaseClass Value="Form"/>
        <UnitName Value="BeeGui_OverWriteFrm"/>
        <CursorPos X="35" Y="103"/>
        <TopLine Value="85"/>
        <UsageCount Value="200"/>
        <SyntaxHighlighter Value="Delphi"/>
      </Unit4>
      <Unit5>
        <Filename Value="forms\beegui_renamefrm.pas"/>
        <IsPartOfProject Value="True"/>
        <ComponentName Value="RenameFrm"/>
        <HasResources Value="True"/>
        <ResourceBaseClass Value="Form"/>
        <UnitName Value="BeeGui_RenameFrm"/>
        <CursorPos X="28" Y="88"/>
        <TopLine Value="69"/>
        <UsageCount Value="200"/>
        <SyntaxHighlighter Value="Delphi"/>
      </Unit5>
      <Unit6>
        <Filename Value="forms\beegui_tickfrm.pas"/>
        <IsPartOfProject Value="True"/>
        <ComponentName Value="TickFrm"/>
        <HasResources Value="True"/>
        <ResourceBaseClass Value="Form"/>
        <UnitName Value="BeeGui_TickFrm"/>
        <CursorPos X="10" Y="163"/>
        <TopLine Value="151"/>
        <UsageCount Value="200"/>
        <SyntaxHighlighter Value="Delphi"/>
      </Unit6>
      <Unit7>
        <Filename Value="forms\beegui_aboutfrm.pas"/>
        <IsPartOfProject Value="True"/>
        <ComponentName Value="AboutFrm"/>
        <HasResources Value="True"/>
        <ResourceBaseClass Value="Form"/>
        <UnitName Value="BeeGui_AboutFrm"/>
        <CursorPos X="10" Y="78"/>
        <TopLine Value="31"/>
        <UsageCount Value="200"/>
        <SyntaxHighlighter Value="Delphi"/>
      </Unit7>
      <Unit8>
        <Filename Value="packages\beegui_cmdline.pas"/>
        <IsPartOfProject Value="True"/>
        <UnitName Value="BeeGui_CmdLine"/>
        <CursorPos X="16" Y="78"/>
        <TopLine Value="67"/>
        <UsageCount Value="200"/>
        <SyntaxHighlighter Value="Delphi"/>
      </Unit8>
      <Unit9>
        <Filename Value="forms\beegui_aboutfrm..inc"/>
        <IsPartOfProject Value="True"/>
        <UsageCount Value="200"/>
        <SyntaxHighlighter Value="Delphi"/>
      </Unit9>
      <Unit10>
        <Filename Value="forms\beegui_aboutfrm_saveproperty.inc"/>
        <IsPartOfProject Value="True"/>
        <UsageCount Value="200"/>
        <SyntaxHighlighter Value="Delphi"/>
      </Unit10>
      <Unit11>
        <Filename Value="forms\beegui_aboutfrm_loadproperty.inc"/>
        <IsPartOfProject Value="True"/>
        <UsageCount Value="200"/>
        <SyntaxHighlighter Value="Delphi"/>
      </Unit11>
      <Unit12>
        <Filename Value="packages\beegui_messages.pas"/>
        <IsPartOfProject Value="True"/>
        <UnitName Value="BeeGui_Messages"/>
        <CursorPos X="58" Y="91"/>
        <TopLine Value="44"/>
        <UsageCount Value="200"/>
        <SyntaxHighlighter Value="Delphi"/>
      </Unit12>
      <Unit13>
        <Filename Value="packages\beegui_forms.pas"/>
        <IsPartOfProject Value="True"/>
        <UnitName Value="BeeGui_Forms"/>
        <CursorPos X="27" Y="208"/>
        <TopLine Value="184"/>
        <EditorIndex Value="7"/>
        <UsageCount Value="200"/>
        <Loaded Value="True"/>
        <SyntaxHighlighter Value="Delphi"/>
      </Unit13>
      <Unit14>
        <Filename Value="forms\beefm_mainfrm.pas"/>
        <IsPartOfProject Value="True"/>
        <ComponentName Value="MainFrm"/>
        <HasResources Value="True"/>
        <ResourceBaseClass Value="Form"/>
        <UnitName Value="BeeFM_MainFrm"/>
        <CursorPos X="47" Y="1339"/>
        <TopLine Value="1315"/>
        <EditorIndex Value="0"/>
        <UsageCount Value="183"/>
        <Loaded Value="True"/>
        <SyntaxHighlighter Value="Delphi"/>
      </Unit14>
      <Unit15>
        <Filename Value="forms\beefm_configfrm.pas"/>
        <IsPartOfProject Value="True"/>
        <ComponentName Value="ConfigFrm"/>
        <HasResources Value="True"/>
        <ResourceBaseClass Value="Form"/>
        <UnitName Value="BeeFM_ConfigFrm"/>
        <CursorPos X="3" Y="172"/>
        <TopLine Value="172"/>
        <UsageCount Value="166"/>
        <SyntaxHighlighter Value="Delphi"/>
      </Unit15>
      <Unit16>
        <Filename Value="forms\beefm_propertyfrm.pas"/>
        <IsPartOfProject Value="True"/>
        <ComponentName Value="InfoFrm"/>
        <HasResources Value="True"/>
        <ResourceBaseClass Value="Form"/>
        <UnitName Value="BeeFM_PropertyFrm"/>
        <CursorPos X="1" Y="1"/>
        <TopLine Value="37"/>
        <UsageCount Value="166"/>
        <SyntaxHighlighter Value="Delphi"/>
      </Unit16>
      <Unit17>
        <Filename Value="forms\beefm_selectfrm.pas"/>
        <IsPartOfProject Value="True"/>
        <ComponentName Value="SelectFrm"/>
        <HasResources Value="True"/>
        <ResourceBaseClass Value="Form"/>
        <UnitName Value="BeeFm_SelectFrm"/>
        <CursorPos X="31" Y="85"/>
        <TopLine Value="67"/>
        <UsageCount Value="166"/>
        <SyntaxHighlighter Value="Delphi"/>
      </Unit17>
      <Unit18>
        <Filename Value="forms\beefm_viewfrm.pas"/>
        <IsPartOfProject Value="True"/>
        <ComponentName Value="ViewFrm"/>
        <HasResources Value="True"/>
        <ResourceBaseClass Value="Form"/>
        <UnitName Value="BeeFm_ViewFrm"/>
        <CursorPos X="27" Y="96"/>
        <TopLine Value="49"/>
        <UsageCount Value="166"/>
        <SyntaxHighlighter Value="Delphi"/>
      </Unit18>
      <Unit19>
        <Filename Value="packages\beegui_liblink.pas"/>
        <IsPartOfProject Value="True"/>
        <UnitName Value="BeeGui_LibLink"/>
        <CursorPos X="6" Y="1"/>
        <TopLine Value="1"/>
        <UsageCount Value="127"/>
        <SyntaxHighlighter Value="Delphi"/>
      </Unit19>
      <Unit20>
        <Filename Value="forms\beegui_dragdropfrm.pas"/>
        <IsPartOfProject Value="True"/>
        <ComponentName Value="DragDropFrm"/>
        <ResourceBaseClass Value="Form"/>
        <UnitName Value="BeeGui_DragDropFrm"/>
        <CursorPos X="3" Y="64"/>
        <TopLine Value="33"/>
        <UsageCount Value="39"/>
        <SyntaxHighlighter Value="Delphi"/>
      </Unit20>
      <Unit21>
        <Filename Value="packages\packages.include\compiler.inc"/>
        <CursorPos X="5" Y="38"/>
        <TopLine Value="1"/>
        <EditorIndex Value="5"/>
        <UsageCount Value="13"/>
        <Loaded Value="True"/>
      </Unit21>
      <Unit22>
        <Filename Value="..\..\beelib\source\packages\beelib_plugins.pas"/>
        <UnitName Value="BeeLib_Plugins"/>
        <CursorPos X="45" Y="432"/>
        <TopLine Value="402"/>
        <EditorIndex Value="3"/>
        <UsageCount Value="13"/>
        <Loaded Value="True"/>
        <SyntaxHighlighter Value="Delphi"/>
      </Unit22>
      <Unit23>
        <Filename Value="..\..\bee\source\bee_interface.pas"/>
        <UnitName Value="Bee_Interface"/>
        <CursorPos X="14" Y="118"/>
        <TopLine Value="102"/>
        <EditorIndex Value="2"/>
        <UsageCount Value="12"/>
        <Loaded Value="True"/>
        <SyntaxHighlighter Value="Delphi"/>
      </Unit23>
      <Unit24>
        <Filename Value="packages\beegui_consts.pas"/>
        <UnitName Value="BeeGui_Consts"/>
        <CursorPos X="52" Y="36"/>
        <TopLine Value="19"/>
        <EditorIndex Value="1"/>
        <UsageCount Value="10"/>
        <Loaded Value="True"/>
        <SyntaxHighlighter Value="Delphi"/>
      </Unit24>
      <Unit25>
        <Filename Value="..\..\bee\source\bee_library.pas"/>
        <UnitName Value="Bee_Library"/>
        <CursorPos X="31" Y="344"/>
        <TopLine Value="305"/>
        <EditorIndex Value="4"/>
        <UsageCount Value="10"/>
        <Loaded Value="True"/>
        <SyntaxHighlighter Value="Delphi"/>
      </Unit25>
      <Unit26>
        <Filename Value="packages\beegui_archivelistviewmgr.pas"/>
        <UnitName Value="BeeGui_ArchiveListViewMgr"/>
        <CursorPos X="27" Y="640"/>
        <TopLine Value="619"/>
        <EditorIndex Value="6"/>
        <UsageCount Value="10"/>
        <Loaded Value="True"/>
        <SyntaxHighlighter Value="Delphi"/>
      </Unit26>
    </Units>
    <JumpHistory Count="30" HistoryIndex="29">
      <Position1>
        <Filename Value="packages\beegui_forms.pas"/>
        <Caret Line="198" Column="1" TopLine="174"/>
      </Position1>
      <Position2>
        <Filename Value="packages\beegui_forms.pas"/>
        <Caret Line="233" Column="1" TopLine="209"/>
      </Position2>
      <Position3>
        <Filename Value="forms\beefm_mainfrm.pas"/>
        <Caret Line="734" Column="24" TopLine="726"/>
      </Position3>
      <Position4>
        <Filename Value="packages\beegui_archivelistviewmgr.pas"/>
        <Caret Line="105" Column="3" TopLine="81"/>
      </Position4>
      <Position5>
        <Filename Value="forms\beefm_mainfrm.pas"/>
        <Caret Line="3" Column="89" TopLine="1"/>
      </Position5>
      <Position6>
        <Filename Value="forms\beefm_mainfrm.pas"/>
        <Caret Line="688" Column="24" TopLine="664"/>
      </Position6>
      <Position7>
        <Filename Value="forms\beefm_mainfrm.pas"/>
        <Caret Line="1177" Column="26" TopLine="1153"/>
      </Position7>
      <Position8>
        <Filename Value="forms\beefm_mainfrm.pas"/>
        <Caret Line="1226" Column="24" TopLine="1202"/>
      </Position8>
      <Position9>
        <Filename Value="forms\beefm_mainfrm.pas"/>
        <Caret Line="1250" Column="24" TopLine="1226"/>
      </Position9>
      <Position10>
        <Filename Value="forms\beefm_mainfrm.pas"/>
        <Caret Line="1294" Column="24" TopLine="1270"/>
      </Position10>
      <Position11>
        <Filename Value="forms\beefm_mainfrm.pas"/>
        <Caret Line="1312" Column="22" TopLine="1270"/>
      </Position11>
      <Position12>
        <Filename Value="forms\beefm_mainfrm.pas"/>
        <Caret Line="2" Column="71" TopLine="1"/>
      </Position12>
      <Position13>
        <Filename Value="forms\beefm_mainfrm.pas"/>
        <Caret Line="688" Column="24" TopLine="664"/>
      </Position13>
      <Position14>
        <Filename Value="forms\beefm_mainfrm.pas"/>
        <Caret Line="1177" Column="26" TopLine="1153"/>
      </Position14>
      <Position15>
        <Filename Value="forms\beefm_mainfrm.pas"/>
        <Caret Line="1226" Column="24" TopLine="1202"/>
      </Position15>
      <Position16>
        <Filename Value="forms\beefm_mainfrm.pas"/>
        <Caret Line="1250" Column="24" TopLine="1226"/>
      </Position16>
      <Position17>
        <Filename Value="forms\beefm_mainfrm.pas"/>
        <Caret Line="1294" Column="24" TopLine="1270"/>
      </Position17>
      <Position18>
        <Filename Value="forms\beefm_mainfrm.pas"/>
        <Caret Line="1312" Column="22" TopLine="1270"/>
      </Position18>
      <Position19>
        <Filename Value="packages\beegui_archivelistviewmgr.pas"/>
        <Caret Line="150" Column="46" TopLine="125"/>
      </Position19>
      <Position20>
        <Filename Value="forms\beefm_mainfrm.pas"/>
        <Caret Line="1339" Column="24" TopLine="1315"/>
      </Position20>
      <Position21>
        <Filename Value="forms\beefm_mainfrm.pas"/>
        <Caret Line="688" Column="47" TopLine="664"/>
      </Position21>
      <Position22>
        <Filename Value="forms\beefm_mainfrm.pas"/>
        <Caret Line="1177" Column="49" TopLine="1153"/>
      </Position22>
      <Position23>
        <Filename Value="forms\beefm_mainfrm.pas"/>
        <Caret Line="1226" Column="47" TopLine="1202"/>
      </Position23>
      <Position24>
        <Filename Value="forms\beefm_mainfrm.pas"/>
        <Caret Line="1250" Column="47" TopLine="1226"/>
      </Position24>
      <Position25>
        <Filename Value="forms\beefm_mainfrm.pas"/>
        <Caret Line="1294" Column="47" TopLine="1270"/>
      </Position25>
      <Position26>
        <Filename Value="forms\beefm_mainfrm.pas"/>
        <Caret Line="1312" Column="45" TopLine="1288"/>
      </Position26>
      <Position27>
        <Filename Value="packages\beegui_forms.pas"/>
        <Caret Line="198" Column="1" TopLine="174"/>
      </Position27>
      <Position28>
        <Filename Value="packages\beegui_forms.pas"/>
        <Caret Line="231" Column="34" TopLine="209"/>
      </Position28>
      <Position29>
        <Filename Value="packages\beegui_forms.pas"/>
        <Caret Line="198" Column="1" TopLine="174"/>
      </Position29>
      <Position30>
        <Filename Value="packages\beegui_forms.pas"/>
        <Caret Line="233" Column="1" TopLine="209"/>
      </Position30>
    </JumpHistory>
  </ProjectOptions>
  <CompilerOptions>
    <Version Value="8"/>
    <PathDelim Value="\"/>
    <SearchPaths>
      <IncludeFiles Value="forms\forms.include\;packages\packages.include\"/>
      <OtherUnitFiles Value="forms\;packages\;..\..\bee\source\;..\..\beelib\source\packages\"/>
      <UnitOutputDirectory Value="..\temp"/>
    </SearchPaths>
    <Parsing>
      <SyntaxOptions>
        <SyntaxMode Value="Delphi"/>
        <CStyleOperator Value="False"/>
        <AllowLabel Value="False"/>
        <CPPInline Value="False"/>
      </SyntaxOptions>
    </Parsing>
    <CodeGeneration>
      <SmartLinkUnit Value="True"/>
      <Optimizations>
        <VariablesInRegisters Value="True"/>
        <UncertainOptimizations Value="True"/>
        <OptimizationLevel Value="3"/>
      </Optimizations>
    </CodeGeneration>
    <Linking>
      <Debugging>
        <GenerateDebugInfo Value="True"/>
      </Debugging>
      <LinkSmart Value="True"/>
      <Options>
        <Win32>
          <GraphicApplication Value="True"/>
        </Win32>
      </Options>
    </Linking>
    <Other>
      <WriteFPCLogo Value="False"/>
      <CompilerPath Value="$(CompPath)"/>
      <CreateMakefileOnBuild Value="True"/>
    </Other>
  </CompilerOptions>
</CONFIG>
