<?xml version="1.0"?>
<CONFIG>
  <ProjectOptions>
    <PathDelim Value="\"/>
    <Version Value="7"/>
    <General>
      <Flags>
        <SaveClosedFiles Value="False"/>
        <MainUnitHasUsesSectionForAllUnits Value="False"/>
        <LRSInOutputDirectory Value="False"/>
      </Flags>
      <MainUnit Value="0"/>
      <AutoCreateForms Value="False"/>
      <TargetFileExt Value=".exe"/>
      <Title Value="BeeGui"/>
      <UseAppBundle Value="False"/>
      <Icon Value="0"/>
      <ActiveEditorIndexAtStart Value="2"/>
    </General>
    <VersionInfo>
      <ProjectVersion Value=""/>
    </VersionInfo>
    <PublishOptions>
      <Version Value="2"/>
      <IgnoreBinaries Value="False"/>
      <IncludeFileFilter Value="*.(pas|pp|inc|lfm|lpr|lrs|lpi|lpk|sh|xml)"/>
      <ExcludeFileFilter Value="*.(bak|ppu|ppw|o|so);*~;backup"/>
    </PublishOptions>
    <RunParams>
      <local>
        <FormatVersion Value="1"/>
        <LaunchingApplication PathPlusParams="\usr\X11R6\bin\xterm -T 'Lazarus Run Output' -e $(LazarusDir)\tools\runwait.sh $(TargetCmdLine)"/>
      </local>
    </RunParams>
    <RequiredPackages Count="2">
      <Item1>
        <PackageName Value="beegui_package"/>
      </Item1>
      <Item2>
        <PackageName Value="LCL"/>
      </Item2>
    </RequiredPackages>
    <Units Count="17">
      <Unit0>
        <Filename Value="beegui.lpr"/>
        <IsPartOfProject Value="True"/>
        <UnitName Value="beegui"/>
        <CursorPos X="49" Y="75"/>
        <TopLine Value="58"/>
        <EditorIndex Value="0"/>
        <UsageCount Value="180"/>
        <Loaded Value="True"/>
        <SyntaxHighlighter Value="Delphi"/>
      </Unit0>
      <Unit1>
        <Filename Value="forms\beegui_passwordfrm.pas"/>
        <ComponentName Value="PasswordFrm"/>
        <HasResources Value="True"/>
        <IsPartOfProject Value="True"/>
        <ResourceBaseClass Value="Form"/>
        <UnitName Value="BeeGui_PasswordFrm"/>
        <CursorPos X="55" Y="79"/>
        <TopLine Value="76"/>
        <UsageCount Value="180"/>
        <SyntaxHighlighter Value="Delphi"/>
      </Unit1>
      <Unit2>
        <Filename Value="forms\beegui_addfrm.pas"/>
        <ComponentName Value="AddFrm"/>
        <HasResources Value="True"/>
        <IsPartOfProject Value="True"/>
        <ResourceBaseClass Value="Form"/>
        <UnitName Value="BeeGui_AddFrm"/>
        <CursorPos X="8" Y="183"/>
        <TopLine Value="156"/>
        <UsageCount Value="180"/>
        <SyntaxHighlighter Value="Delphi"/>
      </Unit2>
      <Unit3>
        <Filename Value="forms\beegui_extractfrm.pas"/>
        <ComponentName Value="ExtractFrm"/>
        <HasResources Value="True"/>
        <IsPartOfProject Value="True"/>
        <ResourceBaseClass Value="Form"/>
        <UnitName Value="BeeGui_ExtractFrm"/>
        <CursorPos X="32" Y="95"/>
        <TopLine Value="71"/>
        <UsageCount Value="180"/>
        <SyntaxHighlighter Value="Delphi"/>
      </Unit3>
      <Unit4>
        <Filename Value="forms\beegui_overwritefrm.pas"/>
        <ComponentName Value="OverwriteFrm"/>
        <HasResources Value="True"/>
        <IsPartOfProject Value="True"/>
        <ResourceBaseClass Value="Form"/>
        <UnitName Value="BeeGui_OverWriteFrm"/>
        <CursorPos X="30" Y="90"/>
        <TopLine Value="76"/>
        <UsageCount Value="180"/>
        <SyntaxHighlighter Value="Delphi"/>
      </Unit4>
      <Unit5>
        <Filename Value="forms\beegui_renamefrm.pas"/>
        <ComponentName Value="RenameFrm"/>
        <HasResources Value="True"/>
        <IsPartOfProject Value="True"/>
        <ResourceBaseClass Value="Form"/>
        <UnitName Value="BeeGui_RenameFrm"/>
        <CursorPos X="33" Y="87"/>
        <TopLine Value="81"/>
        <UsageCount Value="180"/>
        <SyntaxHighlighter Value="Delphi"/>
      </Unit5>
      <Unit6>
        <Filename Value="forms\beegui_tickfrm.pas"/>
        <ComponentName Value="TickFrm"/>
        <HasResources Value="True"/>
        <IsPartOfProject Value="True"/>
        <ResourceBaseClass Value="Form"/>
        <UnitName Value="BeeGui_TickFrm"/>
        <CursorPos X="1" Y="419"/>
        <TopLine Value="399"/>
        <UsageCount Value="180"/>
        <SyntaxHighlighter Value="Delphi"/>
      </Unit6>
      <Unit7>
        <Filename Value="forms\beegui_aboutfrm.pas"/>
        <ComponentName Value="AboutFrm"/>
        <HasResources Value="True"/>
        <IsPartOfProject Value="True"/>
        <ResourceBaseClass Value="Form"/>
        <UnitName Value="BeeGui_AboutFrm"/>
        <CursorPos X="22" Y="74"/>
        <TopLine Value="64"/>
        <UsageCount Value="180"/>
        <SyntaxHighlighter Value="Delphi"/>
      </Unit7>
      <Unit8>
        <Filename Value="packages\beegui_cmdline.pas"/>
        <IsPartOfProject Value="True"/>
        <UnitName Value="BeeGui_CmdLine"/>
        <CursorPos X="16" Y="78"/>
        <TopLine Value="67"/>
        <UsageCount Value="180"/>
        <SyntaxHighlighter Value="Delphi"/>
      </Unit8>
      <Unit9>
        <Filename Value="forms\beegui_aboutfrm..inc"/>
        <IsPartOfProject Value="True"/>
        <UsageCount Value="180"/>
        <SyntaxHighlighter Value="Delphi"/>
      </Unit9>
      <Unit10>
        <Filename Value="forms\beegui_aboutfrm_saveproperty.inc"/>
        <IsPartOfProject Value="True"/>
        <UsageCount Value="180"/>
        <SyntaxHighlighter Value="Delphi"/>
      </Unit10>
      <Unit11>
        <Filename Value="forms\beegui_aboutfrm_loadproperty.inc"/>
        <IsPartOfProject Value="True"/>
        <UsageCount Value="180"/>
        <SyntaxHighlighter Value="Delphi"/>
      </Unit11>
      <Unit12>
        <Filename Value="packages\beegui_messages.pas"/>
        <IsPartOfProject Value="True"/>
        <UnitName Value="BeeGui_Messages"/>
        <CursorPos X="26" Y="162"/>
        <TopLine Value="133"/>
        <UsageCount Value="180"/>
        <SyntaxHighlighter Value="Delphi"/>
      </Unit12>
      <Unit13>
        <Filename Value="packages\beegui_forms.pas"/>
        <IsPartOfProject Value="True"/>
        <UnitName Value="BeeGui_Forms"/>
        <CursorPos X="33" Y="37"/>
        <TopLine Value="22"/>
        <UsageCount Value="180"/>
        <SyntaxHighlighter Value="Delphi"/>
      </Unit13>
      <Unit14>
        <Filename Value="forms\beefm_mainfrm.pas"/>
        <ComponentName Value="MainFrm"/>
        <HasResources Value="True"/>
        <ResourceBaseClass Value="Form"/>
        <UnitName Value="BeeFM_MainFrm"/>
        <CursorPos X="27" Y="1216"/>
        <TopLine Value="1394"/>
        <EditorIndex Value="1"/>
        <UsageCount Value="10"/>
        <Loaded Value="True"/>
        <SyntaxHighlighter Value="Delphi"/>
      </Unit14>
      <Unit15>
        <Filename Value="packages\beegui_archivelistviewmgr.pas"/>
        <UnitName Value="BeeGui_ArchiveListViewMgr"/>
        <CursorPos X="24" Y="686"/>
        <TopLine Value="662"/>
        <EditorIndex Value="3"/>
        <UsageCount Value="10"/>
        <Loaded Value="True"/>
        <SyntaxHighlighter Value="Delphi"/>
      </Unit15>
      <Unit16>
        <Filename Value="version.inc"/>
        <CursorPos X="19" Y="1"/>
        <TopLine Value="1"/>
        <EditorIndex Value="2"/>
        <UsageCount Value="10"/>
        <Loaded Value="True"/>
        <SyntaxHighlighter Value="Delphi"/>
      </Unit16>
    </Units>
    <JumpHistory Count="29" HistoryIndex="28">
      <Position1>
        <Filename Value="forms\beefm_mainfrm.pas"/>
        <Caret Line="1049" Column="27" TopLine="1029"/>
      </Position1>
      <Position2>
        <Filename Value="forms\beefm_mainfrm.pas"/>
        <Caret Line="1067" Column="29" TopLine="1044"/>
      </Position2>
      <Position3>
        <Filename Value="forms\beefm_mainfrm.pas"/>
        <Caret Line="12" Column="83" TopLine="9"/>
      </Position3>
      <Position4>
        <Filename Value="forms\beefm_mainfrm.pas"/>
        <Caret Line="659" Column="25" TopLine="639"/>
      </Position4>
      <Position5>
        <Filename Value="forms\beefm_mainfrm.pas"/>
        <Caret Line="4" Column="79" TopLine="1"/>
      </Position5>
      <Position6>
        <Filename Value="forms\beefm_mainfrm.pas"/>
        <Caret Line="32" Column="79" TopLine="28"/>
      </Position6>
      <Position7>
        <Filename Value="forms\beefm_mainfrm.pas"/>
        <Caret Line="660" Column="25" TopLine="640"/>
      </Position7>
      <Position8>
        <Filename Value="forms\beefm_mainfrm.pas"/>
        <Caret Line="722" Column="29" TopLine="702"/>
      </Position8>
      <Position9>
        <Filename Value="forms\beefm_mainfrm.pas"/>
        <Caret Line="1068" Column="29" TopLine="1048"/>
      </Position9>
      <Position10>
        <Filename Value="forms\beefm_mainfrm.pas"/>
        <Caret Line="1103" Column="27" TopLine="1083"/>
      </Position10>
      <Position11>
        <Filename Value="forms\beefm_mainfrm.pas"/>
        <Caret Line="5" Column="80" TopLine="1"/>
      </Position11>
      <Position12>
        <Filename Value="forms\beefm_mainfrm.pas"/>
        <Caret Line="659" Column="25" TopLine="639"/>
      </Position12>
      <Position13>
        <Filename Value="forms\beefm_mainfrm.pas"/>
        <Caret Line="720" Column="42" TopLine="699"/>
      </Position13>
      <Position14>
        <Filename Value="forms\beefm_mainfrm.pas"/>
        <Caret Line="764" Column="39" TopLine="743"/>
      </Position14>
      <Position15>
        <Filename Value="forms\beefm_mainfrm.pas"/>
        <Caret Line="1051" Column="37" TopLine="1030"/>
      </Position15>
      <Position16>
        <Filename Value="forms\beefm_mainfrm.pas"/>
        <Caret Line="1069" Column="38" TopLine="1048"/>
      </Position16>
      <Position17>
        <Filename Value="forms\beefm_mainfrm.pas"/>
        <Caret Line="1087" Column="37" TopLine="1063"/>
      </Position17>
      <Position18>
        <Filename Value="forms\beefm_mainfrm.pas"/>
        <Caret Line="1104" Column="27" TopLine="1084"/>
      </Position18>
      <Position19>
        <Filename Value="forms\beefm_mainfrm.pas"/>
        <Caret Line="1122" Column="27" TopLine="1102"/>
      </Position19>
      <Position20>
        <Filename Value="forms\beefm_mainfrm.pas"/>
        <Caret Line="1139" Column="37" TopLine="1120"/>
      </Position20>
      <Position21>
        <Filename Value="forms\beefm_mainfrm.pas"/>
        <Caret Line="1164" Column="41" TopLine="1143"/>
      </Position21>
      <Position22>
        <Filename Value="forms\beefm_mainfrm.pas"/>
        <Caret Line="1087" Column="43" TopLine="1075"/>
      </Position22>
      <Position23>
        <Filename Value="forms\beefm_mainfrm.pas"/>
        <Caret Line="1077" Column="41" TopLine="1066"/>
      </Position23>
      <Position24>
        <Filename Value="forms\beefm_mainfrm.pas"/>
        <Caret Line="1086" Column="27" TopLine="1066"/>
      </Position24>
      <Position25>
        <Filename Value="forms\beefm_mainfrm.pas"/>
        <Caret Line="1104" Column="41" TopLine="1084"/>
      </Position25>
      <Position26>
        <Filename Value="forms\beefm_mainfrm.pas"/>
        <Caret Line="1122" Column="27" TopLine="1096"/>
      </Position26>
      <Position27>
        <Filename Value="forms\beefm_mainfrm.pas"/>
        <Caret Line="1138" Column="27" TopLine="1118"/>
      </Position27>
      <Position28>
        <Filename Value="forms\beefm_mainfrm.pas"/>
        <Caret Line="1163" Column="31" TopLine="1143"/>
      </Position28>
      <Position29>
        <Filename Value="forms\beefm_mainfrm.pas"/>
        <Caret Line="1188" Column="27" TopLine="1168"/>
      </Position29>
    </JumpHistory>
  </ProjectOptions>
  <CompilerOptions>
    <Version Value="8"/>
    <PathDelim Value="\"/>
    <SearchPaths>
      <IncludeFiles Value="forms\forms.include\;packages\packages.include\"/>
      <OtherUnitFiles Value="forms\;packages\;..\..\bee\source\"/>
      <UnitOutputDirectory Value="..\distribution"/>
    </SearchPaths>
    <Parsing>
      <SyntaxOptions>
        <SyntaxMode Value="Delphi"/>
        <CStyleOperator Value="False"/>
        <AllowLabel Value="False"/>
        <CPPInline Value="False"/>
        <UseAnsiStrings Value="True"/>
      </SyntaxOptions>
    </Parsing>
    <CodeGeneration>
      <SmartLinkUnit Value="True"/>
      <Optimizations>
        <VariablesInRegisters Value="True"/>
        <UncertainOptimizations Value="True"/>
        <OptimizationLevel Value="3"/>
      </Optimizations>
    </CodeGeneration>
    <Linking>
      <Debugging>
        <StripSymbols Value="True"/>
      </Debugging>
      <LinkSmart Value="True"/>
      <Options>
        <Win32>
          <GraphicApplication Value="True"/>
        </Win32>
      </Options>
    </Linking>
    <Other>
      <CustomOptions Value="-OpPENTIUM4 -Oa=32 -Cfsse2
"/>
      <CompilerPath Value="$(CompPath)"/>
    </Other>
  </CompilerOptions>
</CONFIG>
