<?xml version="1.0"?>
<CONFIG>
  <ProjectOptions>
    <PathDelim Value="\"/>
    <Version Value="7"/>
    <General>
      <Flags>
        <SaveClosedFiles Value="False"/>
        <MainUnitHasUsesSectionForAllUnits Value="False"/>
        <LRSInOutputDirectory Value="False"/>
      </Flags>
      <MainUnit Value="0"/>
      <AutoCreateForms Value="False"/>
      <TargetFileExt Value=".exe"/>
      <Title Value="BeeGui"/>
      <UseAppBundle Value="False"/>
      <Icon Value="0"/>
      <ActiveEditorIndexAtStart Value="0"/>
    </General>
    <VersionInfo>
      <ProjectVersion Value=""/>
    </VersionInfo>
    <PublishOptions>
      <Version Value="2"/>
      <DestinationDirectory Value="$(TestDir)\publishedproject\"/>
      <IgnoreBinaries Value="False"/>
      <IncludeFileFilter Value="*.(pas|pp|inc|lfm|lpr|lrs|lpi|lpk|sh|xml)"/>
      <ExcludeFileFilter Value="*.(bak|ppu|ppw|o|so);*~;backup"/>
    </PublishOptions>
    <RunParams>
      <local>
        <FormatVersion Value="1"/>
        <LaunchingApplication PathPlusParams="\usr\X11R6\bin\xterm -T 'Lazarus Run Output' -e $(LazarusDir)\tools\runwait.sh $(TargetCmdLine)"/>
      </local>
    </RunParams>
    <RequiredPackages Count="2">
      <Item1>
        <PackageName Value="beegui_package"/>
      </Item1>
      <Item2>
        <PackageName Value="LCL"/>
      </Item2>
    </RequiredPackages>
    <Units Count="15">
      <Unit0>
        <Filename Value="beegui.lpr"/>
        <IsPartOfProject Value="True"/>
        <UnitName Value="beegui"/>
        <CursorPos X="25" Y="80"/>
        <TopLine Value="69"/>
        <EditorIndex Value="0"/>
        <UsageCount Value="89"/>
        <Loaded Value="True"/>
        <SyntaxHighlighter Value="Delphi"/>
      </Unit0>
      <Unit1>
        <Filename Value="forms\beegui_passwordfrm.pas"/>
        <ComponentName Value="PasswordFrm"/>
        <HasResources Value="True"/>
        <IsPartOfProject Value="True"/>
        <ResourceBaseClass Value="Form"/>
        <UnitName Value="BeeGui_PasswordFrm"/>
        <CursorPos X="1" Y="1"/>
        <TopLine Value="1"/>
        <UsageCount Value="89"/>
        <SyntaxHighlighter Value="Delphi"/>
      </Unit1>
      <Unit2>
        <Filename Value="forms\beegui_addfrm.pas"/>
        <ComponentName Value="AddFrm"/>
        <HasResources Value="True"/>
        <IsPartOfProject Value="True"/>
        <ResourceBaseClass Value="Form"/>
        <UnitName Value="BeeGui_AddFrm"/>
        <CursorPos X="43" Y="59"/>
        <TopLine Value="159"/>
        <UsageCount Value="89"/>
        <SyntaxHighlighter Value="Delphi"/>
      </Unit2>
      <Unit3>
        <Filename Value="forms\beegui_extractfrm.pas"/>
        <ComponentName Value="ExtractFrm"/>
        <HasResources Value="True"/>
        <IsPartOfProject Value="True"/>
        <ResourceBaseClass Value="Form"/>
        <UnitName Value="BeeGui_ExtractFrm"/>
        <CursorPos X="77" Y="64"/>
        <TopLine Value="46"/>
        <UsageCount Value="89"/>
        <SyntaxHighlighter Value="Delphi"/>
      </Unit3>
      <Unit4>
        <Filename Value="forms\beegui_overwritefrm.pas"/>
        <ComponentName Value="OverwriteFrm"/>
        <HasResources Value="True"/>
        <IsPartOfProject Value="True"/>
        <ResourceBaseClass Value="Form"/>
        <UnitName Value="BeeGui_OverWriteFrm"/>
        <CursorPos X="1" Y="1"/>
        <TopLine Value="1"/>
        <UsageCount Value="89"/>
        <SyntaxHighlighter Value="Delphi"/>
      </Unit4>
      <Unit5>
        <Filename Value="forms\beegui_renamefrm.pas"/>
        <ComponentName Value="RenameFrm"/>
        <HasResources Value="True"/>
        <IsPartOfProject Value="True"/>
        <ResourceBaseClass Value="Form"/>
        <UnitName Value="BeeGui_RenameFrm"/>
        <CursorPos X="18" Y="102"/>
        <TopLine Value="66"/>
        <UsageCount Value="89"/>
        <SyntaxHighlighter Value="Delphi"/>
      </Unit5>
      <Unit6>
        <Filename Value="forms\beegui_tickfrm.pas"/>
        <ComponentName Value="TickFrm"/>
        <HasResources Value="True"/>
        <IsPartOfProject Value="True"/>
        <ResourceBaseClass Value="Form"/>
        <UnitName Value="BeeGui_TickFrm"/>
        <CursorPos X="21" Y="169"/>
        <TopLine Value="154"/>
        <EditorIndex Value="2"/>
        <UsageCount Value="89"/>
        <Loaded Value="True"/>
        <SyntaxHighlighter Value="Delphi"/>
      </Unit6>
      <Unit7>
        <Filename Value="forms\beegui_aboutfrm.pas"/>
        <ComponentName Value="AboutFrm"/>
        <HasResources Value="True"/>
        <IsPartOfProject Value="True"/>
        <ResourceBaseClass Value="Form"/>
        <UnitName Value="BeeGui_AboutFrm"/>
        <CursorPos X="33" Y="101"/>
        <TopLine Value="64"/>
        <UsageCount Value="89"/>
        <SyntaxHighlighter Value="Delphi"/>
      </Unit7>
      <Unit8>
        <Filename Value="packages\beegui_cmdline.pas"/>
        <IsPartOfProject Value="True"/>
        <UnitName Value="BeeGui_CmdLine"/>
        <CursorPos X="16" Y="78"/>
        <TopLine Value="67"/>
        <UsageCount Value="89"/>
        <SyntaxHighlighter Value="Delphi"/>
      </Unit8>
      <Unit9>
        <Filename Value="forms\beegui_aboutfrm..inc"/>
        <IsPartOfProject Value="True"/>
        <UsageCount Value="89"/>
        <SyntaxHighlighter Value="Delphi"/>
      </Unit9>
      <Unit10>
        <Filename Value="forms\beegui_aboutfrm_saveproperty.inc"/>
        <IsPartOfProject Value="True"/>
        <UsageCount Value="89"/>
        <SyntaxHighlighter Value="Delphi"/>
      </Unit10>
      <Unit11>
        <Filename Value="forms\beegui_aboutfrm_loadproperty.inc"/>
        <IsPartOfProject Value="True"/>
        <UsageCount Value="89"/>
        <SyntaxHighlighter Value="Delphi"/>
      </Unit11>
      <Unit12>
        <Filename Value="packages\beegui_messages.pas"/>
        <IsPartOfProject Value="True"/>
        <UnitName Value="BeeGui_Messages"/>
        <UsageCount Value="89"/>
        <SyntaxHighlighter Value="Delphi"/>
      </Unit12>
      <Unit13>
        <Filename Value="packages\beegui_forms.pas"/>
        <IsPartOfProject Value="True"/>
        <UnitName Value="BeeGui_Forms"/>
        <CursorPos X="48" Y="157"/>
        <TopLine Value="37"/>
        <UsageCount Value="89"/>
        <SyntaxHighlighter Value="Delphi"/>
      </Unit13>
      <Unit14>
        <Filename Value="forms\beefm_mainfrm.pas"/>
        <ComponentName Value="MainFrm"/>
        <HasResources Value="True"/>
        <ResourceBaseClass Value="Form"/>
        <UnitName Value="BeeFM_MainFrm"/>
        <CursorPos X="17" Y="621"/>
        <TopLine Value="642"/>
        <EditorIndex Value="1"/>
        <UsageCount Value="31"/>
        <Loaded Value="True"/>
        <SyntaxHighlighter Value="Delphi"/>
      </Unit14>
    </Units>
    <JumpHistory Count="30" HistoryIndex="29">
      <Position1>
        <Filename Value="forms\beefm_mainfrm.pas"/>
        <Caret Line="840" Column="35" TopLine="820"/>
      </Position1>
      <Position2>
        <Filename Value="forms\beefm_mainfrm.pas"/>
        <Caret Line="911" Column="23" TopLine="901"/>
      </Position2>
      <Position3>
        <Filename Value="forms\beefm_mainfrm.pas"/>
        <Caret Line="952" Column="47" TopLine="937"/>
      </Position3>
      <Position4>
        <Filename Value="forms\beefm_mainfrm.pas"/>
        <Caret Line="956" Column="29" TopLine="937"/>
      </Position4>
      <Position5>
        <Filename Value="forms\beefm_mainfrm.pas"/>
        <Caret Line="974" Column="19" TopLine="959"/>
      </Position5>
      <Position6>
        <Filename Value="forms\beefm_mainfrm.pas"/>
        <Caret Line="982" Column="44" TopLine="959"/>
      </Position6>
      <Position7>
        <Filename Value="forms\beefm_mainfrm.pas"/>
        <Caret Line="989" Column="54" TopLine="974"/>
      </Position7>
      <Position8>
        <Filename Value="forms\beefm_mainfrm.pas"/>
        <Caret Line="991" Column="35" TopLine="974"/>
      </Position8>
      <Position9>
        <Filename Value="forms\beefm_mainfrm.pas"/>
        <Caret Line="997" Column="16" TopLine="974"/>
      </Position9>
      <Position10>
        <Filename Value="forms\beefm_mainfrm.pas"/>
        <Caret Line="1005" Column="44" TopLine="990"/>
      </Position10>
      <Position11>
        <Filename Value="forms\beefm_mainfrm.pas"/>
        <Caret Line="1012" Column="54" TopLine="990"/>
      </Position11>
      <Position12>
        <Filename Value="forms\beefm_mainfrm.pas"/>
        <Caret Line="1014" Column="35" TopLine="990"/>
      </Position12>
      <Position13>
        <Filename Value="forms\beefm_mainfrm.pas"/>
        <Caret Line="1020" Column="16" TopLine="1005"/>
      </Position13>
      <Position14>
        <Filename Value="forms\beefm_mainfrm.pas"/>
        <Caret Line="1028" Column="44" TopLine="1005"/>
      </Position14>
      <Position15>
        <Filename Value="forms\beefm_mainfrm.pas"/>
        <Caret Line="1031" Column="54" TopLine="1005"/>
      </Position15>
      <Position16>
        <Filename Value="forms\beefm_mainfrm.pas"/>
        <Caret Line="266" Column="71" TopLine="259"/>
      </Position16>
      <Position17>
        <Filename Value="forms\beefm_mainfrm.pas"/>
        <Caret Line="285" Column="17" TopLine="259"/>
      </Position17>
      <Position18>
        <Filename Value="forms\beefm_mainfrm.pas"/>
        <Caret Line="287" Column="48" TopLine="259"/>
      </Position18>
      <Position19>
        <Filename Value="forms\beefm_mainfrm.pas"/>
        <Caret Line="288" Column="45" TopLine="259"/>
      </Position19>
      <Position20>
        <Filename Value="forms\beefm_mainfrm.pas"/>
        <Caret Line="289" Column="41" TopLine="274"/>
      </Position20>
      <Position21>
        <Filename Value="forms\beefm_mainfrm.pas"/>
        <Caret Line="604" Column="48" TopLine="589"/>
      </Position21>
      <Position22>
        <Filename Value="forms\beefm_mainfrm.pas"/>
        <Caret Line="610" Column="34" TopLine="589"/>
      </Position22>
      <Position23>
        <Filename Value="forms\beefm_mainfrm.pas"/>
        <Caret Line="627" Column="28" TopLine="612"/>
      </Position23>
      <Position24>
        <Filename Value="forms\beefm_mainfrm.pas"/>
        <Caret Line="629" Column="31" TopLine="612"/>
      </Position24>
      <Position25>
        <Filename Value="forms\beefm_mainfrm.pas"/>
        <Caret Line="633" Column="52" TopLine="612"/>
      </Position25>
      <Position26>
        <Filename Value="forms\beefm_mainfrm.pas"/>
        <Caret Line="644" Column="45" TopLine="629"/>
      </Position26>
      <Position27>
        <Filename Value="forms\beefm_mainfrm.pas"/>
        <Caret Line="666" Column="36" TopLine="651"/>
      </Position27>
      <Position28>
        <Filename Value="forms\beefm_mainfrm.pas"/>
        <Caret Line="668" Column="38" TopLine="651"/>
      </Position28>
      <Position29>
        <Filename Value="forms\beefm_mainfrm.pas"/>
        <Caret Line="302" Column="16" TopLine="309"/>
      </Position29>
      <Position30>
        <Filename Value="forms\beefm_mainfrm.pas"/>
        <Caret Line="660" Column="25" TopLine="634"/>
      </Position30>
    </JumpHistory>
  </ProjectOptions>
  <CompilerOptions>
    <Version Value="8"/>
    <PathDelim Value="\"/>
    <SearchPaths>
      <IncludeFiles Value="forms\forms.include\;packages\packages.include\"/>
      <OtherUnitFiles Value="forms\;packages\;..\..\bee\source\"/>
      <UnitOutputDirectory Value="..\distribution"/>
    </SearchPaths>
    <Parsing>
      <SyntaxOptions>
        <SyntaxMode Value="Delphi"/>
        <CStyleOperator Value="False"/>
        <AllowLabel Value="False"/>
        <CPPInline Value="False"/>
        <UseAnsiStrings Value="True"/>
      </SyntaxOptions>
    </Parsing>
    <CodeGeneration>
      <SmartLinkUnit Value="True"/>
      <Optimizations>
        <VariablesInRegisters Value="True"/>
        <UncertainOptimizations Value="True"/>
        <OptimizationLevel Value="3"/>
      </Optimizations>
    </CodeGeneration>
    <Linking>
      <LinkSmart Value="True"/>
      <Options>
        <Win32>
          <GraphicApplication Value="True"/>
        </Win32>
      </Options>
    </Linking>
    <Other>
      <CustomOptions Value="-OpPENTIUM4 -Oa=32 -Cfsse2
"/>
      <CompilerPath Value="$(CompPath)"/>
    </Other>
  </CompilerOptions>
</CONFIG>
