<?xml version="1.0"?>
<CONFIG>
  <ProjectOptions>
    <PathDelim Value="\"/>
    <Version Value="5"/>
    <General>
      <MainUnit Value="0"/>
      <IconPath Value="./"/>
      <TargetFileExt Value=".exe"/>
      <ActiveEditorIndexAtStart Value="0"/>
    </General>
    <PublishOptions>
      <Version Value="2"/>
      <IgnoreBinaries Value="False"/>
      <IncludeFileFilter Value="*.(pas|pp|inc|lfm|lpr|lrs|lpi|lpk|sh|xml)"/>
      <ExcludeFileFilter Value="*.(bak|ppu|ppw|o|so);*~;backup"/>
    </PublishOptions>
    <RunParams>
      <local>
        <FormatVersion Value="1"/>
        <LaunchingApplication PathPlusParams="/usr/X11R6/bin/xterm -T 'Lazarus Run Output' -e $(LazarusDir)/tools/runwait.sh $(TargetCmdLine)"/>
      </local>
    </RunParams>
    <RequiredPackages Count="1">
      <Item1>
        <PackageName Value="LCL"/>
      </Item1>
    </RequiredPackages>
    <Units Count="12">
      <Unit0>
        <Filename Value="BeeOpt.lpr"/>
        <IsPartOfProject Value="True"/>
        <UnitName Value="BeeOpt"/>
        <CursorPos X="1" Y="23"/>
        <TopLine Value="1"/>
        <EditorIndex Value="1"/>
        <UsageCount Value="26"/>
        <Loaded Value="True"/>
      </Unit0>
      <Unit1>
        <Filename Value="BeeOpt_Form.pas"/>
        <ComponentName Value="MainForm"/>
        <HasResources Value="True"/>
        <IsPartOfProject Value="True"/>
        <ResourceFilename Value="BeeOpt_Form.lrs"/>
        <UnitName Value="BeeOpt_Form"/>
        <CursorPos X="19" Y="820"/>
        <TopLine Value="802"/>
        <EditorIndex Value="0"/>
        <UsageCount Value="26"/>
        <Loaded Value="True"/>
      </Unit1>
      <Unit2>
        <Filename Value="..\..\..\..\..\FPC\lazarus\lcl\interfaces\win32\interfaces.pp"/>
        <UnitName Value="Interfaces"/>
        <CursorPos X="12" Y="32"/>
        <TopLine Value="16"/>
        <UsageCount Value="10"/>
      </Unit2>
      <Unit3>
        <Filename Value="..\..\..\..\..\FPC\lazarus\lcl\interfacebase.pp"/>
        <UnitName Value="InterfaceBase"/>
        <CursorPos X="1" Y="1"/>
        <TopLine Value="1"/>
        <UsageCount Value="10"/>
      </Unit3>
      <Unit4>
        <Filename Value="..\bee_common.pas"/>
        <UnitName Value="Bee_Common"/>
        <CursorPos X="25" Y="319"/>
        <TopLine Value="353"/>
        <UsageCount Value="10"/>
      </Unit4>
      <Unit5>
        <Filename Value="..\bee_headers.pas"/>
        <UnitName Value="Bee_Headers"/>
        <CursorPos X="16" Y="821"/>
        <TopLine Value="803"/>
        <UsageCount Value="10"/>
      </Unit5>
      <Unit6>
        <Filename Value="..\..\..\..\..\FPC\2.0.2\fpc\rtl\objpas\classes\classesh.inc"/>
        <CursorPos X="15" Y="602"/>
        <TopLine Value="583"/>
        <UsageCount Value="10"/>
      </Unit6>
      <Unit7>
        <Filename Value="..\..\..\..\..\FPC\2.0.2\fpc\rtl\objpas\sysutils\filutilh.inc"/>
        <CursorPos X="10" Y="84"/>
        <TopLine Value="52"/>
        <UsageCount Value="10"/>
      </Unit7>
      <Unit8>
        <Filename Value="..\bee_files.pas"/>
        <UnitName Value="Bee_Files"/>
        <CursorPos X="1" Y="1"/>
        <TopLine Value="211"/>
        <UsageCount Value="11"/>
      </Unit8>
      <Unit9>
        <Filename Value="..\bee_mainpacker.pas"/>
        <UnitName Value="Bee_MainPacker"/>
        <CursorPos X="46" Y="231"/>
        <TopLine Value="5"/>
        <UsageCount Value="11"/>
      </Unit9>
      <Unit10>
        <Filename Value="..\..\..\..\..\FPC\2.0.2\fpc\rtl\inc\systemh.inc"/>
        <CursorPos X="11" Y="420"/>
        <TopLine Value="401"/>
        <UsageCount Value="10"/>
      </Unit10>
      <Unit11>
        <Filename Value="..\bee_configuration.pas"/>
        <UnitName Value="Bee_Configuration"/>
        <CursorPos X="17" Y="48"/>
        <TopLine Value="93"/>
        <UsageCount Value="10"/>
      </Unit11>
    </Units>
    <JumpHistory Count="0" HistoryIndex="-1"/>
  </ProjectOptions>
  <CompilerOptions>
    <Version Value="5"/>
    <PathDelim Value="\"/>
    <SearchPaths>
      <OtherUnitFiles Value="..\"/>
      <UnitOutputDirectory Value="C:\WINNT"/>
      <SrcPath Value="$(LazarusDir)\lcl\;$(LazarusDir)\lcl\interfaces\$(LCLWidgetType)\"/>
    </SearchPaths>
    <Parsing>
      <SyntaxOptions>
        <CStyleOperator Value="False"/>
        <AllowLabel Value="False"/>
        <CPPInline Value="False"/>
        <DelphiCompat Value="True"/>
        <UseAnsiStrings Value="True"/>
      </SyntaxOptions>
    </Parsing>
    <CodeGeneration>
      <SmartLinkUnit Value="True"/>
      <Generate Value="Faster"/>
      <Optimizations>
        <UncertainOptimizations Value="True"/>
        <OptimizationLevel Value="3"/>
      </Optimizations>
    </CodeGeneration>
    <Linking>
      <Debugging>
        <UseLineInfoUnit Value="False"/>
      </Debugging>
      <LinkSmart Value="True"/>
      <Options>
        <Win32>
          <GraphicApplication Value="True"/>
        </Win32>
      </Options>
    </Linking>
    <Other>
      <CompilerPath Value="$(CompPath)"/>
    </Other>
  </CompilerOptions>
  <Debugging>
    <Exceptions Count="2">
      <Item1>
        <Name Value="ECodetoolError"/>
      </Item1>
      <Item2>
        <Name Value="EFOpenError"/>
      </Item2>
    </Exceptions>
  </Debugging>
</CONFIG>
