<?xml version="1.0"?>
<CONFIG>
  <ProjectOptions>
    <PathDelim Value="\"/>
    <Version Value="7"/>
    <General>
      <Flags>
        <SaveClosedFiles Value="False"/>
        <MainUnitHasUsesSectionForAllUnits Value="False"/>
        <LRSInOutputDirectory Value="False"/>
      </Flags>
      <MainUnit Value="0"/>
      <AutoCreateForms Value="False"/>
      <TargetFileExt Value=".exe"/>
      <Title Value="BeeGui"/>
      <UseAppBundle Value="False"/>
      <Icon Value="0"/>
      <ActiveEditorIndexAtStart Value="1"/>
    </General>
    <VersionInfo>
      <ProjectVersion Value=""/>
    </VersionInfo>
    <PublishOptions>
      <Version Value="2"/>
      <IgnoreBinaries Value="False"/>
      <IncludeFileFilter Value="*.(pas|pp|inc|lfm|lpr|lrs|lpi|lpk|sh|xml)"/>
      <ExcludeFileFilter Value="*.(bak|ppu|ppw|o|so);*~;backup"/>
    </PublishOptions>
    <RunParams>
      <local>
        <FormatVersion Value="1"/>
        <LaunchingApplication PathPlusParams="\usr\X11R6\bin\xterm -T 'Lazarus Run Output' -e $(LazarusDir)\tools\runwait.sh $(TargetCmdLine)"/>
      </local>
    </RunParams>
    <RequiredPackages Count="2">
      <Item1>
        <PackageName Value="beegui_package"/>
      </Item1>
      <Item2>
        <PackageName Value="LCL"/>
      </Item2>
    </RequiredPackages>
    <Units Count="20">
      <Unit0>
        <Filename Value="beegui.lpr"/>
        <IsPartOfProject Value="True"/>
        <UnitName Value="beegui"/>
        <CursorPos X="63" Y="85"/>
        <TopLine Value="61"/>
        <EditorIndex Value="0"/>
        <UsageCount Value="200"/>
        <Loaded Value="True"/>
        <SyntaxHighlighter Value="Delphi"/>
      </Unit0>
      <Unit1>
        <Filename Value="forms\beegui_passwordfrm.pas"/>
        <ComponentName Value="PasswordFrm"/>
        <HasResources Value="True"/>
        <IsPartOfProject Value="True"/>
        <ResourceBaseClass Value="Form"/>
        <UnitName Value="BeeGui_PasswordFrm"/>
        <CursorPos X="32" Y="160"/>
        <TopLine Value="1"/>
        <EditorIndex Value="2"/>
        <UsageCount Value="200"/>
        <Loaded Value="True"/>
        <SyntaxHighlighter Value="Delphi"/>
      </Unit1>
      <Unit2>
        <Filename Value="forms\beegui_addfrm.pas"/>
        <ComponentName Value="AddFrm"/>
        <HasResources Value="True"/>
        <IsPartOfProject Value="True"/>
        <ResourceBaseClass Value="Form"/>
        <UnitName Value="BeeGui_AddFrm"/>
        <CursorPos X="48" Y="172"/>
        <TopLine Value="147"/>
        <UsageCount Value="200"/>
        <SyntaxHighlighter Value="Delphi"/>
      </Unit2>
      <Unit3>
        <Filename Value="forms\beegui_extractfrm.pas"/>
        <ComponentName Value="ExtractFrm"/>
        <HasResources Value="True"/>
        <IsPartOfProject Value="True"/>
        <ResourceBaseClass Value="Form"/>
        <UnitName Value="BeeGui_ExtractFrm"/>
        <CursorPos X="65" Y="92"/>
        <TopLine Value="88"/>
        <UsageCount Value="200"/>
        <SyntaxHighlighter Value="Delphi"/>
      </Unit3>
      <Unit4>
        <Filename Value="forms\beegui_overwritefrm.pas"/>
        <ComponentName Value="OverwriteFrm"/>
        <HasResources Value="True"/>
        <IsPartOfProject Value="True"/>
        <ResourceBaseClass Value="Form"/>
        <UnitName Value="BeeGui_OverWriteFrm"/>
        <CursorPos X="35" Y="103"/>
        <TopLine Value="85"/>
        <UsageCount Value="200"/>
        <SyntaxHighlighter Value="Delphi"/>
      </Unit4>
      <Unit5>
        <Filename Value="forms\beegui_renamefrm.pas"/>
        <ComponentName Value="RenameFrm"/>
        <HasResources Value="True"/>
        <IsPartOfProject Value="True"/>
        <ResourceBaseClass Value="Form"/>
        <UnitName Value="BeeGui_RenameFrm"/>
        <CursorPos X="5" Y="98"/>
        <TopLine Value="65"/>
        <UsageCount Value="200"/>
        <SyntaxHighlighter Value="Delphi"/>
      </Unit5>
      <Unit6>
        <Filename Value="forms\beegui_tickfrm.pas"/>
        <ComponentName Value="TickFrm"/>
        <HasResources Value="True"/>
        <IsPartOfProject Value="True"/>
        <ResourceBaseClass Value="Form"/>
        <UnitName Value="BeeGui_TickFrm"/>
        <CursorPos X="45" Y="517"/>
        <TopLine Value="494"/>
        <EditorIndex Value="4"/>
        <UsageCount Value="200"/>
        <Loaded Value="True"/>
        <SyntaxHighlighter Value="Delphi"/>
      </Unit6>
      <Unit7>
        <Filename Value="forms\beegui_aboutfrm.pas"/>
        <ComponentName Value="AboutFrm"/>
        <HasResources Value="True"/>
        <IsPartOfProject Value="True"/>
        <ResourceBaseClass Value="Form"/>
        <UnitName Value="BeeGui_AboutFrm"/>
        <CursorPos X="5" Y="102"/>
        <TopLine Value="81"/>
        <UsageCount Value="200"/>
        <SyntaxHighlighter Value="Delphi"/>
      </Unit7>
      <Unit8>
        <Filename Value="packages\beegui_cmdline.pas"/>
        <IsPartOfProject Value="True"/>
        <UnitName Value="BeeGui_CmdLine"/>
        <CursorPos X="16" Y="78"/>
        <TopLine Value="67"/>
        <UsageCount Value="200"/>
        <SyntaxHighlighter Value="Delphi"/>
      </Unit8>
      <Unit9>
        <Filename Value="forms\beegui_aboutfrm..inc"/>
        <IsPartOfProject Value="True"/>
        <UsageCount Value="200"/>
        <SyntaxHighlighter Value="Delphi"/>
      </Unit9>
      <Unit10>
        <Filename Value="forms\beegui_aboutfrm_saveproperty.inc"/>
        <IsPartOfProject Value="True"/>
        <UsageCount Value="200"/>
        <SyntaxHighlighter Value="Delphi"/>
      </Unit10>
      <Unit11>
        <Filename Value="forms\beegui_aboutfrm_loadproperty.inc"/>
        <IsPartOfProject Value="True"/>
        <UsageCount Value="200"/>
        <SyntaxHighlighter Value="Delphi"/>
      </Unit11>
      <Unit12>
        <Filename Value="packages\beegui_messages.pas"/>
        <IsPartOfProject Value="True"/>
        <UnitName Value="BeeGui_Messages"/>
        <CursorPos X="66" Y="149"/>
        <TopLine Value="124"/>
        <UsageCount Value="200"/>
        <SyntaxHighlighter Value="Delphi"/>
      </Unit12>
      <Unit13>
        <Filename Value="packages\beegui_forms.pas"/>
        <IsPartOfProject Value="True"/>
        <UnitName Value="BeeGui_Forms"/>
        <CursorPos X="59" Y="212"/>
        <TopLine Value="185"/>
        <UsageCount Value="200"/>
        <SyntaxHighlighter Value="Delphi"/>
      </Unit13>
      <Unit14>
        <Filename Value="forms\beefm_mainfrm.pas"/>
        <ComponentName Value="MainFrm"/>
        <HasResources Value="True"/>
        <IsPartOfProject Value="True"/>
        <ResourceBaseClass Value="Form"/>
        <UnitName Value="BeeFM_MainFrm"/>
        <CursorPos X="22" Y="517"/>
        <TopLine Value="492"/>
        <EditorIndex Value="1"/>
        <UsageCount Value="43"/>
        <Loaded Value="True"/>
        <SyntaxHighlighter Value="Delphi"/>
      </Unit14>
      <Unit15>
        <Filename Value="version.inc"/>
        <CursorPos X="19" Y="1"/>
        <TopLine Value="1"/>
        <EditorIndex Value="3"/>
        <UsageCount Value="13"/>
        <Loaded Value="True"/>
        <SyntaxHighlighter Value="Delphi"/>
      </Unit15>
      <Unit16>
        <Filename Value="forms\beefm_configfrm.pas"/>
        <ComponentName Value="ConfigFrm"/>
        <HasResources Value="True"/>
        <IsPartOfProject Value="True"/>
        <ResourceBaseClass Value="Form"/>
        <UnitName Value="BeeFM_ConfigFrm"/>
        <CursorPos X="38" Y="175"/>
        <TopLine Value="152"/>
        <UsageCount Value="26"/>
        <SyntaxHighlighter Value="Delphi"/>
      </Unit16>
      <Unit17>
        <Filename Value="forms\beefm_propertyfrm.pas"/>
        <ComponentName Value="InfoFrm"/>
        <HasResources Value="True"/>
        <IsPartOfProject Value="True"/>
        <ResourceBaseClass Value="Form"/>
        <UnitName Value="BeeFM_PropertyFrm"/>
        <CursorPos X="1" Y="1"/>
        <TopLine Value="1"/>
        <UsageCount Value="26"/>
        <SyntaxHighlighter Value="Delphi"/>
      </Unit17>
      <Unit18>
        <Filename Value="forms\beefm_selectfrm.pas"/>
        <ComponentName Value="SelectFrm"/>
        <HasResources Value="True"/>
        <IsPartOfProject Value="True"/>
        <ResourceBaseClass Value="Form"/>
        <UnitName Value="BeeFm_SelectFrm"/>
        <CursorPos X="1" Y="1"/>
        <TopLine Value="1"/>
        <UsageCount Value="26"/>
        <SyntaxHighlighter Value="Delphi"/>
      </Unit18>
      <Unit19>
        <Filename Value="forms\beefm_viewfrm.pas"/>
        <ComponentName Value="ViewFrm"/>
        <HasResources Value="True"/>
        <IsPartOfProject Value="True"/>
        <ResourceBaseClass Value="Form"/>
        <UnitName Value="BeeFm_ViewFrm"/>
        <CursorPos X="1" Y="1"/>
        <TopLine Value="1"/>
        <UsageCount Value="26"/>
        <SyntaxHighlighter Value="Delphi"/>
      </Unit19>
    </Units>
    <JumpHistory Count="28" HistoryIndex="27">
      <Position1>
        <Filename Value="forms\beefm_mainfrm.pas"/>
        <Caret Line="1257" Column="26" TopLine="1213"/>
      </Position1>
      <Position2>
        <Filename Value="forms\beefm_mainfrm.pas"/>
        <Caret Line="107" Column="83" TopLine="103"/>
      </Position2>
      <Position3>
        <Filename Value="forms\beefm_mainfrm.pas"/>
        <Caret Line="522" Column="29" TopLine="498"/>
      </Position3>
      <Position4>
        <Filename Value="forms\beefm_mainfrm.pas"/>
        <Caret Line="1230" Column="26" TopLine="1213"/>
      </Position4>
      <Position5>
        <Filename Value="forms\beefm_mainfrm.pas"/>
        <Caret Line="1237" Column="24" TopLine="1213"/>
      </Position5>
      <Position6>
        <Filename Value="forms\beefm_mainfrm.pas"/>
        <Caret Line="1247" Column="24" TopLine="1213"/>
      </Position6>
      <Position7>
        <Filename Value="forms\beefm_mainfrm.pas"/>
        <Caret Line="1257" Column="24" TopLine="1213"/>
      </Position7>
      <Position8>
        <Filename Value="forms\beefm_mainfrm.pas"/>
        <Caret Line="1272" Column="28" TopLine="1248"/>
      </Position8>
      <Position9>
        <Filename Value="forms\beefm_mainfrm.pas"/>
        <Caret Line="53" Column="84" TopLine="50"/>
      </Position9>
      <Position10>
        <Filename Value="forms\beefm_mainfrm.pas"/>
        <Caret Line="522" Column="29" TopLine="498"/>
      </Position10>
      <Position11>
        <Filename Value="forms\beefm_mainfrm.pas"/>
        <Caret Line="1237" Column="24" TopLine="1213"/>
      </Position11>
      <Position12>
        <Filename Value="forms\beefm_mainfrm.pas"/>
        <Caret Line="1247" Column="24" TopLine="1213"/>
      </Position12>
      <Position13>
        <Filename Value="forms\beefm_mainfrm.pas"/>
        <Caret Line="1257" Column="24" TopLine="1213"/>
      </Position13>
      <Position14>
        <Filename Value="forms\beefm_mainfrm.pas"/>
        <Caret Line="1272" Column="28" TopLine="1248"/>
      </Position14>
      <Position15>
        <Filename Value="forms\beefm_mainfrm.pas"/>
        <Caret Line="41" Column="74" TopLine="39"/>
      </Position15>
      <Position16>
        <Filename Value="forms\beefm_mainfrm.pas"/>
        <Caret Line="526" Column="9" TopLine="489"/>
      </Position16>
      <Position17>
        <Filename Value="forms\beefm_mainfrm.pas"/>
        <Caret Line="372" Column="12" TopLine="364"/>
      </Position17>
      <Position18>
        <Filename Value="forms\beefm_mainfrm.pas"/>
        <Caret Line="291" Column="55" TopLine="280"/>
      </Position18>
      <Position19>
        <Filename Value="forms\beefm_mainfrm.pas"/>
        <Caret Line="658" Column="39" TopLine="642"/>
      </Position19>
      <Position20>
        <Filename Value="beegui.lpr"/>
        <Caret Line="79" Column="52" TopLine="62"/>
      </Position20>
      <Position21>
        <Filename Value="forms\beefm_mainfrm.pas"/>
        <Caret Line="288" Column="26" TopLine="286"/>
      </Position21>
      <Position22>
        <Filename Value="beegui.lpr"/>
        <Caret Line="83" Column="32" TopLine="67"/>
      </Position22>
      <Position23>
        <Filename Value="forms\beefm_mainfrm.pas"/>
        <Caret Line="667" Column="31" TopLine="648"/>
      </Position23>
      <Position24>
        <Filename Value="beegui.lpr"/>
        <Caret Line="85" Column="12" TopLine="61"/>
      </Position24>
      <Position25>
        <Filename Value="forms\beefm_mainfrm.pas"/>
        <Caret Line="676" Column="63" TopLine="666"/>
      </Position25>
      <Position26>
        <Filename Value="forms\beegui_passwordfrm.pas"/>
        <Caret Line="108" Column="5" TopLine="88"/>
      </Position26>
      <Position27>
        <Filename Value="forms\beegui_passwordfrm.pas"/>
        <Caret Line="154" Column="34" TopLine="130"/>
      </Position27>
      <Position28>
        <Filename Value="forms\beegui_passwordfrm.pas"/>
        <Caret Line="161" Column="1" TopLine="130"/>
      </Position28>
    </JumpHistory>
  </ProjectOptions>
  <CompilerOptions>
    <Version Value="8"/>
    <PathDelim Value="\"/>
    <SearchPaths>
      <IncludeFiles Value="forms\forms.include\;packages\packages.include\"/>
      <OtherUnitFiles Value="forms\;packages\;..\..\bee\source\"/>
      <UnitOutputDirectory Value="..\distribution"/>
    </SearchPaths>
    <Parsing>
      <SyntaxOptions>
        <SyntaxMode Value="Delphi"/>
        <CStyleOperator Value="False"/>
        <AllowLabel Value="False"/>
        <CPPInline Value="False"/>
        <UseAnsiStrings Value="True"/>
      </SyntaxOptions>
    </Parsing>
    <CodeGeneration>
      <SmartLinkUnit Value="True"/>
      <Optimizations>
        <VariablesInRegisters Value="True"/>
        <UncertainOptimizations Value="True"/>
        <OptimizationLevel Value="3"/>
      </Optimizations>
    </CodeGeneration>
    <Linking>
      <Debugging>
        <UseLineInfoUnit Value="False"/>
      </Debugging>
      <LinkSmart Value="True"/>
      <Options>
        <Win32>
          <GraphicApplication Value="True"/>
        </Win32>
      </Options>
    </Linking>
    <Other>
      <CustomOptions Value="-Cfsse2
"/>
      <CompilerPath Value="$(CompPath)"/>
    </Other>
  </CompilerOptions>
</CONFIG>
