<?xml version="1.0"?>
<CONFIG>
  <ProjectOptions>
    <PathDelim Value="\"/>
    <Version Value="7"/>
    <General>
      <Flags>
        <SaveClosedFiles Value="False"/>
        <MainUnitHasUsesSectionForAllUnits Value="False"/>
        <LRSInOutputDirectory Value="False"/>
      </Flags>
      <MainUnit Value="0"/>
      <AutoCreateForms Value="False"/>
      <TargetFileExt Value=".exe"/>
      <Title Value="BeeGui"/>
      <UseAppBundle Value="False"/>
      <Icon Value="0"/>
      <ActiveEditorIndexAtStart Value="4"/>
    </General>
    <VersionInfo>
      <ProjectVersion Value=""/>
    </VersionInfo>
    <PublishOptions>
      <Version Value="2"/>
      <IgnoreBinaries Value="False"/>
      <IncludeFileFilter Value="*.(pas|pp|inc|lfm|lpr|lrs|lpi|lpk|sh|xml)"/>
      <ExcludeFileFilter Value="*.(bak|ppu|ppw|o|so);*~;backup"/>
    </PublishOptions>
    <RunParams>
      <local>
        <FormatVersion Value="1"/>
        <LaunchingApplication PathPlusParams="\usr\X11R6\bin\xterm -T 'Lazarus Run Output' -e $(LazarusDir)\tools\runwait.sh $(TargetCmdLine)"/>
      </local>
    </RunParams>
    <RequiredPackages Count="2">
      <Item1>
        <PackageName Value="beegui_package"/>
      </Item1>
      <Item2>
        <PackageName Value="LCL"/>
      </Item2>
    </RequiredPackages>
    <Units Count="17">
      <Unit0>
        <Filename Value="beegui.lpr"/>
        <IsPartOfProject Value="True"/>
        <UnitName Value="beegui"/>
        <CursorPos X="18" Y="55"/>
        <TopLine Value="47"/>
        <EditorIndex Value="0"/>
        <UsageCount Value="200"/>
        <Loaded Value="True"/>
        <SyntaxHighlighter Value="Delphi"/>
      </Unit0>
      <Unit1>
        <Filename Value="forms\beegui_passwordfrm.pas"/>
        <ComponentName Value="PasswordFrm"/>
        <HasResources Value="True"/>
        <IsPartOfProject Value="True"/>
        <ResourceBaseClass Value="Form"/>
        <UnitName Value="BeeGui_PasswordFrm"/>
        <CursorPos X="55" Y="79"/>
        <TopLine Value="76"/>
        <UsageCount Value="200"/>
        <SyntaxHighlighter Value="Delphi"/>
      </Unit1>
      <Unit2>
        <Filename Value="forms\beegui_addfrm.pas"/>
        <ComponentName Value="AddFrm"/>
        <HasResources Value="True"/>
        <IsPartOfProject Value="True"/>
        <ResourceBaseClass Value="Form"/>
        <UnitName Value="BeeGui_AddFrm"/>
        <CursorPos X="23" Y="181"/>
        <TopLine Value="156"/>
        <EditorIndex Value="3"/>
        <UsageCount Value="200"/>
        <Loaded Value="True"/>
        <SyntaxHighlighter Value="Delphi"/>
      </Unit2>
      <Unit3>
        <Filename Value="forms\beegui_extractfrm.pas"/>
        <ComponentName Value="ExtractFrm"/>
        <HasResources Value="True"/>
        <IsPartOfProject Value="True"/>
        <ResourceBaseClass Value="Form"/>
        <UnitName Value="BeeGui_ExtractFrm"/>
        <CursorPos X="32" Y="95"/>
        <TopLine Value="71"/>
        <UsageCount Value="200"/>
        <SyntaxHighlighter Value="Delphi"/>
      </Unit3>
      <Unit4>
        <Filename Value="forms\beegui_overwritefrm.pas"/>
        <ComponentName Value="OverwriteFrm"/>
        <HasResources Value="True"/>
        <IsPartOfProject Value="True"/>
        <ResourceBaseClass Value="Form"/>
        <UnitName Value="BeeGui_OverWriteFrm"/>
        <CursorPos X="30" Y="90"/>
        <TopLine Value="76"/>
        <UsageCount Value="200"/>
        <SyntaxHighlighter Value="Delphi"/>
      </Unit4>
      <Unit5>
        <Filename Value="forms\beegui_renamefrm.pas"/>
        <ComponentName Value="RenameFrm"/>
        <HasResources Value="True"/>
        <IsPartOfProject Value="True"/>
        <ResourceBaseClass Value="Form"/>
        <UnitName Value="BeeGui_RenameFrm"/>
        <CursorPos X="33" Y="87"/>
        <TopLine Value="81"/>
        <UsageCount Value="200"/>
        <SyntaxHighlighter Value="Delphi"/>
      </Unit5>
      <Unit6>
        <Filename Value="forms\beegui_tickfrm.pas"/>
        <ComponentName Value="TickFrm"/>
        <HasResources Value="True"/>
        <IsPartOfProject Value="True"/>
        <ResourceBaseClass Value="Form"/>
        <UnitName Value="BeeGui_TickFrm"/>
        <CursorPos X="1" Y="419"/>
        <TopLine Value="153"/>
        <UsageCount Value="200"/>
        <SyntaxHighlighter Value="Delphi"/>
      </Unit6>
      <Unit7>
        <Filename Value="forms\beegui_aboutfrm.pas"/>
        <ComponentName Value="AboutFrm"/>
        <HasResources Value="True"/>
        <IsPartOfProject Value="True"/>
        <ResourceBaseClass Value="Form"/>
        <UnitName Value="BeeGui_AboutFrm"/>
        <CursorPos X="26" Y="102"/>
        <TopLine Value="81"/>
        <UsageCount Value="200"/>
        <SyntaxHighlighter Value="Delphi"/>
      </Unit7>
      <Unit8>
        <Filename Value="packages\beegui_cmdline.pas"/>
        <IsPartOfProject Value="True"/>
        <UnitName Value="BeeGui_CmdLine"/>
        <CursorPos X="16" Y="78"/>
        <TopLine Value="67"/>
        <UsageCount Value="200"/>
        <SyntaxHighlighter Value="Delphi"/>
      </Unit8>
      <Unit9>
        <Filename Value="forms\beegui_aboutfrm..inc"/>
        <IsPartOfProject Value="True"/>
        <UsageCount Value="200"/>
        <SyntaxHighlighter Value="Delphi"/>
      </Unit9>
      <Unit10>
        <Filename Value="forms\beegui_aboutfrm_saveproperty.inc"/>
        <IsPartOfProject Value="True"/>
        <UsageCount Value="200"/>
        <SyntaxHighlighter Value="Delphi"/>
      </Unit10>
      <Unit11>
        <Filename Value="forms\beegui_aboutfrm_loadproperty.inc"/>
        <IsPartOfProject Value="True"/>
        <UsageCount Value="200"/>
        <SyntaxHighlighter Value="Delphi"/>
      </Unit11>
      <Unit12>
        <Filename Value="packages\beegui_messages.pas"/>
        <IsPartOfProject Value="True"/>
        <UnitName Value="BeeGui_Messages"/>
        <CursorPos X="81" Y="191"/>
        <TopLine Value="16"/>
        <UsageCount Value="200"/>
        <SyntaxHighlighter Value="Delphi"/>
      </Unit12>
      <Unit13>
        <Filename Value="packages\beegui_forms.pas"/>
        <IsPartOfProject Value="True"/>
        <UnitName Value="BeeGui_Forms"/>
        <CursorPos X="1" Y="223"/>
        <TopLine Value="182"/>
        <UsageCount Value="200"/>
        <SyntaxHighlighter Value="Delphi"/>
      </Unit13>
      <Unit14>
        <Filename Value="forms\beefm_mainfrm.pas"/>
        <ComponentName Value="MainFrm"/>
        <HasResources Value="True"/>
        <ResourceBaseClass Value="Form"/>
        <UnitName Value="BeeFM_MainFrm"/>
        <CursorPos X="1" Y="1029"/>
        <TopLine Value="1011"/>
        <EditorIndex Value="1"/>
        <UsageCount Value="18"/>
        <Loaded Value="True"/>
        <SyntaxHighlighter Value="Delphi"/>
      </Unit14>
      <Unit15>
        <Filename Value="packages\beegui_archivelistviewmgr.pas"/>
        <UnitName Value="BeeGui_ArchiveListViewMgr"/>
        <CursorPos X="46" Y="506"/>
        <TopLine Value="480"/>
        <EditorIndex Value="4"/>
        <UsageCount Value="11"/>
        <Loaded Value="True"/>
        <SyntaxHighlighter Value="Delphi"/>
      </Unit15>
      <Unit16>
        <Filename Value="version.inc"/>
        <CursorPos X="19" Y="1"/>
        <TopLine Value="1"/>
        <EditorIndex Value="2"/>
        <UsageCount Value="11"/>
        <Loaded Value="True"/>
        <SyntaxHighlighter Value="Delphi"/>
      </Unit16>
    </Units>
    <JumpHistory Count="8" HistoryIndex="7">
      <Position1>
        <Filename Value="packages\beegui_archivelistviewmgr.pas"/>
        <Caret Line="172" Column="51" TopLine="160"/>
      </Position1>
      <Position2>
        <Filename Value="packages\beegui_archivelistviewmgr.pas"/>
        <Caret Line="5" Column="95" TopLine="4"/>
      </Position2>
      <Position3>
        <Filename Value="packages\beegui_archivelistviewmgr.pas"/>
        <Caret Line="157" Column="25" TopLine="133"/>
      </Position3>
      <Position4>
        <Filename Value="packages\beegui_archivelistviewmgr.pas"/>
        <Caret Line="593" Column="7" TopLine="571"/>
      </Position4>
      <Position5>
        <Filename Value="packages\beegui_archivelistviewmgr.pas"/>
        <Caret Line="591" Column="31" TopLine="561"/>
      </Position5>
      <Position6>
        <Filename Value="forms\beefm_mainfrm.pas"/>
        <Caret Line="336" Column="27" TopLine="330"/>
      </Position6>
      <Position7>
        <Filename Value="packages\beegui_archivelistviewmgr.pas"/>
        <Caret Line="3" Column="84" TopLine="1"/>
      </Position7>
      <Position8>
        <Filename Value="forms\beefm_mainfrm.pas"/>
        <Caret Line="357" Column="40" TopLine="334"/>
      </Position8>
    </JumpHistory>
  </ProjectOptions>
  <CompilerOptions>
    <Version Value="8"/>
    <PathDelim Value="\"/>
    <SearchPaths>
      <IncludeFiles Value="forms\forms.include\;packages\packages.include\"/>
      <OtherUnitFiles Value="forms\;packages\;..\..\bee\source\"/>
      <UnitOutputDirectory Value="..\distribution"/>
    </SearchPaths>
    <Parsing>
      <SyntaxOptions>
        <SyntaxMode Value="Delphi"/>
        <CStyleOperator Value="False"/>
        <AllowLabel Value="False"/>
        <CPPInline Value="False"/>
        <UseAnsiStrings Value="True"/>
      </SyntaxOptions>
    </Parsing>
    <CodeGeneration>
      <SmartLinkUnit Value="True"/>
      <Optimizations>
        <VariablesInRegisters Value="True"/>
        <UncertainOptimizations Value="True"/>
        <OptimizationLevel Value="3"/>
      </Optimizations>
    </CodeGeneration>
    <Linking>
      <Debugging>
        <UseLineInfoUnit Value="False"/>
      </Debugging>
      <LinkSmart Value="True"/>
      <Options>
        <Win32>
          <GraphicApplication Value="True"/>
        </Win32>
      </Options>
    </Linking>
    <Other>
      <CustomOptions Value="-OpPENTIUM4 -Oa=32 -Cfsse2"/>
      <CompilerPath Value="$(CompPath)"/>
    </Other>
  </CompilerOptions>
</CONFIG>
