<?xml version="1.0"?>
<CONFIG>
  <ProjectOptions>
    <PathDelim Value="\"/>
    <Version Value="7"/>
    <General>
      <Flags>
        <SaveClosedFiles Value="False"/>
        <LRSInOutputDirectory Value="False"/>
      </Flags>
      <MainUnit Value="0"/>
      <TargetFileExt Value=".exe"/>
      <UseAppBundle Value="False"/>
      <ActiveEditorIndexAtStart Value="3"/>
    </General>
    <PublishOptions>
      <Version Value="2"/>
      <IgnoreBinaries Value="False"/>
      <IncludeFileFilter Value="*.(pas|pp|inc|lfm|lpr|lrs|lpi|lpk|sh|xml)"/>
      <ExcludeFileFilter Value="*.(bak|ppu|ppw|o|so);*~;backup"/>
    </PublishOptions>
    <RunParams>
      <local>
        <FormatVersion Value="1"/>
        <LaunchingApplication PathPlusParams="/usr/X11R6/bin/xterm -T 'Lazarus Run Output' -e $(LazarusDir)/tools/runwait.sh $(TargetCmdLine)"/>
      </local>
    </RunParams>
    <Units Count="5">
      <Unit0>
        <Filename Value="bee.dpr"/>
        <IsPartOfProject Value="True"/>
        <UnitName Value="Bee"/>
        <CursorPos X="1" Y="229"/>
        <TopLine Value="182"/>
        <EditorIndex Value="0"/>
        <UsageCount Value="200"/>
        <Loaded Value="True"/>
        <SyntaxHighlighter Value="Delphi"/>
      </Unit0>
      <Unit1>
        <Filename Value="unit1.pas"/>
        <IsPartOfProject Value="True"/>
        <UnitName Value="Unit1"/>
        <CursorPos X="1" Y="1"/>
        <TopLine Value="1"/>
        <UsageCount Value="67"/>
        <SyntaxHighlighter Value="Delphi"/>
      </Unit1>
      <Unit2>
        <Filename Value="bee_modeller.pas"/>
        <UnitName Value="Bee_Modeller"/>
        <CursorPos X="31" Y="510"/>
        <TopLine Value="463"/>
        <EditorIndex Value="1"/>
        <UsageCount Value="11"/>
        <Loaded Value="True"/>
        <SyntaxHighlighter Value="Delphi"/>
      </Unit2>
      <Unit3>
        <Filename Value="bee.include\compiler.inc"/>
        <CursorPos X="9" Y="34"/>
        <TopLine Value="1"/>
        <EditorIndex Value="2"/>
        <UsageCount Value="11"/>
        <Loaded Value="True"/>
      </Unit3>
      <Unit4>
        <Filename Value="bee_app.pas"/>
        <UnitName Value="Bee_App"/>
        <CursorPos X="30" Y="120"/>
        <TopLine Value="109"/>
        <EditorIndex Value="3"/>
        <UsageCount Value="10"/>
        <Loaded Value="True"/>
        <SyntaxHighlighter Value="Delphi"/>
      </Unit4>
    </Units>
    <JumpHistory Count="18" HistoryIndex="17">
      <Position1>
        <Filename Value="bee.dpr"/>
        <Caret Line="37" Column="35" TopLine="1"/>
      </Position1>
      <Position2>
        <Filename Value="bee.dpr"/>
        <Caret Line="229" Column="1" TopLine="182"/>
      </Position2>
      <Position3>
        <Filename Value="bee_modeller.pas"/>
        <Caret Line="42" Column="15" TopLine="25"/>
      </Position3>
      <Position4>
        <Filename Value="bee_modeller.pas"/>
        <Caret Line="489" Column="15" TopLine="443"/>
      </Position4>
      <Position5>
        <Filename Value="bee_modeller.pas"/>
        <Caret Line="466" Column="15" TopLine="442"/>
      </Position5>
      <Position6>
        <Filename Value="bee_modeller.pas"/>
        <Caret Line="41" Column="1" TopLine="24"/>
      </Position6>
      <Position7>
        <Filename Value="bee_modeller.pas"/>
        <Caret Line="122" Column="16" TopLine="97"/>
      </Position7>
      <Position8>
        <Filename Value="bee_modeller.pas"/>
        <Caret Line="34" Column="10" TopLine="21"/>
      </Position8>
      <Position9>
        <Filename Value="bee_modeller.pas"/>
        <Caret Line="122" Column="8" TopLine="107"/>
      </Position9>
      <Position10>
        <Filename Value="bee_modeller.pas"/>
        <Caret Line="467" Column="15" TopLine="443"/>
      </Position10>
      <Position11>
        <Filename Value="bee_modeller.pas"/>
        <Caret Line="122" Column="10" TopLine="95"/>
      </Position11>
      <Position12>
        <Filename Value="bee_modeller.pas"/>
        <Caret Line="467" Column="15" TopLine="443"/>
      </Position12>
      <Position13>
        <Filename Value="bee_modeller.pas"/>
        <Caret Line="458" Column="33" TopLine="443"/>
      </Position13>
      <Position14>
        <Filename Value="bee_modeller.pas"/>
        <Caret Line="34" Column="19" TopLine="14"/>
      </Position14>
      <Position15>
        <Filename Value="bee_modeller.pas"/>
        <Caret Line="544" Column="5" TopLine="500"/>
      </Position15>
      <Position16>
        <Filename Value="bee_modeller.pas"/>
        <Caret Line="248" Column="9" TopLine="224"/>
      </Position16>
      <Position17>
        <Filename Value="bee_modeller.pas"/>
        <Caret Line="256" Column="23" TopLine="253"/>
      </Position17>
      <Position18>
        <Filename Value="bee_app.pas"/>
        <Caret Line="1" Column="1" TopLine="1"/>
      </Position18>
    </JumpHistory>
  </ProjectOptions>
  <CompilerOptions>
    <Version Value="8"/>
    <SearchPaths>
      <IncludeFiles Value="bee.include/"/>
      <UnitOutputDirectory Value="../distribution"/>
    </SearchPaths>
    <Parsing>
      <SyntaxOptions>
        <SyntaxMode Value="Delphi"/>
        <CStyleOperator Value="False"/>
        <AllowLabel Value="False"/>
        <CPPInline Value="False"/>
      </SyntaxOptions>
    </Parsing>
    <CodeGeneration>
      <SmartLinkUnit Value="True"/>
      <Optimizations>
        <VariablesInRegisters Value="True"/>
        <OptimizationLevel Value="3"/>
      </Optimizations>
    </CodeGeneration>
    <Linking>
      <Debugging>
        <UseLineInfoUnit Value="False"/>
      </Debugging>
      <LinkSmart Value="True"/>
    </Linking>
    <Other>
      <Verbosity>
        <ShowGenInfo Value="False"/>
      </Verbosity>
      <WriteFPCLogo Value="False"/>
      <CustomOptions Value="
"/>
      <CompilerPath Value="$(CompPath)"/>
      <ExecuteAfter>
        <CompileReasons Compile="False" Build="False" Run="False"/>
      </ExecuteAfter>
    </Other>
  </CompilerOptions>
  <Debugging>
    <Exceptions Count="2">
      <Item1>
        <Name Value="ECodetoolError"/>
      </Item1>
      <Item2>
        <Name Value="EFOpenError"/>
      </Item2>
    </Exceptions>
  </Debugging>
</CONFIG>
