<?xml version="1.0"?>
<CONFIG>
  <ProjectOptions>
    <PathDelim Value="\"/>
    <Version Value="7"/>
    <General>
      <Flags>
        <SaveClosedFiles Value="False"/>
        <LRSInOutputDirectory Value="False"/>
      </Flags>
      <MainUnit Value="0"/>
      <TargetFileExt Value=".exe"/>
      <UseAppBundle Value="False"/>
      <ActiveWindowIndexAtStart Value="0"/>
    </General>
    <VersionInfo>
      <StringTable Comments="" CompanyName="" FileDescription="" FileVersion="0.0.0.0" InternalName="" LegalCopyright="" LegalTrademarks="" OriginalFilename="" ProductName="" ProductVersion="0.0.0.0"/>
    </VersionInfo>
    <PublishOptions>
      <Version Value="2"/>
      <IgnoreBinaries Value="False"/>
      <IncludeFileFilter Value="*.(pas|pp|inc|lfm|lpr|lrs|lpi|lpk|sh|xml)"/>
      <ExcludeFileFilter Value="*.(bak|ppu|ppw|o|so);*~;backup"/>
    </PublishOptions>
    <RunParams>
      <local>
        <FormatVersion Value="1"/>
        <CommandLineParams Value="a -m0 pop.bee fp.log"/>
        <LaunchingApplication PathPlusParams="\usr\X11R6\bin\xterm -T 'Lazarus Run Output' -e $(LazarusDir)\tools\runwait.sh $(TargetCmdLine)"/>
        <WorkingDirectory Value="C:\Documents and Settings\Quacquero\Desktop"/>
      </local>
    </RunParams>
    <Units Count="28">
      <Unit0>
        <Filename Value="bee.dpr"/>
        <IsPartOfProject Value="True"/>
        <UnitName Value="Bee"/>
        <EditorIndex Value="0"/>
        <WindowIndex Value="0"/>
        <TopLine Value="71"/>
        <CursorPos X="1" Y="154"/>
        <FoldState Value=" T4ie24A3"/>
        <UsageCount Value="200"/>
        <Loaded Value="True"/>
        <DefaultSyntaxHighlighter Value="Delphi"/>
      </Unit0>
      <Unit1>
        <Filename Value="unit1.pas"/>
        <IsPartOfProject Value="True"/>
        <UnitName Value="Unit1"/>
        <TopLine Value="1"/>
        <CursorPos X="1" Y="1"/>
        <UsageCount Value="200"/>
        <DefaultSyntaxHighlighter Value="Delphi"/>
      </Unit1>
      <Unit2>
        <Filename Value="bee_app.pas"/>
        <UnitName Value="Bee_App"/>
        <EditorIndex Value="10"/>
        <WindowIndex Value="0"/>
        <TopLine Value="18"/>
        <CursorPos X="12" Y="43"/>
        <FoldState Value=" T4jI0C011111D16 Pyg:b07"/>
        <UsageCount Value="100"/>
        <Loaded Value="True"/>
        <DefaultSyntaxHighlighter Value="Delphi"/>
      </Unit2>
      <Unit3>
        <Filename Value="bee_consts.pas"/>
        <IsPartOfProject Value="True"/>
        <UnitName Value="Bee_Consts"/>
        <EditorIndex Value="17"/>
        <WindowIndex Value="0"/>
        <TopLine Value="16"/>
        <CursorPos X="35" Y="25"/>
        <UsageCount Value="200"/>
        <Loaded Value="True"/>
        <DefaultSyntaxHighlighter Value="Delphi"/>
      </Unit3>
      <Unit4>
        <Filename Value="bee_io.pas"/>
        <IsPartOfProject Value="True"/>
        <UnitName Value="Bee_IO"/>
        <TopLine Value="1"/>
        <CursorPos X="12" Y="11"/>
        <UsageCount Value="191"/>
        <DefaultSyntaxHighlighter Value="Delphi"/>
      </Unit4>
      <Unit5>
        <Filename Value="bee_common.pas"/>
        <UnitName Value="Bee_Common"/>
        <EditorIndex Value="15"/>
        <WindowIndex Value="0"/>
        <TopLine Value="465"/>
        <CursorPos X="6" Y="493"/>
        <UsageCount Value="30"/>
        <Loaded Value="True"/>
        <DefaultSyntaxHighlighter Value="Delphi"/>
      </Unit5>
      <Unit6>
        <Filename Value="bee_files.pas"/>
        <UnitName Value="Bee_Files"/>
        <EditorIndex Value="5"/>
        <WindowIndex Value="0"/>
        <TopLine Value="8"/>
        <CursorPos X="6" Y="33"/>
        <UsageCount Value="29"/>
        <Loaded Value="True"/>
        <DefaultSyntaxHighlighter Value="Delphi"/>
      </Unit6>
      <Unit7>
        <Filename Value="bee_types.pas"/>
        <UnitName Value="Bee_Types"/>
        <EditorIndex Value="1"/>
        <WindowIndex Value="0"/>
        <TopLine Value="41"/>
        <CursorPos X="39" Y="66"/>
        <UsageCount Value="28"/>
        <Loaded Value="True"/>
        <DefaultSyntaxHighlighter Value="Delphi"/>
      </Unit7>
      <Unit8>
        <Filename Value="bee_headers.pas"/>
        <UnitName Value="Bee_Headers"/>
        <EditorIndex Value="8"/>
        <WindowIndex Value="0"/>
        <TopLine Value="17"/>
        <CursorPos X="12" Y="42"/>
        <UsageCount Value="27"/>
        <Loaded Value="True"/>
        <DefaultSyntaxHighlighter Value="Delphi"/>
      </Unit8>
      <Unit9>
        <Filename Value="bee_commandline.pas"/>
        <UnitName Value="Bee_CommandLine"/>
        <EditorIndex Value="4"/>
        <WindowIndex Value="0"/>
        <TopLine Value="28"/>
        <CursorPos X="26" Y="136"/>
        <UsageCount Value="26"/>
        <Loaded Value="True"/>
        <DefaultSyntaxHighlighter Value="Delphi"/>
      </Unit9>
      <Unit10>
        <Filename Value="bee_interface.pas"/>
        <UnitName Value="Bee_Interface"/>
        <EditorIndex Value="13"/>
        <WindowIndex Value="0"/>
        <TopLine Value="39"/>
        <CursorPos X="30" Y="97"/>
        <UsageCount Value="12"/>
        <Loaded Value="True"/>
        <DefaultSyntaxHighlighter Value="Delphi"/>
      </Unit10>
      <Unit11>
        <Filename Value="bee_mainpacker.pas"/>
        <UnitName Value="Bee_MainPacker"/>
        <EditorIndex Value="20"/>
        <WindowIndex Value="0"/>
        <TopLine Value="16"/>
        <CursorPos X="12" Y="41"/>
        <UsageCount Value="11"/>
        <Loaded Value="True"/>
        <DefaultSyntaxHighlighter Value="Delphi"/>
      </Unit11>
      <Unit12>
        <Filename Value="bee_bufstream.pas"/>
        <UnitName Value="Bee_BufStream"/>
        <EditorIndex Value="6"/>
        <WindowIndex Value="0"/>
        <TopLine Value="22"/>
        <CursorPos X="41" Y="44"/>
        <UsageCount Value="10"/>
        <Loaded Value="True"/>
        <DefaultSyntaxHighlighter Value="Delphi"/>
      </Unit12>
      <Unit13>
        <Filename Value="C:\Programmi\FPC\2.4.0\source\fpcsrc\rtl\objpas\classes\classesh.inc"/>
        <EditorIndex Value="9"/>
        <WindowIndex Value="0"/>
        <TopLine Value="735"/>
        <CursorPos X="3" Y="709"/>
        <UsageCount Value="10"/>
        <Loaded Value="True"/>
      </Unit13>
      <Unit14>
        <Filename Value="bee_assembler.pas"/>
        <UnitName Value="Bee_Assembler"/>
        <EditorIndex Value="11"/>
        <WindowIndex Value="0"/>
        <TopLine Value="1"/>
        <CursorPos X="1" Y="1"/>
        <SyntaxHighlighter Value="Delphi"/>
        <UsageCount Value="10"/>
        <Loaded Value="True"/>
        <DefaultSyntaxHighlighter Value="Text"/>
      </Unit14>
      <Unit15>
        <Filename Value="bee_blowfish.pas"/>
        <UnitName Value="Bee_BlowFish"/>
        <EditorIndex Value="12"/>
        <WindowIndex Value="0"/>
        <TopLine Value="1"/>
        <CursorPos X="1" Y="1"/>
        <SyntaxHighlighter Value="Delphi"/>
        <UsageCount Value="10"/>
        <Loaded Value="True"/>
        <DefaultSyntaxHighlighter Value="Text"/>
      </Unit15>
      <Unit16>
        <Filename Value="bee_codec.pas"/>
        <UnitName Value="Bee_Codec"/>
        <EditorIndex Value="7"/>
        <WindowIndex Value="0"/>
        <TopLine Value="1"/>
        <CursorPos X="1" Y="1"/>
        <SyntaxHighlighter Value="Delphi"/>
        <UsageCount Value="10"/>
        <Loaded Value="True"/>
        <DefaultSyntaxHighlighter Value="Text"/>
      </Unit16>
      <Unit17>
        <Filename Value="bee_configuration.pas"/>
        <UnitName Value="Bee_Configuration"/>
        <EditorIndex Value="16"/>
        <WindowIndex Value="0"/>
        <TopLine Value="1"/>
        <CursorPos X="1" Y="1"/>
        <SyntaxHighlighter Value="Delphi"/>
        <UsageCount Value="10"/>
        <Loaded Value="True"/>
        <DefaultSyntaxHighlighter Value="Text"/>
      </Unit17>
      <Unit18>
        <Filename Value="bee_crc.pas"/>
        <UnitName Value="Bee_Crc"/>
        <EditorIndex Value="18"/>
        <WindowIndex Value="0"/>
        <TopLine Value="1"/>
        <CursorPos X="1" Y="1"/>
        <SyntaxHighlighter Value="Delphi"/>
        <UsageCount Value="10"/>
        <Loaded Value="True"/>
        <DefaultSyntaxHighlighter Value="Text"/>
      </Unit18>
      <Unit19>
        <Filename Value="bee_files1.pas"/>
        <UnitName Value="Bee_Files1"/>
        <IsVisibleTab Value="True"/>
        <EditorIndex Value="19"/>
        <WindowIndex Value="0"/>
        <TopLine Value="8"/>
        <CursorPos X="15" Y="33"/>
        <SyntaxHighlighter Value="Delphi"/>
        <UsageCount Value="10"/>
        <Loaded Value="True"/>
        <DefaultSyntaxHighlighter Value="Text"/>
      </Unit19>
      <Unit20>
        <Filename Value="bee_library.pas"/>
        <UnitName Value="Bee_Library"/>
        <EditorIndex Value="14"/>
        <WindowIndex Value="0"/>
        <TopLine Value="1"/>
        <CursorPos X="1" Y="1"/>
        <SyntaxHighlighter Value="Delphi"/>
        <UsageCount Value="10"/>
        <Loaded Value="True"/>
        <DefaultSyntaxHighlighter Value="Text"/>
      </Unit20>
      <Unit21>
        <Filename Value="bee_modeller.pas"/>
        <UnitName Value="Bee_Modeller"/>
        <EditorIndex Value="21"/>
        <WindowIndex Value="0"/>
        <TopLine Value="1"/>
        <CursorPos X="1" Y="1"/>
        <SyntaxHighlighter Value="Delphi"/>
        <UsageCount Value="10"/>
        <Loaded Value="True"/>
        <DefaultSyntaxHighlighter Value="Text"/>
      </Unit21>
      <Unit22>
        <Filename Value="bee_rangecoder0.pas"/>
        <UnitName Value="Bee_RangeCoder0"/>
        <EditorIndex Value="22"/>
        <WindowIndex Value="0"/>
        <TopLine Value="1"/>
        <CursorPos X="1" Y="1"/>
        <SyntaxHighlighter Value="Delphi"/>
        <UsageCount Value="10"/>
        <Loaded Value="True"/>
        <DefaultSyntaxHighlighter Value="Text"/>
      </Unit22>
      <Unit23>
        <Filename Value="bee_rangecoder1.pas"/>
        <UnitName Value="Bee_RangeCoder1"/>
        <EditorIndex Value="23"/>
        <WindowIndex Value="0"/>
        <TopLine Value="1"/>
        <CursorPos X="1" Y="1"/>
        <SyntaxHighlighter Value="Delphi"/>
        <UsageCount Value="10"/>
        <Loaded Value="True"/>
        <DefaultSyntaxHighlighter Value="Text"/>
      </Unit23>
      <Unit24>
        <Filename Value="bee_rangecoder.pas"/>
        <UnitName Value="Bee_RangeCoder"/>
        <EditorIndex Value="24"/>
        <WindowIndex Value="0"/>
        <TopLine Value="1"/>
        <CursorPos X="1" Y="1"/>
        <SyntaxHighlighter Value="Delphi"/>
        <UsageCount Value="10"/>
        <Loaded Value="True"/>
        <DefaultSyntaxHighlighter Value="Text"/>
      </Unit24>
      <Unit25>
        <Filename Value="bee_rangecoderb.pas"/>
        <UnitName Value="Bee_RangeCoderB"/>
        <EditorIndex Value="25"/>
        <WindowIndex Value="0"/>
        <TopLine Value="1"/>
        <CursorPos X="1" Y="1"/>
        <SyntaxHighlighter Value="Delphi"/>
        <UsageCount Value="10"/>
        <Loaded Value="True"/>
        <DefaultSyntaxHighlighter Value="Text"/>
      </Unit25>
      <Unit26>
        <Filename Value="beelib_link.pas"/>
        <UnitName Value="BeeLib_Link"/>
        <EditorIndex Value="2"/>
        <WindowIndex Value="0"/>
        <TopLine Value="1"/>
        <CursorPos X="1" Y="1"/>
        <SyntaxHighlighter Value="Delphi"/>
        <UsageCount Value="10"/>
        <Loaded Value="True"/>
        <DefaultSyntaxHighlighter Value="Text"/>
      </Unit26>
      <Unit27>
        <Filename Value="beelib_plugins.pas"/>
        <UnitName Value="BeeLib_Plugins"/>
        <EditorIndex Value="3"/>
        <WindowIndex Value="0"/>
        <TopLine Value="1"/>
        <CursorPos X="1" Y="1"/>
        <SyntaxHighlighter Value="Delphi"/>
        <UsageCount Value="10"/>
        <Loaded Value="True"/>
        <DefaultSyntaxHighlighter Value="Text"/>
      </Unit27>
    </Units>
    <JumpHistory Count="30" HistoryIndex="29">
      <Position1>
        <Filename Value="bee_bufstream.pas"/>
        <Caret Line="59" Column="77" TopLine="42"/>
      </Position1>
      <Position2>
        <Filename Value="bee_bufstream.pas"/>
        <Caret Line="93" Column="1" TopLine="77"/>
      </Position2>
      <Position3>
        <Filename Value="bee_bufstream.pas"/>
        <Caret Line="96" Column="10" TopLine="80"/>
      </Position3>
      <Position4>
        <Filename Value="bee_bufstream.pas"/>
        <Caret Line="45" Column="12" TopLine="31"/>
      </Position4>
      <Position5>
        <Filename Value="bee_bufstream.pas"/>
        <Caret Line="96" Column="22" TopLine="80"/>
      </Position5>
      <Position6>
        <Filename Value="bee_bufstream.pas"/>
        <Caret Line="44" Column="10" TopLine="38"/>
      </Position6>
      <Position7>
        <Filename Value="bee_bufstream.pas"/>
        <Caret Line="58" Column="5" TopLine="32"/>
      </Position7>
      <Position8>
        <Filename Value="bee_bufstream.pas"/>
        <Caret Line="77" Column="69" TopLine="58"/>
      </Position8>
      <Position9>
        <Filename Value="bee_bufstream.pas"/>
        <Caret Line="169" Column="23" TopLine="151"/>
      </Position9>
      <Position10>
        <Filename Value="bee_bufstream.pas"/>
        <Caret Line="77" Column="78" TopLine="52"/>
      </Position10>
      <Position11>
        <Filename Value="bee_files.pas"/>
        <Caret Line="55" Column="34" TopLine="29"/>
      </Position11>
      <Position12>
        <Filename Value="bee_files.pas"/>
        <Caret Line="79" Column="68" TopLine="58"/>
      </Position12>
      <Position13>
        <Filename Value="bee_bufstream.pas"/>
        <Caret Line="43" Column="26" TopLine="29"/>
      </Position13>
      <Position14>
        <Filename Value="bee_headers.pas"/>
        <Caret Line="1034" Column="38" TopLine="1006"/>
      </Position14>
      <Position15>
        <Filename Value="bee_files.pas"/>
        <Caret Line="70" Column="37" TopLine="41"/>
      </Position15>
      <Position16>
        <Filename Value="bee_headers.pas"/>
        <Caret Line="1027" Column="24" TopLine="27"/>
      </Position16>
      <Position17>
        <Filename Value="bee_common.pas"/>
        <Caret Line="788" Column="20" TopLine="767"/>
      </Position17>
      <Position18>
        <Filename Value="bee_files.pas"/>
        <Caret Line="69" Column="29" TopLine="1"/>
      </Position18>
      <Position19>
        <Filename Value="bee_headers.pas"/>
        <Caret Line="1027" Column="24" TopLine="997"/>
      </Position19>
      <Position20>
        <Filename Value="bee_files.pas"/>
        <Caret Line="33" Column="6" TopLine="8"/>
      </Position20>
      <Position21>
        <Filename Value="bee_headers.pas"/>
        <Caret Line="42" Column="13" TopLine="17"/>
      </Position21>
      <Position22>
        <Filename Value="bee_app.pas"/>
        <Caret Line="749" Column="1" TopLine="28"/>
      </Position22>
      <Position23>
        <Filename Value="bee_mainpacker.pas"/>
        <Caret Line="186" Column="40" TopLine="165"/>
      </Position23>
      <Position24>
        <Filename Value="bee_files1.pas"/>
        <Caret Line="1" Column="1" TopLine="1"/>
      </Position24>
      <Position25>
        <Filename Value="bee_mainpacker.pas"/>
        <Caret Line="41" Column="13" TopLine="16"/>
      </Position25>
      <Position26>
        <Filename Value="bee_files.pas"/>
        <Caret Line="33" Column="6" TopLine="8"/>
      </Position26>
      <Position27>
        <Filename Value="bee_headers.pas"/>
        <Caret Line="42" Column="3" TopLine="17"/>
      </Position27>
      <Position28>
        <Filename Value="bee_app.pas"/>
        <Caret Line="43" Column="13" TopLine="18"/>
      </Position28>
      <Position29>
        <Filename Value="bee_mainpacker.pas"/>
        <Caret Line="182" Column="14" TopLine="157"/>
      </Position29>
      <Position30>
        <Filename Value="bee_files1.pas"/>
        <Caret Line="33" Column="6" TopLine="8"/>
      </Position30>
    </JumpHistory>
  </ProjectOptions>
  <CompilerOptions>
    <Version Value="8"/>
    <SearchPaths>
      <IncludeFiles Value="bee.include/"/>
      <UnitOutputDirectory Value="../distribution"/>
    </SearchPaths>
    <Parsing>
      <SyntaxOptions>
        <SyntaxMode Value="Delphi"/>
        <CStyleOperator Value="False"/>
        <AllowLabel Value="False"/>
        <CPPInline Value="False"/>
      </SyntaxOptions>
    </Parsing>
    <CodeGeneration>
      <SmartLinkUnit Value="True"/>
      <Optimizations>
        <VariablesInRegisters Value="True"/>
        <UncertainOptimizations Value="True"/>
        <OptimizationLevel Value="3"/>
      </Optimizations>
    </CodeGeneration>
    <Linking>
      <Debugging>
        <UseLineInfoUnit Value="False"/>
      </Debugging>
      <LinkSmart Value="True"/>
    </Linking>
    <Other>
      <Verbosity>
        <ShowGenInfo Value="False"/>
      </Verbosity>
      <WriteFPCLogo Value="False"/>
      <CompilerPath Value="$(CompPath)"/>
      <ExecuteAfter>
        <CompileReasons Compile="False" Build="False" Run="False"/>
      </ExecuteAfter>
    </Other>
  </CompilerOptions>
  <Debugging>
    <Exceptions Count="2">
      <Item1>
        <Name Value="ECodetoolError"/>
      </Item1>
      <Item2>
        <Name Value="EFOpenError"/>
      </Item2>
    </Exceptions>
  </Debugging>
</CONFIG>
