<?xml version="1.0"?>
<CONFIG>
  <ProjectOptions>
    <PathDelim Value="\"/>
    <Version Value="6"/>
    <General>
      <Flags>
        <SaveClosedFiles Value="False"/>
      </Flags>
      <MainUnit Value="0"/>
      <IconPath Value=".\"/>
      <TargetFileExt Value=".exe"/>
      <ActiveEditorIndexAtStart Value="1"/>
    </General>
    <PublishOptions>
      <Version Value="2"/>
      <DestinationDirectory Value="$(TestDir)\publishedproject\"/>
      <IgnoreBinaries Value="False"/>
      <IncludeFileFilter Value="*.(pas|pp|inc|lfm|lpr|lrs|lpi|lpk|sh|xml)"/>
      <ExcludeFileFilter Value="*.(bak|ppu|ppw|o|so);*~;backup"/>
    </PublishOptions>
    <RunParams>
      <local>
        <FormatVersion Value="1"/>
        <LaunchingApplication PathPlusParams="\usr\X11R6\bin\xterm -T 'Lazarus Run Output' -e $(LazarusDir)\tools\runwait.sh $(TargetCmdLine)"/>
      </local>
    </RunParams>
    <Units Count="4">
      <Unit0>
        <Filename Value="bee.dpr"/>
        <IsPartOfProject Value="True"/>
        <UnitName Value="Bee"/>
        <CursorPos X="33" Y="37"/>
        <TopLine Value="2"/>
        <EditorIndex Value="0"/>
        <UsageCount Value="79"/>
        <Loaded Value="True"/>
      </Unit0>
      <Unit1>
        <Filename Value="bee_app.pas"/>
        <UnitName Value="Bee_App"/>
        <CursorPos X="22" Y="692"/>
        <TopLine Value="673"/>
        <EditorIndex Value="1"/>
        <UsageCount Value="18"/>
        <Loaded Value="True"/>
      </Unit1>
      <Unit2>
        <Filename Value="bee_headers.pas"/>
        <UnitName Value="Bee_Headers"/>
        <CursorPos X="33" Y="30"/>
        <TopLine Value="12"/>
        <EditorIndex Value="2"/>
        <UsageCount Value="10"/>
        <Loaded Value="True"/>
      </Unit2>
      <Unit3>
        <Filename Value="bee_common.pas"/>
        <UnitName Value="Bee_Common"/>
        <CursorPos X="1" Y="1"/>
        <TopLine Value="66"/>
        <EditorIndex Value="3"/>
        <UsageCount Value="10"/>
        <Loaded Value="True"/>
      </Unit3>
    </Units>
    <JumpHistory Count="5" HistoryIndex="4">
      <Position1>
        <Filename Value="bee_headers.pas"/>
        <Caret Line="132" Column="88" TopLine="123"/>
      </Position1>
      <Position2>
        <Filename Value="bee_headers.pas"/>
        <Caret Line="511" Column="48" TopLine="493"/>
      </Position2>
      <Position3>
        <Filename Value="bee_headers.pas"/>
        <Caret Line="518" Column="38" TopLine="498"/>
      </Position3>
      <Position4>
        <Filename Value="bee_headers.pas"/>
        <Caret Line="515" Column="14" TopLine="498"/>
      </Position4>
      <Position5>
        <Filename Value="bee_app.pas"/>
        <Caret Line="32" Column="33" TopLine="1"/>
      </Position5>
    </JumpHistory>
  </ProjectOptions>
  <CompilerOptions>
    <Version Value="5"/>
    <PathDelim Value="\"/>
    <SearchPaths>
      <IncludeFiles Value="bee.include\"/>
      <UnitOutputDirectory Value="..\temp"/>
    </SearchPaths>
    <Parsing>
      <SyntaxOptions>
        <CStyleOperator Value="False"/>
        <AllowLabel Value="False"/>
        <CPPInline Value="False"/>
        <DelphiCompat Value="True"/>
        <UseAnsiStrings Value="True"/>
      </SyntaxOptions>
    </Parsing>
    <CodeGeneration>
      <SmartLinkUnit Value="True"/>
      <Generate Value="Faster"/>
      <Optimizations>
        <VariablesInRegisters Value="True"/>
        <UncertainOptimizations Value="True"/>
        <OptimizationLevel Value="3"/>
      </Optimizations>
    </CodeGeneration>
    <Linking>
      <Debugging>
        <UseLineInfoUnit Value="False"/>
      </Debugging>
      <LinkSmart Value="True"/>
    </Linking>
    <Other>
      <WriteFPCLogo Value="False"/>
      <CustomOptions Value="
"/>
      <CompilerPath Value="$(CompPath)"/>
      <ExecuteAfter>
        <CompileReasons Compile="False" Build="False" Run="False"/>
      </ExecuteAfter>
    </Other>
  </CompilerOptions>
  <Debugging>
    <Exceptions Count="2">
      <Item1>
        <Name Value="ECodetoolError"/>
      </Item1>
      <Item2>
        <Name Value="EFOpenError"/>
      </Item2>
    </Exceptions>
  </Debugging>
</CONFIG>
